// !$*UTF8*$!
{
	archiveVersion = 1;
	classes = {
	};
	objectVersion = 50;
	objects = {

/* Begin PBXBuildFile section */
		AEBAF56F219ACD1A00566205 /* Assets.xcassets in Resources */ = {isa = PBXBuildFile; fileRef = AEBAF56E219ACD1A00566205 /* Assets.xcassets */; };
		AEBAF572219ACD1A00566205 /* LaunchScreen.storyboard in Resources */ = {isa = PBXBuildFile; fileRef = AEBAF570219ACD1A00566205 /* LaunchScreen.storyboard */; };
		AEBAF57D219ACD1A00566205 /* taz_neoTests.swift in Sources */ = {isa = PBXBuildFile; fileRef = AEBAF57C219ACD1A00566205 /* taz_neoTests.swift */; };
		AEBAF589219ACEF600566205 /* Issue.bundle in Resources */ = {isa = PBXBuildFile; fileRef = AEBAF588219ACEF600566205 /* Issue.bundle */; };
		AEBAF58A219ACEF600566205 /* Issue.bundle in Resources */ = {isa = PBXBuildFile; fileRef = AEBAF588219ACEF600566205 /* Issue.bundle */; };
		AEBAF592219ACFAC00566205 /* ArticleData.swift in Sources */ = {isa = PBXBuildFile; fileRef = AEBAF58C219ACFAC00566205 /* ArticleData.swift */; };
		AEBAF593219ACFAC00566205 /* ArticleData.swift in Sources */ = {isa = PBXBuildFile; fileRef = AEBAF58C219ACFAC00566205 /* ArticleData.swift */; };
		AEBAF594219ACFAC00566205 /* TestController.swift in Sources */ = {isa = PBXBuildFile; fileRef = AEBAF58D219ACFAC00566205 /* TestController.swift */; };
		AEBAF595219ACFAC00566205 /* TestController.swift in Sources */ = {isa = PBXBuildFile; fileRef = AEBAF58D219ACFAC00566205 /* TestController.swift */; };
		AEBAF596219ACFAC00566205 /* AppDelegate.swift in Sources */ = {isa = PBXBuildFile; fileRef = AEBAF58E219ACFAC00566205 /* AppDelegate.swift */; };
		AEBAF597219ACFAC00566205 /* AppDelegate.swift in Sources */ = {isa = PBXBuildFile; fileRef = AEBAF58E219ACFAC00566205 /* AppDelegate.swift */; };
		AEBAF598219ACFAC00566205 /* DummyContentController.swift in Sources */ = {isa = PBXBuildFile; fileRef = AEBAF58F219ACFAC00566205 /* DummyContentController.swift */; };
		AEBAF599219ACFAC00566205 /* DummyContentController.swift in Sources */ = {isa = PBXBuildFile; fileRef = AEBAF58F219ACFAC00566205 /* DummyContentController.swift */; };
		AEBAF59A219ACFAC00566205 /* DummyContentController.xib in Resources */ = {isa = PBXBuildFile; fileRef = AEBAF590219ACFAC00566205 /* DummyContentController.xib */; };
		AEBAF59B219ACFAC00566205 /* DummyContentController.xib in Resources */ = {isa = PBXBuildFile; fileRef = AEBAF590219ACFAC00566205 /* DummyContentController.xib */; };
		AEBAF59C219ACFAC00566205 /* NavController.swift in Sources */ = {isa = PBXBuildFile; fileRef = AEBAF591219ACFAC00566205 /* NavController.swift */; };
		AEBAF59D219ACFAC00566205 /* NavController.swift in Sources */ = {isa = PBXBuildFile; fileRef = AEBAF591219ACFAC00566205 /* NavController.swift */; };
		AEBAF5B0219ACFD900566205 /* AktivGrotesk_W_Rg.ttf in Resources */ = {isa = PBXBuildFile; fileRef = AEBAF59F219ACFD800566205 /* AktivGrotesk_W_Rg.ttf */; };
		AEBAF5B1219ACFD900566205 /* AktivGrotesk_W_Rg.ttf in Resources */ = {isa = PBXBuildFile; fileRef = AEBAF59F219ACFD800566205 /* AktivGrotesk_W_Rg.ttf */; };
		AEBAF5B2219ACFD900566205 /* AktivGrotesk_W_Bd.ttf in Resources */ = {isa = PBXBuildFile; fileRef = AEBAF5A0219ACFD800566205 /* AktivGrotesk_W_Bd.ttf */; };
		AEBAF5B3219ACFD900566205 /* AktivGrotesk_W_Bd.ttf in Resources */ = {isa = PBXBuildFile; fileRef = AEBAF5A0219ACFD800566205 /* AktivGrotesk_W_Bd.ttf */; };
		AEBAF5B4219ACFD900566205 /* Toolbar.swift in Sources */ = {isa = PBXBuildFile; fileRef = AEBAF5A2219ACFD900566205 /* Toolbar.swift */; };
		AEBAF5B5219ACFD900566205 /* Toolbar.swift in Sources */ = {isa = PBXBuildFile; fileRef = AEBAF5A2219ACFD900566205 /* Toolbar.swift */; };
		AEBAF5B6219ACFD900566205 /* Log.swift in Sources */ = {isa = PBXBuildFile; fileRef = AEBAF5A3219ACFD900566205 /* Log.swift */; };
		AEBAF5B7219ACFD900566205 /* Log.swift in Sources */ = {isa = PBXBuildFile; fileRef = AEBAF5A3219ACFD900566205 /* Log.swift */; };
		AEBAF5B8219ACFD900566205 /* Time.swift in Sources */ = {isa = PBXBuildFile; fileRef = AEBAF5A4219ACFD900566205 /* Time.swift */; };
		AEBAF5B9219ACFD900566205 /* Time.swift in Sources */ = {isa = PBXBuildFile; fileRef = AEBAF5A4219ACFD900566205 /* Time.swift */; };
		AEBAF5BA219ACFD900566205 /* ColorExtensions.swift in Sources */ = {isa = PBXBuildFile; fileRef = AEBAF5A5219ACFD900566205 /* ColorExtensions.swift */; };
		AEBAF5BB219ACFD900566205 /* ColorExtensions.swift in Sources */ = {isa = PBXBuildFile; fileRef = AEBAF5A5219ACFD900566205 /* ColorExtensions.swift */; };
		AEBAF5BC219ACFD900566205 /* json.swift in Sources */ = {isa = PBXBuildFile; fileRef = AEBAF5A6219ACFD900566205 /* json.swift */; };
		AEBAF5BD219ACFD900566205 /* json.swift in Sources */ = {isa = PBXBuildFile; fileRef = AEBAF5A6219ACFD900566205 /* json.swift */; };
		AEBAF5BE219ACFD900566205 /* CoreGraphicsExtensions.swift in Sources */ = {isa = PBXBuildFile; fileRef = AEBAF5A7219ACFD900566205 /* CoreGraphicsExtensions.swift */; };
		AEBAF5BF219ACFD900566205 /* CoreGraphicsExtensions.swift in Sources */ = {isa = PBXBuildFile; fileRef = AEBAF5A7219ACFD900566205 /* CoreGraphicsExtensions.swift */; };
		AEBAF5C0219ACFD900566205 /* OldWebViewCollectionVC.swift in Sources */ = {isa = PBXBuildFile; fileRef = AEBAF5A9219ACFD900566205 /* OldWebViewCollectionVC.swift */; };
		AEBAF5C1219ACFD900566205 /* OldWebViewCollectionVC.swift in Sources */ = {isa = PBXBuildFile; fileRef = AEBAF5A9219ACFD900566205 /* OldWebViewCollectionVC.swift */; };
		AEBAF5C2219ACFD900566205 /* NativeBridge.js in Resources */ = {isa = PBXBuildFile; fileRef = AEBAF5AA219ACFD900566205 /* NativeBridge.js */; };
		AEBAF5C3219ACFD900566205 /* NativeBridge.js in Resources */ = {isa = PBXBuildFile; fileRef = AEBAF5AA219ACFD900566205 /* NativeBridge.js */; };
		AEBAF5C4219ACFD900566205 /* TazWebViewCollectionVC.swift in Sources */ = {isa = PBXBuildFile; fileRef = AEBAF5AB219ACFD900566205 /* TazWebViewCollectionVC.swift */; };
		AEBAF5C5219ACFD900566205 /* TazWebViewCollectionVC.swift in Sources */ = {isa = PBXBuildFile; fileRef = AEBAF5AB219ACFD900566205 /* TazWebViewCollectionVC.swift */; };
		AEBAF5C6219ACFD900566205 /* WebView.swift in Sources */ = {isa = PBXBuildFile; fileRef = AEBAF5AC219ACFD900566205 /* WebView.swift */; };
		AEBAF5C7219ACFD900566205 /* WebView.swift in Sources */ = {isa = PBXBuildFile; fileRef = AEBAF5AC219ACFD900566205 /* WebView.swift */; };
		AEBAF5C8219ACFD900566205 /* WebViewCollectionVC.swift in Sources */ = {isa = PBXBuildFile; fileRef = AEBAF5AD219ACFD900566205 /* WebViewCollectionVC.swift */; };
		AEBAF5C9219ACFD900566205 /* WebViewCollectionVC.swift in Sources */ = {isa = PBXBuildFile; fileRef = AEBAF5AD219ACFD900566205 /* WebViewCollectionVC.swift */; };
		AEBAF5CA219ACFD900566205 /* PageCollectionVC.swift in Sources */ = {isa = PBXBuildFile; fileRef = AEBAF5AF219ACFD900566205 /* PageCollectionVC.swift */; };
		AEBAF5CB219ACFD900566205 /* PageCollectionVC.swift in Sources */ = {isa = PBXBuildFile; fileRef = AEBAF5AF219ACFD900566205 /* PageCollectionVC.swift */; };
/* End PBXBuildFile section */

/* Begin PBXContainerItemProxy section */
		AEBAF579219ACD1A00566205 /* PBXContainerItemProxy */ = {
			isa = PBXContainerItemProxy;
			containerPortal = AEBAF55C219ACD1900566205 /* Project object */;
			proxyType = 1;
			remoteGlobalIDString = AEBAF563219ACD1900566205;
			remoteInfo = taz.neo;
		};
/* End PBXContainerItemProxy section */

/* Begin PBXFileReference section */
		AEBAF564219ACD1900566205 /* taz.neo.app */ = {isa = PBXFileReference; explicitFileType = wrapper.application; includeInIndex = 0; path = taz.neo.app; sourceTree = BUILT_PRODUCTS_DIR; };
		AEBAF56E219ACD1A00566205 /* Assets.xcassets */ = {isa = PBXFileReference; lastKnownFileType = folder.assetcatalog; path = Assets.xcassets; sourceTree = "<group>"; };
		AEBAF571219ACD1A00566205 /* Base */ = {isa = PBXFileReference; lastKnownFileType = file.storyboard; name = Base; path = Base.lproj/LaunchScreen.storyboard; sourceTree = "<group>"; };
		AEBAF573219ACD1A00566205 /* Info.plist */ = {isa = PBXFileReference; lastKnownFileType = text.plist.xml; path = Info.plist; sourceTree = "<group>"; };
		AEBAF578219ACD1A00566205 /* taz.neoTests.xctest */ = {isa = PBXFileReference; explicitFileType = wrapper.cfbundle; includeInIndex = 0; path = taz.neoTests.xctest; sourceTree = BUILT_PRODUCTS_DIR; };
		AEBAF57C219ACD1A00566205 /* taz_neoTests.swift */ = {isa = PBXFileReference; lastKnownFileType = sourcecode.swift; path = taz_neoTests.swift; sourceTree = "<group>"; };
		AEBAF57E219ACD1A00566205 /* Info.plist */ = {isa = PBXFileReference; lastKnownFileType = text.plist.xml; path = Info.plist; sourceTree = "<group>"; };
		AEBAF588219ACEF600566205 /* Issue.bundle */ = {isa = PBXFileReference; lastKnownFileType = "wrapper.plug-in"; path = Issue.bundle; sourceTree = "<group>"; };
		AEBAF58B219ACFAC00566205 /* taz.neo-Bridging-Header.h */ = {isa = PBXFileReference; lastKnownFileType = sourcecode.c.h; path = "taz.neo-Bridging-Header.h"; sourceTree = "<group>"; };
		AEBAF58C219ACFAC00566205 /* ArticleData.swift */ = {isa = PBXFileReference; fileEncoding = 4; lastKnownFileType = sourcecode.swift; path = ArticleData.swift; sourceTree = "<group>"; };
		AEBAF58D219ACFAC00566205 /* TestController.swift */ = {isa = PBXFileReference; fileEncoding = 4; lastKnownFileType = sourcecode.swift; path = TestController.swift; sourceTree = "<group>"; };
		AEBAF58E219ACFAC00566205 /* AppDelegate.swift */ = {isa = PBXFileReference; fileEncoding = 4; lastKnownFileType = sourcecode.swift; path = AppDelegate.swift; sourceTree = "<group>"; };
		AEBAF58F219ACFAC00566205 /* DummyContentController.swift */ = {isa = PBXFileReference; fileEncoding = 4; lastKnownFileType = sourcecode.swift; path = DummyContentController.swift; sourceTree = "<group>"; };
		AEBAF590219ACFAC00566205 /* DummyContentController.xib */ = {isa = PBXFileReference; fileEncoding = 4; lastKnownFileType = file.xib; path = DummyContentController.xib; sourceTree = "<group>"; };
		AEBAF591219ACFAC00566205 /* NavController.swift */ = {isa = PBXFileReference; fileEncoding = 4; lastKnownFileType = sourcecode.swift; path = NavController.swift; sourceTree = "<group>"; };
		AEBAF59F219ACFD800566205 /* AktivGrotesk_W_Rg.ttf */ = {isa = PBXFileReference; lastKnownFileType = file; path = AktivGrotesk_W_Rg.ttf; sourceTree = "<group>"; };
		AEBAF5A0219ACFD800566205 /* AktivGrotesk_W_Bd.ttf */ = {isa = PBXFileReference; lastKnownFileType = file; path = AktivGrotesk_W_Bd.ttf; sourceTree = "<group>"; };
		AEBAF5A2219ACFD900566205 /* Toolbar.swift */ = {isa = PBXFileReference; fileEncoding = 4; lastKnownFileType = sourcecode.swift; path = Toolbar.swift; sourceTree = "<group>"; };
		AEBAF5A3219ACFD900566205 /* Log.swift */ = {isa = PBXFileReference; fileEncoding = 4; lastKnownFileType = sourcecode.swift; path = Log.swift; sourceTree = "<group>"; };
		AEBAF5A4219ACFD900566205 /* Time.swift */ = {isa = PBXFileReference; fileEncoding = 4; lastKnownFileType = sourcecode.swift; path = Time.swift; sourceTree = "<group>"; };
		AEBAF5A5219ACFD900566205 /* ColorExtensions.swift */ = {isa = PBXFileReference; fileEncoding = 4; lastKnownFileType = sourcecode.swift; path = ColorExtensions.swift; sourceTree = "<group>"; };
		AEBAF5A6219ACFD900566205 /* json.swift */ = {isa = PBXFileReference; fileEncoding = 4; lastKnownFileType = sourcecode.swift; path = json.swift; sourceTree = "<group>"; };
		AEBAF5A7219ACFD900566205 /* CoreGraphicsExtensions.swift */ = {isa = PBXFileReference; fileEncoding = 4; lastKnownFileType = sourcecode.swift; path = CoreGraphicsExtensions.swift; sourceTree = "<group>"; };
		AEBAF5A9219ACFD900566205 /* OldWebViewCollectionVC.swift */ = {isa = PBXFileReference; fileEncoding = 4; lastKnownFileType = sourcecode.swift; path = OldWebViewCollectionVC.swift; sourceTree = "<group>"; };
		AEBAF5AA219ACFD900566205 /* NativeBridge.js */ = {isa = PBXFileReference; fileEncoding = 4; lastKnownFileType = sourcecode.javascript; path = NativeBridge.js; sourceTree = "<group>"; };
		AEBAF5AB219ACFD900566205 /* TazWebViewCollectionVC.swift */ = {isa = PBXFileReference; fileEncoding = 4; lastKnownFileType = sourcecode.swift; path = TazWebViewCollectionVC.swift; sourceTree = "<group>"; };
		AEBAF5AC219ACFD900566205 /* WebView.swift */ = {isa = PBXFileReference; fileEncoding = 4; lastKnownFileType = sourcecode.swift; path = WebView.swift; sourceTree = "<group>"; };
		AEBAF5AD219ACFD900566205 /* WebViewCollectionVC.swift */ = {isa = PBXFileReference; fileEncoding = 4; lastKnownFileType = sourcecode.swift; path = WebViewCollectionVC.swift; sourceTree = "<group>"; };
		AEBAF5AF219ACFD900566205 /* PageCollectionVC.swift */ = {isa = PBXFileReference; fileEncoding = 4; lastKnownFileType = sourcecode.swift; path = PageCollectionVC.swift; sourceTree = "<group>"; };
/* End PBXFileReference section */

/* Begin PBXFrameworksBuildPhase section */
		AEBAF561219ACD1900566205 /* Frameworks */ = {
			isa = PBXFrameworksBuildPhase;
			buildActionMask = 2147483647;
			files = (
			);
			runOnlyForDeploymentPostprocessing = 0;
		};
		AEBAF575219ACD1A00566205 /* Frameworks */ = {
			isa = PBXFrameworksBuildPhase;
			buildActionMask = 2147483647;
			files = (
			);
			runOnlyForDeploymentPostprocessing = 0;
		};
/* End PBXFrameworksBuildPhase section */

/* Begin PBXGroup section */
		AEBAF55B219ACD1900566205 = {
			isa = PBXGroup;
			children = (
				AEBAF588219ACEF600566205 /* Issue.bundle */,
				AEBAF566219ACD1900566205 /* taz.neo */,
				AEBAF57B219ACD1A00566205 /* taz.neoTests */,
				AEBAF565219ACD1900566205 /* Products */,
			);
			sourceTree = "<group>";
		};
		AEBAF565219ACD1900566205 /* Products */ = {
			isa = PBXGroup;
			children = (
				AEBAF564219ACD1900566205 /* taz.neo.app */,
				AEBAF578219ACD1A00566205 /* taz.neoTests.xctest */,
			);
			name = Products;
			sourceTree = "<group>";
		};
		AEBAF566219ACD1900566205 /* taz.neo */ = {
			isa = PBXGroup;
			children = (
				AEBAF59E219ACFD800566205 /* Fonts */,
				AEBAF5A1219ACFD900566205 /* General */,
				AEBAF5AE219ACFD900566205 /* PageCollection */,
				AEBAF5A8219ACFD900566205 /* WebView */,
				AEBAF58E219ACFAC00566205 /* AppDelegate.swift */,
				AEBAF58C219ACFAC00566205 /* ArticleData.swift */,
				AEBAF58F219ACFAC00566205 /* DummyContentController.swift */,
				AEBAF590219ACFAC00566205 /* DummyContentController.xib */,
				AEBAF591219ACFAC00566205 /* NavController.swift */,
				AEBAF58D219ACFAC00566205 /* TestController.swift */,
				AEBAF587219ACEC700566205 /* Supporting Files */,
				AEBAF58B219ACFAC00566205 /* taz.neo-Bridging-Header.h */,
			);
			path = taz.neo;
			sourceTree = "<group>";
		};
		AEBAF57B219ACD1A00566205 /* taz.neoTests */ = {
			isa = PBXGroup;
			children = (
				AEBAF57C219ACD1A00566205 /* taz_neoTests.swift */,
				AEBAF57E219ACD1A00566205 /* Info.plist */,
			);
			path = taz.neoTests;
			sourceTree = "<group>";
		};
		AEBAF587219ACEC700566205 /* Supporting Files */ = {
			isa = PBXGroup;
			children = (
				AEBAF56E219ACD1A00566205 /* Assets.xcassets */,
				AEBAF570219ACD1A00566205 /* LaunchScreen.storyboard */,
				AEBAF573219ACD1A00566205 /* Info.plist */,
			);
			path = "Supporting Files";
			sourceTree = "<group>";
		};
		AEBAF59E219ACFD800566205 /* Fonts */ = {
			isa = PBXGroup;
			children = (
				AEBAF59F219ACFD800566205 /* AktivGrotesk_W_Rg.ttf */,
				AEBAF5A0219ACFD800566205 /* AktivGrotesk_W_Bd.ttf */,
			);
			path = Fonts;
			sourceTree = "<group>";
		};
		AEBAF5A1219ACFD900566205 /* General */ = {
			isa = PBXGroup;
			children = (
				AEBAF5A2219ACFD900566205 /* Toolbar.swift */,
				AEBAF5A3219ACFD900566205 /* Log.swift */,
				AEBAF5A4219ACFD900566205 /* Time.swift */,
				AEBAF5A5219ACFD900566205 /* ColorExtensions.swift */,
				AEBAF5A6219ACFD900566205 /* json.swift */,
				AEBAF5A7219ACFD900566205 /* CoreGraphicsExtensions.swift */,
			);
			path = General;
			sourceTree = "<group>";
		};
		AEBAF5A8219ACFD900566205 /* WebView */ = {
			isa = PBXGroup;
			children = (
				AEBAF5A9219ACFD900566205 /* OldWebViewCollectionVC.swift */,
				AEBAF5AA219ACFD900566205 /* NativeBridge.js */,
				AEBAF5AB219ACFD900566205 /* TazWebViewCollectionVC.swift */,
				AEBAF5AC219ACFD900566205 /* WebView.swift */,
				AEBAF5AD219ACFD900566205 /* WebViewCollectionVC.swift */,
			);
			path = WebView;
			sourceTree = "<group>";
		};
		AEBAF5AE219ACFD900566205 /* PageCollection */ = {
			isa = PBXGroup;
			children = (
				AEBAF5AF219ACFD900566205 /* PageCollectionVC.swift */,
			);
			path = PageCollection;
			sourceTree = "<group>";
		};
/* End PBXGroup section */

/* Begin PBXNativeTarget section */
		AEBAF563219ACD1900566205 /* taz.neo */ = {
			isa = PBXNativeTarget;
			buildConfigurationList = AEBAF581219ACD1A00566205 /* Build configuration list for PBXNativeTarget "taz.neo" */;
			buildPhases = (
				AEBAF560219ACD1900566205 /* Sources */,
				AEBAF561219ACD1900566205 /* Frameworks */,
				AEBAF562219ACD1900566205 /* Resources */,
			);
			buildRules = (
			);
			dependencies = (
			);
			name = taz.neo;
			productName = taz.neo;
			productReference = AEBAF564219ACD1900566205 /* taz.neo.app */;
			productType = "com.apple.product-type.application";
		};
		AEBAF577219ACD1A00566205 /* taz.neoTests */ = {
			isa = PBXNativeTarget;
			buildConfigurationList = AEBAF584219ACD1A00566205 /* Build configuration list for PBXNativeTarget "taz.neoTests" */;
			buildPhases = (
				AEBAF574219ACD1A00566205 /* Sources */,
				AEBAF575219ACD1A00566205 /* Frameworks */,
				AEBAF576219ACD1A00566205 /* Resources */,
			);
			buildRules = (
			);
			dependencies = (
				AEBAF57A219ACD1A00566205 /* PBXTargetDependency */,
			);
			name = taz.neoTests;
			productName = taz.neoTests;
			productReference = AEBAF578219ACD1A00566205 /* taz.neoTests.xctest */;
			productType = "com.apple.product-type.bundle.unit-test";
		};
/* End PBXNativeTarget section */

/* Begin PBXProject section */
		AEBAF55C219ACD1900566205 /* Project object */ = {
			isa = PBXProject;
			attributes = {
				LastSwiftUpdateCheck = 1010;
				LastUpgradeCheck = 1010;
				ORGANIZATIONNAME = "Norbert Thies";
				TargetAttributes = {
					AEBAF563219ACD1900566205 = {
						CreatedOnToolsVersion = 10.1;
						LastSwiftMigration = 1010;
					};
					AEBAF577219ACD1A00566205 = {
						CreatedOnToolsVersion = 10.1;
						TestTargetID = AEBAF563219ACD1900566205;
					};
				};
			};
			buildConfigurationList = AEBAF55F219ACD1900566205 /* Build configuration list for PBXProject "taz.neo" */;
			compatibilityVersion = "Xcode 9.3";
			developmentRegion = en;
			hasScannedForEncodings = 0;
			knownRegions = (
				en,
				Base,
			);
			mainGroup = AEBAF55B219ACD1900566205;
			productRefGroup = AEBAF565219ACD1900566205 /* Products */;
			projectDirPath = "";
			projectRoot = "";
			targets = (
				AEBAF563219ACD1900566205 /* taz.neo */,
				AEBAF577219ACD1A00566205 /* taz.neoTests */,
			);
		};
/* End PBXProject section */

/* Begin PBXResourcesBuildPhase section */
		AEBAF562219ACD1900566205 /* Resources */ = {
			isa = PBXResourcesBuildPhase;
			buildActionMask = 2147483647;
			files = (
				AEBAF572219ACD1A00566205 /* LaunchScreen.storyboard in Resources */,
				AEBAF589219ACEF600566205 /* Issue.bundle in Resources */,
				AEBAF5C2219ACFD900566205 /* NativeBridge.js in Resources */,
				AEBAF59A219ACFAC00566205 /* DummyContentController.xib in Resources */,
				AEBAF56F219ACD1A00566205 /* Assets.xcassets in Resources */,
				AEBAF5B2219ACFD900566205 /* AktivGrotesk_W_Bd.ttf in Resources */,
				AEBAF5B0219ACFD900566205 /* AktivGrotesk_W_Rg.ttf in Resources */,
			);
			runOnlyForDeploymentPostprocessing = 0;
		};
		AEBAF576219ACD1A00566205 /* Resources */ = {
			isa = PBXResourcesBuildPhase;
			buildActionMask = 2147483647;
			files = (
				AEBAF59B219ACFAC00566205 /* DummyContentController.xib in Resources */,
				AEBAF5C3219ACFD900566205 /* NativeBridge.js in Resources */,
				AEBAF5B1219ACFD900566205 /* AktivGrotesk_W_Rg.ttf in Resources */,
				AEBAF5B3219ACFD900566205 /* AktivGrotesk_W_Bd.ttf in Resources */,
				AEBAF58A219ACEF600566205 /* Issue.bundle in Resources */,
			);
			runOnlyForDeploymentPostprocessing = 0;
		};
/* End PBXResourcesBuildPhase section */

/* Begin PBXSourcesBuildPhase section */
		AEBAF560219ACD1900566205 /* Sources */ = {
			isa = PBXSourcesBuildPhase;
			buildActionMask = 2147483647;
			files = (
				AEBAF59C219ACFAC00566205 /* NavController.swift in Sources */,
				AEBAF5B6219ACFD900566205 /* Log.swift in Sources */,
				AEBAF596219ACFAC00566205 /* AppDelegate.swift in Sources */,
				AEBAF5CA219ACFD900566205 /* PageCollectionVC.swift in Sources */,
				AEBAF592219ACFAC00566205 /* ArticleData.swift in Sources */,
				AEBAF5C0219ACFD900566205 /* OldWebViewCollectionVC.swift in Sources */,
				AEBAF5B8219ACFD900566205 /* Time.swift in Sources */,
				AEBAF5BA219ACFD900566205 /* ColorExtensions.swift in Sources */,
				AEBAF5C4219ACFD900566205 /* TazWebViewCollectionVC.swift in Sources */,
				AEBAF5B4219ACFD900566205 /* Toolbar.swift in Sources */,
				AEBAF5BC219ACFD900566205 /* json.swift in Sources */,
				AEBAF598219ACFAC00566205 /* DummyContentController.swift in Sources */,
				AEBAF5BE219ACFD900566205 /* CoreGraphicsExtensions.swift in Sources */,
				AEBAF594219ACFAC00566205 /* TestController.swift in Sources */,
				AEBAF5C6219ACFD900566205 /* WebView.swift in Sources */,
				AEBAF5C8219ACFD900566205 /* WebViewCollectionVC.swift in Sources */,
			);
			runOnlyForDeploymentPostprocessing = 0;
		};
		AEBAF574219ACD1A00566205 /* Sources */ = {
			isa = PBXSourcesBuildPhase;
			buildActionMask = 2147483647;
			files = (
				AEBAF5BD219ACFD900566205 /* json.swift in Sources */,
				AEBAF5B5219ACFD900566205 /* Toolbar.swift in Sources */,
				AEBAF5C9219ACFD900566205 /* WebViewCollectionVC.swift in Sources */,
				AEBAF5C5219ACFD900566205 /* TazWebViewCollectionVC.swift in Sources */,
				AEBAF5BB219ACFD900566205 /* ColorExtensions.swift in Sources */,
				AEBAF597219ACFAC00566205 /* AppDelegate.swift in Sources */,
				AEBAF599219ACFAC00566205 /* DummyContentController.swift in Sources */,
				AEBAF5C7219ACFD900566205 /* WebView.swift in Sources */,
				AEBAF5BF219ACFD900566205 /* CoreGraphicsExtensions.swift in Sources */,
				AEBAF595219ACFAC00566205 /* TestController.swift in Sources */,
				AEBAF5C1219ACFD900566205 /* OldWebViewCollectionVC.swift in Sources */,
				AEBAF593219ACFAC00566205 /* ArticleData.swift in Sources */,
				AEBAF57D219ACD1A00566205 /* taz_neoTests.swift in Sources */,
				AEBAF5B9219ACFD900566205 /* Time.swift in Sources */,
				AEBAF5B7219ACFD900566205 /* Log.swift in Sources */,
				AEBAF59D219ACFAC00566205 /* NavController.swift in Sources */,
				AEBAF5CB219ACFD900566205 /* PageCollectionVC.swift in Sources */,
			);
			runOnlyForDeploymentPostprocessing = 0;
		};
/* End PBXSourcesBuildPhase section */

/* Begin PBXTargetDependency section */
		AEBAF57A219ACD1A00566205 /* PBXTargetDependency */ = {
			isa = PBXTargetDependency;
			target = AEBAF563219ACD1900566205 /* taz.neo */;
			targetProxy = AEBAF579219ACD1A00566205 /* PBXContainerItemProxy */;
		};
/* End PBXTargetDependency section */

/* Begin PBXVariantGroup section */
		AEBAF570219ACD1A00566205 /* LaunchScreen.storyboard */ = {
			isa = PBXVariantGroup;
			children = (
				AEBAF571219ACD1A00566205 /* Base */,
			);
			name = LaunchScreen.storyboard;
			sourceTree = "<group>";
		};
/* End PBXVariantGroup section */

/* Begin XCBuildConfiguration section */
		AEBAF57F219ACD1A00566205 /* Debug */ = {
			isa = XCBuildConfiguration;
			buildSettings = {
				ALWAYS_SEARCH_USER_PATHS = NO;
				CLANG_ANALYZER_NONNULL = YES;
				CLANG_ANALYZER_NUMBER_OBJECT_CONVERSION = YES_AGGRESSIVE;
				CLANG_CXX_LANGUAGE_STANDARD = "gnu++14";
				CLANG_CXX_LIBRARY = "libc++";
				CLANG_ENABLE_MODULES = YES;
				CLANG_ENABLE_OBJC_ARC = YES;
				CLANG_ENABLE_OBJC_WEAK = YES;
				CLANG_WARN_BLOCK_CAPTURE_AUTORELEASING = YES;
				CLANG_WARN_BOOL_CONVERSION = YES;
				CLANG_WARN_COMMA = YES;
				CLANG_WARN_CONSTANT_CONVERSION = YES;
				CLANG_WARN_DEPRECATED_OBJC_IMPLEMENTATIONS = YES;
				CLANG_WARN_DIRECT_OBJC_ISA_USAGE = YES_ERROR;
				CLANG_WARN_DOCUMENTATION_COMMENTS = YES;
				CLANG_WARN_EMPTY_BODY = YES;
				CLANG_WARN_ENUM_CONVERSION = YES;
				CLANG_WARN_INFINITE_RECURSION = YES;
				CLANG_WARN_INT_CONVERSION = YES;
				CLANG_WARN_NON_LITERAL_NULL_CONVERSION = YES;
				CLANG_WARN_OBJC_IMPLICIT_RETAIN_SELF = YES;
				CLANG_WARN_OBJC_LITERAL_CONVERSION = YES;
				CLANG_WARN_OBJC_ROOT_CLASS = YES_ERROR;
				CLANG_WARN_RANGE_LOOP_ANALYSIS = YES;
				CLANG_WARN_STRICT_PROTOTYPES = YES;
				CLANG_WARN_SUSPICIOUS_MOVE = YES;
				CLANG_WARN_UNGUARDED_AVAILABILITY = YES_AGGRESSIVE;
				CLANG_WARN_UNREACHABLE_CODE = YES;
				CLANG_WARN__DUPLICATE_METHOD_MATCH = YES;
				CODE_SIGN_IDENTITY = "iPhone Developer";
				COPY_PHASE_STRIP = NO;
				DEBUG_INFORMATION_FORMAT = dwarf;
				ENABLE_STRICT_OBJC_MSGSEND = YES;
				ENABLE_TESTABILITY = YES;
				GCC_C_LANGUAGE_STANDARD = gnu11;
				GCC_DYNAMIC_NO_PIC = NO;
				GCC_NO_COMMON_BLOCKS = YES;
				GCC_OPTIMIZATION_LEVEL = 0;
				GCC_PREPROCESSOR_DEFINITIONS = (
					"DEBUG=1",
					"$(inherited)",
				);
				GCC_WARN_64_TO_32_BIT_CONVERSION = YES;
				GCC_WARN_ABOUT_RETURN_TYPE = YES_ERROR;
				GCC_WARN_UNDECLARED_SELECTOR = YES;
				GCC_WARN_UNINITIALIZED_AUTOS = YES_AGGRESSIVE;
				GCC_WARN_UNUSED_FUNCTION = YES;
				GCC_WARN_UNUSED_VARIABLE = YES;
				IPHONEOS_DEPLOYMENT_TARGET = 12.1;
				MTL_ENABLE_DEBUG_INFO = INCLUDE_SOURCE;
				MTL_FAST_MATH = YES;
				ONLY_ACTIVE_ARCH = YES;
				SDKROOT = iphoneos;
				SWIFT_ACTIVE_COMPILATION_CONDITIONS = DEBUG;
				SWIFT_OPTIMIZATION_LEVEL = "-Onone";
			};
			name = Debug;
		};
		AEBAF580219ACD1A00566205 /* Release */ = {
			isa = XCBuildConfiguration;
			buildSettings = {
				ALWAYS_SEARCH_USER_PATHS = NO;
				CLANG_ANALYZER_NONNULL = YES;
				CLANG_ANALYZER_NUMBER_OBJECT_CONVERSION = YES_AGGRESSIVE;
				CLANG_CXX_LANGUAGE_STANDARD = "gnu++14";
				CLANG_CXX_LIBRARY = "libc++";
				CLANG_ENABLE_MODULES = YES;
				CLANG_ENABLE_OBJC_ARC = YES;
				CLANG_ENABLE_OBJC_WEAK = YES;
				CLANG_WARN_BLOCK_CAPTURE_AUTORELEASING = YES;
				CLANG_WARN_BOOL_CONVERSION = YES;
				CLANG_WARN_COMMA = YES;
				CLANG_WARN_CONSTANT_CONVERSION = YES;
				CLANG_WARN_DEPRECATED_OBJC_IMPLEMENTATIONS = YES;
				CLANG_WARN_DIRECT_OBJC_ISA_USAGE = YES_ERROR;
				CLANG_WARN_DOCUMENTATION_COMMENTS = YES;
				CLANG_WARN_EMPTY_BODY = YES;
				CLANG_WARN_ENUM_CONVERSION = YES;
				CLANG_WARN_INFINITE_RECURSION = YES;
				CLANG_WARN_INT_CONVERSION = YES;
				CLANG_WARN_NON_LITERAL_NULL_CONVERSION = YES;
				CLANG_WARN_OBJC_IMPLICIT_RETAIN_SELF = YES;
				CLANG_WARN_OBJC_LITERAL_CONVERSION = YES;
				CLANG_WARN_OBJC_ROOT_CLASS = YES_ERROR;
				CLANG_WARN_RANGE_LOOP_ANALYSIS = YES;
				CLANG_WARN_STRICT_PROTOTYPES = YES;
				CLANG_WARN_SUSPICIOUS_MOVE = YES;
				CLANG_WARN_UNGUARDED_AVAILABILITY = YES_AGGRESSIVE;
				CLANG_WARN_UNREACHABLE_CODE = YES;
				CLANG_WARN__DUPLICATE_METHOD_MATCH = YES;
				CODE_SIGN_IDENTITY = "iPhone Developer";
				COPY_PHASE_STRIP = NO;
				DEBUG_INFORMATION_FORMAT = "dwarf-with-dsym";
				ENABLE_NS_ASSERTIONS = NO;
				ENABLE_STRICT_OBJC_MSGSEND = YES;
				GCC_C_LANGUAGE_STANDARD = gnu11;
				GCC_NO_COMMON_BLOCKS = YES;
				GCC_WARN_64_TO_32_BIT_CONVERSION = YES;
				GCC_WARN_ABOUT_RETURN_TYPE = YES_ERROR;
				GCC_WARN_UNDECLARED_SELECTOR = YES;
				GCC_WARN_UNINITIALIZED_AUTOS = YES_AGGRESSIVE;
				GCC_WARN_UNUSED_FUNCTION = YES;
				GCC_WARN_UNUSED_VARIABLE = YES;
				IPHONEOS_DEPLOYMENT_TARGET = 12.1;
				MTL_ENABLE_DEBUG_INFO = NO;
				MTL_FAST_MATH = YES;
				SDKROOT = iphoneos;
				SWIFT_COMPILATION_MODE = wholemodule;
				SWIFT_OPTIMIZATION_LEVEL = "-O";
				VALIDATE_PRODUCT = YES;
			};
			name = Release;
		};
		AEBAF582219ACD1A00566205 /* Debug */ = {
			isa = XCBuildConfiguration;
			buildSettings = {
				ASSETCATALOG_COMPILER_APPICON_NAME = AppIcon;
				CLANG_ENABLE_MODULES = YES;
				CODE_SIGN_STYLE = Automatic;
				DEVELOPMENT_TEAM = 3R3GBCY6FA;
				INFOPLIST_FILE = "$(SRCROOT)/taz.neo/Supporting Files/Info.plist";
				LD_RUNPATH_SEARCH_PATHS = (
					"$(inherited)",
					"@executable_path/Frameworks",
				);
				PRODUCT_BUNDLE_IDENTIFIER = de.taz.taz.neo;
				PRODUCT_NAME = "$(TARGET_NAME)";
				SWIFT_OBJC_BRIDGING_HEADER = "taz.neo/taz.neo-Bridging-Header.h";
				SWIFT_OPTIMIZATION_LEVEL = "-Onone";
				SWIFT_VERSION = 4.2;
				TARGETED_DEVICE_FAMILY = "1,2";
			};
			name = Debug;
		};
		AEBAF583219ACD1A00566205 /* Release */ = {
			isa = XCBuildConfiguration;
			buildSettings = {
				ASSETCATALOG_COMPILER_APPICON_NAME = AppIcon;
				CLANG_ENABLE_MODULES = YES;
				CODE_SIGN_STYLE = Automatic;
				DEVELOPMENT_TEAM = 3R3GBCY6FA;
				INFOPLIST_FILE = "$(SRCROOT)/taz.neo/Supporting Files/Info.plist";
				LD_RUNPATH_SEARCH_PATHS = (
					"$(inherited)",
					"@executable_path/Frameworks",
				);
				PRODUCT_BUNDLE_IDENTIFIER = de.taz.taz.neo;
				PRODUCT_NAME = "$(TARGET_NAME)";
				SWIFT_OBJC_BRIDGING_HEADER = "taz.neo/taz.neo-Bridging-Header.h";
				SWIFT_VERSION = 4.2;
				TARGETED_DEVICE_FAMILY = "1,2";
			};
			name = Release;
		};
		AEBAF585219ACD1A00566205 /* Debug */ = {
			isa = XCBuildConfiguration;
			buildSettings = {
				ALWAYS_EMBED_SWIFT_STANDARD_LIBRARIES = YES;
				BUNDLE_LOADER = "$(TEST_HOST)";
				CODE_SIGN_STYLE = Automatic;
				DEVELOPMENT_TEAM = 3R3GBCY6FA;
				INFOPLIST_FILE = taz.neoTests/Info.plist;
				LD_RUNPATH_SEARCH_PATHS = (
					"$(inherited)",
					"@executable_path/Frameworks",
					"@loader_path/Frameworks",
				);
				PRODUCT_BUNDLE_IDENTIFIER = "de.taz.taz-neoTests";
				PRODUCT_NAME = "$(TARGET_NAME)";
				SWIFT_VERSION = 4.2;
				TARGETED_DEVICE_FAMILY = "1,2";
				TEST_HOST = "$(BUILT_PRODUCTS_DIR)/taz.neo.app/taz.neo";
			};
			name = Debug;
		};
		AEBAF586219ACD1A00566205 /* Release */ = {
			isa = XCBuildConfiguration;
			buildSettings = {
				ALWAYS_EMBED_SWIFT_STANDARD_LIBRARIES = YES;
				BUNDLE_LOADER = "$(TEST_HOST)";
				CODE_SIGN_STYLE = Automatic;
				DEVELOPMENT_TEAM = 3R3GBCY6FA;
				INFOPLIST_FILE = taz.neoTests/Info.plist;
				LD_RUNPATH_SEARCH_PATHS = (
					"$(inherited)",
					"@executable_path/Frameworks",
					"@loader_path/Frameworks",
				);
				PRODUCT_BUNDLE_IDENTIFIER = "de.taz.taz-neoTests";
				PRODUCT_NAME = "$(TARGET_NAME)";
				SWIFT_VERSION = 4.2;
				TARGETED_DEVICE_FAMILY = "1,2";
				TEST_HOST = "$(BUILT_PRODUCTS_DIR)/taz.neo.app/taz.neo";
			};
			name = Release;
		};
/* End XCBuildConfiguration section */

/* Begin XCConfigurationList section */
		AEBAF55F219ACD1900566205 /* Build configuration list for PBXProject "taz.neo" */ = {
			isa = XCConfigurationList;
			buildConfigurations = (
				AEBAF57F219ACD1A00566205 /* Debug */,
				AEBAF580219ACD1A00566205 /* Release */,
			);
			defaultConfigurationIsVisible = 0;
			defaultConfigurationName = Release;
		};
		AEBAF581219ACD1A00566205 /* Build configuration list for PBXNativeTarget "taz.neo" */ = {
			isa = XCConfigurationList;
			buildConfigurations = (
				AEBAF582219ACD1A00566205 /* Debug */,
				AEBAF583219ACD1A00566205 /* Release */,
			);
			defaultConfigurationIsVisible = 0;
			defaultConfigurationName = Release;
		};
		AEBAF584219ACD1A00566205 /* Build configuration list for PBXNativeTarget "taz.neoTests" */ = {
			isa = XCConfigurationList;
			buildConfigurations = (
				AEBAF585219ACD1A00566205 /* Debug */,
				AEBAF586219ACD1A00566205 /* Release */,
			);
			defaultConfigurationIsVisible = 0;
			defaultConfigurationName = Release;
		};
/* End XCConfigurationList section */
	};
	rootObject = AEBAF55C219ACD1900566205 /* Project object */;
}
