// !$*UTF8*$!
{
	archiveVersion = 1;
	classes = {
	};
	objectVersion = 50;
	objects = {

/* Begin PBXBuildFile section */
		0015B73724DD86B30037A8D6 /* Authenticator.swift in Sources */ = {isa = PBXBuildFile; fileRef = 0015B73524DD86B30037A8D6 /* Authenticator.swift */; };
		0015B73824DD86B30037A8D6 /* SimpleAuthenticator.swift in Sources */ = {isa = PBXBuildFile; fileRef = 0015B73624DD86B30037A8D6 /* SimpleAuthenticator.swift */; };
		0015B73A24DD87DA0037A8D6 /* DefaultAuthenticator.swift in Sources */ = {isa = PBXBuildFile; fileRef = 0015B73924DD87DA0037A8D6 /* DefaultAuthenticator.swift */; };
		0032A4D924C89E4800284723 /* FormsController.swift in Sources */ = {isa = PBXBuildFile; fileRef = 0032A4D824C89E4800284723 /* FormsController.swift */; };
		0032A4DB24C89F1100284723 /* PwForgotController.swift in Sources */ = {isa = PBXBuildFile; fileRef = 0032A4DA24C89F1100284723 /* PwForgotController.swift */; };
		004D4EFE24ACDBA7008C4EE7 /* LoginController.swift in Sources */ = {isa = PBXBuildFile; fileRef = 004D4EFD24ACDBA7008C4EE7 /* LoginController.swift */; };
		004D4F0024ACDC1F008C4EE7 /* FormView.swift in Sources */ = {isa = PBXBuildFile; fileRef = 004D4EFF24ACDC1F008C4EE7 /* FormView.swift */; };
		006007E224D1D333001680B6 /* TrialSubscriptionController.swift in Sources */ = {isa = PBXBuildFile; fileRef = 006007E124D1D333001680B6 /* TrialSubscriptionController.swift */; };
		006E17E924D418090092DC0D /* FormComponents.swift in Sources */ = {isa = PBXBuildFile; fileRef = 006E17E824D418090092DC0D /* FormComponents.swift */; };
		00E3D2A124E68F1B00AE075A /* ConnectTazIdView.swift in Sources */ = {isa = PBXBuildFile; fileRef = 00E3D2A024E68F1B00AE075A /* ConnectTazIdView.swift */; };
		00E3D2A524E68F3300AE075A /* TrialSubscriptionView.swift in Sources */ = {isa = PBXBuildFile; fileRef = 00E3D2A424E68F3300AE075A /* TrialSubscriptionView.swift */; };
		00E3D2A724E68F4600AE075A /* LoginView.swift in Sources */ = {isa = PBXBuildFile; fileRef = 00E3D2A624E68F4600AE075A /* LoginView.swift */; };
		00E3D2A924E68F5500AE075A /* PwForgottView.swift in Sources */ = {isa = PBXBuildFile; fileRef = 00E3D2A824E68F5500AE075A /* PwForgottView.swift */; };
		080271C724ADDD68002CD2F7 /* Localizable.strings in Resources */ = {isa = PBXBuildFile; fileRef = 080271C524ADDD68002CD2F7 /* Localizable.strings */; };
		08BB4AC924CEC26800B7A6B6 /* FallbackAssets.xcassets in Resources */ = {isa = PBXBuildFile; fileRef = 08BB4AC824CEC26800B7A6B6 /* FallbackAssets.xcassets */; };
		08D6045424C9D3A70045EBE7 /* ConnectTazIdController.swift in Sources */ = {isa = PBXBuildFile; fileRef = 08D6045324C9D3A70045EBE7 /* ConnectTazIdController.swift */; };
		770544712637FE3D0051F12C /* ContentToolbar.swift in Sources */ = {isa = PBXBuildFile; fileRef = 770544702637FE3D0051F12C /* ContentToolbar.swift */; };
		7708DF66262896D10031C702 /* OfflineAlert.swift in Sources */ = {isa = PBXBuildFile; fileRef = 7708DF65262896D10031C702 /* OfflineAlert.swift */; };
		7715969325CC605D00508DE8 /* FeedbackViewController.swift in Sources */ = {isa = PBXBuildFile; fileRef = 7715968C25CC605D00508DE8 /* FeedbackViewController.swift */; };
		7715969425CC605D00508DE8 /* FeedbackComposer.swift in Sources */ = {isa = PBXBuildFile; fileRef = 7715968D25CC605D00508DE8 /* FeedbackComposer.swift */; };
		7715969525CC605D00508DE8 /* DeviceData.swift in Sources */ = {isa = PBXBuildFile; fileRef = 7715968E25CC605D00508DE8 /* DeviceData.swift */; };
		7715969625CC605D00508DE8 /* FeedbackView.swift in Sources */ = {isa = PBXBuildFile; fileRef = 7715968F25CC605D00508DE8 /* FeedbackView.swift */; };
		7715969725CC605D00508DE8 /* FeedbackHelper.swift in Sources */ = {isa = PBXBuildFile; fileRef = 7715969025CC605D00508DE8 /* FeedbackHelper.swift */; };
		773D564226145E8500B42FEF /* InfoToast.swift in Sources */ = {isa = PBXBuildFile; fileRef = 773D564126145E8500B42FEF /* InfoToast.swift */; };
		773D56472614A4DF00B42FEF /* BundledResources in Resources */ = {isa = PBXBuildFile; fileRef = 773D56462614A4DF00B42FEF /* BundledResources */; };
		7745050D25DA801F0052E502 /* resources.json in Resources */ = {isa = PBXBuildFile; fileRef = 7745050C25DA801F0052E502 /* resources.json */; };
		7745051025DA80450052E502 /* files in Resources */ = {isa = PBXBuildFile; fileRef = 7745050F25DA80450052E502 /* files */; };
		7754452025D150AA00ABE3F8 /* TazPdfPagesViewController.swift in Sources */ = {isa = PBXBuildFile; fileRef = 00C4A0D025655F52002CDFDB /* TazPdfPagesViewController.swift */; };
		7754453525D1742E00ABE3F8 /* IssueVcWithBottomTiles.swift in Sources */ = {isa = PBXBuildFile; fileRef = 7754453225D1742E00ABE3F8 /* IssueVcWithBottomTiles.swift */; };
		778F741825CC60C80017E426 /* ViewWithTextField.swift in Sources */ = {isa = PBXBuildFile; fileRef = 778F741525CC60C80017E426 /* ViewWithTextField.swift */; };
		778F741B25CC61340017E426 /* ViewWithTextView.swift in Sources */ = {isa = PBXBuildFile; fileRef = 778F741A25CC61340017E426 /* ViewWithTextView.swift */; };
		77A214C425D2B68F00A7C41B /* AppOverlay.swift in Sources */ = {isa = PBXBuildFile; fileRef = 77A214C325D2B68F00A7C41B /* AppOverlay.swift */; };
		77D0DAEC25E8FDF900C9CB59 /* IssueVCBottomTielesCVCCell.swift in Sources */ = {isa = PBXBuildFile; fileRef = 77D0DAEB25E8FDF900C9CB59 /* IssueVCBottomTielesCVCCell.swift */; };
		AE08C49F2412B66400D41E91 /* ConfigDefaults.swift in Sources */ = {isa = PBXBuildFile; fileRef = AE08C49E2412B66400D41E91 /* ConfigDefaults.swift */; };
		AE0A4D0323F429D800C44625 /* HeaderView.swift in Sources */ = {isa = PBXBuildFile; fileRef = AE0A4D0223F429D800C44625 /* HeaderView.swift */; };
		AE0C32DB2462D1AE00E4AEA8 /* TextSettingsVC.swift in Sources */ = {isa = PBXBuildFile; fileRef = AE0C32DA2462D1AE00E4AEA8 /* TextSettingsVC.swift */; };
		AE0C32DF246310E500E4AEA8 /* SliderTest.swift in Sources */ = {isa = PBXBuildFile; fileRef = AE0C32DE246310E500E4AEA8 /* SliderTest.swift */; };
		AE10BEE42526295A009F230D /* Beta@3x.png in Resources */ = {isa = PBXBuildFile; fileRef = AE10BEE02526295A009F230D /* Beta@3x.png */; };
		AE10BEE52526295A009F230D /* Alpha@3x.png in Resources */ = {isa = PBXBuildFile; fileRef = AE10BEE12526295A009F230D /* Alpha@3x.png */; };
		AE10BEE62526295A009F230D /* Beta@2x.png in Resources */ = {isa = PBXBuildFile; fileRef = AE10BEE22526295A009F230D /* Beta@2x.png */; };
		AE10BEE72526295A009F230D /* Alpha@2x.png in Resources */ = {isa = PBXBuildFile; fileRef = AE10BEE32526295A009F230D /* Alpha@2x.png */; };
		AE10BEEA25262CC1009F230D /* Release@3x.png in Resources */ = {isa = PBXBuildFile; fileRef = AE10BEE825262CC1009F230D /* Release@3x.png */; };
		AE10BEEB25262CC1009F230D /* Release@2x.png in Resources */ = {isa = PBXBuildFile; fileRef = AE10BEE925262CC1009F230D /* Release@2x.png */; };
		AE21C46C23E710A600F8B811 /* UITests.swift in Sources */ = {isa = PBXBuildFile; fileRef = AE21C46B23E710A600F8B811 /* UITests.swift */; };
		AE44F8E424815AF4009DA152 /* ContentImageVC.swift in Sources */ = {isa = PBXBuildFile; fileRef = AE44F8E324815AF4009DA152 /* ContentImageVC.swift */; };
		AE44F8E62481621C009DA152 /* IssueInfoProtocol.swift in Sources */ = {isa = PBXBuildFile; fileRef = AE44F8E52481621C009DA152 /* IssueInfoProtocol.swift */; };
		AE44F8EB248949B0009DA152 /* ColorTests.swift in Sources */ = {isa = PBXBuildFile; fileRef = AE44F8EA248949B0009DA152 /* ColorTests.swift */; };
		AE4AA2B823F6BEC400EAFE78 /* LoadingView.swift in Sources */ = {isa = PBXBuildFile; fileRef = AE4AA2B723F6BEC400EAFE78 /* LoadingView.swift */; };
		AE4F51DB2438C8E800BC9548 /* ArticleDB.swift in Sources */ = {isa = PBXBuildFile; fileRef = AE4F51DA2438C8E800BC9548 /* ArticleDB.swift */; };
		AE5D9EBD23E1B8160002C3B8 /* GraphQlSession.swift in Sources */ = {isa = PBXBuildFile; fileRef = AE82262C232A70E000FFBE67 /* GraphQlSession.swift */; };
		AE5D9EBE23E1B81A0002C3B8 /* DataModel.swift in Sources */ = {isa = PBXBuildFile; fileRef = AE822631232A717E00FFBE67 /* DataModel.swift */; };
		AE5D9EBF23E1B8270002C3B8 /* GqlFeeder.swift in Sources */ = {isa = PBXBuildFile; fileRef = AE696F2D23918F9400265FC8 /* GqlFeeder.swift */; };
		AE5D9EC023E1B82B0002C3B8 /* Downloader.swift in Sources */ = {isa = PBXBuildFile; fileRef = AE5D9EBB23DF61C50002C3B8 /* Downloader.swift */; };
		AE5D9EC323E1BB2D0002C3B8 /* ContentTableVC.swift in Sources */ = {isa = PBXBuildFile; fileRef = AE5D9EC123E1BB2D0002C3B8 /* ContentTableVC.swift */; };
		AE5D9EC423E1BB2D0002C3B8 /* ContentTableVC.xib in Resources */ = {isa = PBXBuildFile; fileRef = AE5D9EC223E1BB2D0002C3B8 /* ContentTableVC.xib */; };
		AE5D9EC723E2FD240002C3B8 /* GermanDate.swift in Sources */ = {isa = PBXBuildFile; fileRef = AE5D9EC623E2FD240002C3B8 /* GermanDate.swift */; };
		AE76F9F7245421AC0043F497 /* WebViewTests.swift in Sources */ = {isa = PBXBuildFile; fileRef = AE76F9F6245421AC0043F497 /* WebViewTests.swift */; };
		AE76F9FB245497F80043F497 /* IntroVC.swift in Sources */ = {isa = PBXBuildFile; fileRef = AE76F9FA245497F80043F497 /* IntroVC.swift */; };
		AE80A3952449C3250012DFFA /* IssueVC.swift in Sources */ = {isa = PBXBuildFile; fileRef = AE80A3942449C3250012DFFA /* IssueVC.swift */; };
		AEAABADE24641BFA001BE414 /* Const.swift in Sources */ = {isa = PBXBuildFile; fileRef = AEAABADD24641BFA001BE414 /* Const.swift */; };
		AEAAEB2C23FD867C00D1187F /* GqlAuth.swift in Sources */ = {isa = PBXBuildFile; fileRef = AEAAEB2B23FD867C00D1187F /* GqlAuth.swift */; };
		AEAEE0012456D9EC00F627FE /* StartupVC.swift in Sources */ = {isa = PBXBuildFile; fileRef = AEAEE0002456D9EC00F627FE /* StartupVC.swift */; };
		AEBAF56F219ACD1A00566205 /* Assets.xcassets in Resources */ = {isa = PBXBuildFile; fileRef = AEBAF56E219ACD1A00566205 /* Assets.xcassets */; };
		AEBAF572219ACD1A00566205 /* LaunchScreen.storyboard in Resources */ = {isa = PBXBuildFile; fileRef = AEBAF570219ACD1A00566205 /* LaunchScreen.storyboard */; };
		AEBAF594219ACFAC00566205 /* TestController.swift in Sources */ = {isa = PBXBuildFile; fileRef = AEBAF58D219ACFAC00566205 /* TestController.swift */; };
		AEBAF596219ACFAC00566205 /* AppDelegate.swift in Sources */ = {isa = PBXBuildFile; fileRef = AEBAF58E219ACFAC00566205 /* AppDelegate.swift */; };
		AEBAF5C4219ACFD900566205 /* ContentVC.swift in Sources */ = {isa = PBXBuildFile; fileRef = AEBAF5AB219ACFD900566205 /* ContentVC.swift */; };
		AEC7D467249920DF008630FB /* PdfTest.swift in Sources */ = {isa = PBXBuildFile; fileRef = AE86486F248E274F007096B4 /* PdfTest.swift */; };
		AEC7D46D249A598B008630FB /* FeederContext.swift in Sources */ = {isa = PBXBuildFile; fileRef = AEC7D46C249A598B008630FB /* FeederContext.swift */; };
		AECCE11823FBD006007C2276 /* ArticleVC.swift in Sources */ = {isa = PBXBuildFile; fileRef = AE4AA2B323F6B01A00EAFE78 /* ArticleVC.swift */; };
		AECCE11A23FBF07B007C2276 /* SectionVC.swift in Sources */ = {isa = PBXBuildFile; fileRef = AE4AA2B123F6AD9100EAFE78 /* SectionVC.swift */; };
		AECCE11C23FBF3FE007C2276 /* MainNC.swift in Sources */ = {isa = PBXBuildFile; fileRef = AECCE11B23FBF3FE007C2276 /* MainNC.swift */; };
		AECCE11E23FBF449007C2276 /* StartupView.swift in Sources */ = {isa = PBXBuildFile; fileRef = AECCE11D23FBF449007C2276 /* StartupView.swift */; };
		AED748A62383F1D600C09D2D /* ArticleDB.xcdatamodel in Sources */ = {isa = PBXBuildFile; fileRef = AED70C8E2243E0EB00487918 /* ArticleDB.xcdatamodel */; };
		AED748AB238415B200C09D2D /* NorthLib.framework in Frameworks */ = {isa = PBXBuildFile; fileRef = AE98512D2320F83900EAC9D8 /* NorthLib.framework */; };
		AEF2DF2F244709CC00D1482D /* IssueCarousel.swift in Sources */ = {isa = PBXBuildFile; fileRef = AEF2DF2E244709CC00D1482D /* IssueCarousel.swift */; };
		AEF2DF3324475A6200D1482D /* CarouselController.swift in Sources */ = {isa = PBXBuildFile; fileRef = AECAC8FC2440AF1F00D32175 /* CarouselController.swift */; };
		AEF2DF35244766E400D1482D /* MomentView.swift in Sources */ = {isa = PBXBuildFile; fileRef = AEF2DF34244766E400D1482D /* MomentView.swift */; };
		C794F23524FED184007168AC /* Helper.swift in Sources */ = {isa = PBXBuildFile; fileRef = C794F23424FED184007168AC /* Helper.swift */; };
/* End PBXBuildFile section */

/* Begin PBXContainerItemProxy section */
		AE98512C2320F83900EAC9D8 /* PBXContainerItemProxy */ = {
			isa = PBXContainerItemProxy;
			containerPortal = AE9851272320F83800EAC9D8 /* NorthLib.xcodeproj */;
			proxyType = 2;
			remoteGlobalIDString = AE7122C523197AFA00B715A8;
			remoteInfo = NorthLib;
		};
		AE98512E2320F83900EAC9D8 /* PBXContainerItemProxy */ = {
			isa = PBXContainerItemProxy;
			containerPortal = AE9851272320F83800EAC9D8 /* NorthLib.xcodeproj */;
			proxyType = 2;
			remoteGlobalIDString = AE71230223197CB800B715A8;
			remoteInfo = Test;
		};
/* End PBXContainerItemProxy section */

/* Begin PBXFileReference section */
		0015B73524DD86B30037A8D6 /* Authenticator.swift */ = {isa = PBXFileReference; fileEncoding = 4; lastKnownFileType = sourcecode.swift; path = Authenticator.swift; sourceTree = "<group>"; };
		0015B73624DD86B30037A8D6 /* SimpleAuthenticator.swift */ = {isa = PBXFileReference; fileEncoding = 4; lastKnownFileType = sourcecode.swift; path = SimpleAuthenticator.swift; sourceTree = "<group>"; };
		0015B73924DD87DA0037A8D6 /* DefaultAuthenticator.swift */ = {isa = PBXFileReference; lastKnownFileType = sourcecode.swift; path = DefaultAuthenticator.swift; sourceTree = "<group>"; };
		0032A4D824C89E4800284723 /* FormsController.swift */ = {isa = PBXFileReference; lastKnownFileType = sourcecode.swift; path = FormsController.swift; sourceTree = "<group>"; };
		0032A4DA24C89F1100284723 /* PwForgotController.swift */ = {isa = PBXFileReference; lastKnownFileType = sourcecode.swift; path = PwForgotController.swift; sourceTree = "<group>"; };
		004D4EFD24ACDBA7008C4EE7 /* LoginController.swift */ = {isa = PBXFileReference; lastKnownFileType = sourcecode.swift; path = LoginController.swift; sourceTree = "<group>"; };
		004D4EFF24ACDC1F008C4EE7 /* FormView.swift */ = {isa = PBXFileReference; lastKnownFileType = sourcecode.swift; path = FormView.swift; sourceTree = "<group>"; };
		006007E124D1D333001680B6 /* TrialSubscriptionController.swift */ = {isa = PBXFileReference; lastKnownFileType = sourcecode.swift; path = TrialSubscriptionController.swift; sourceTree = "<group>"; };
		006E17E824D418090092DC0D /* FormComponents.swift */ = {isa = PBXFileReference; lastKnownFileType = sourcecode.swift; path = FormComponents.swift; sourceTree = "<group>"; };
		00C4A0D025655F52002CDFDB /* TazPdfPagesViewController.swift */ = {isa = PBXFileReference; lastKnownFileType = sourcecode.swift; path = TazPdfPagesViewController.swift; sourceTree = "<group>"; };
		00E3D2A024E68F1B00AE075A /* ConnectTazIdView.swift */ = {isa = PBXFileReference; lastKnownFileType = sourcecode.swift; path = ConnectTazIdView.swift; sourceTree = "<group>"; };
		00E3D2A424E68F3300AE075A /* TrialSubscriptionView.swift */ = {isa = PBXFileReference; lastKnownFileType = sourcecode.swift; path = TrialSubscriptionView.swift; sourceTree = "<group>"; };
		00E3D2A624E68F4600AE075A /* LoginView.swift */ = {isa = PBXFileReference; lastKnownFileType = sourcecode.swift; path = LoginView.swift; sourceTree = "<group>"; };
		00E3D2A824E68F5500AE075A /* PwForgottView.swift */ = {isa = PBXFileReference; lastKnownFileType = sourcecode.swift; path = PwForgottView.swift; sourceTree = "<group>"; };
		080271C624ADDD68002CD2F7 /* Base */ = {isa = PBXFileReference; lastKnownFileType = text.plist.strings; name = Base; path = Localizable.strings; sourceTree = "<group>"; };
		08BB4AC824CEC26800B7A6B6 /* FallbackAssets.xcassets */ = {isa = PBXFileReference; lastKnownFileType = folder.assetcatalog; path = FallbackAssets.xcassets; sourceTree = "<group>"; };
		08D6045324C9D3A70045EBE7 /* ConnectTazIdController.swift */ = {isa = PBXFileReference; lastKnownFileType = sourcecode.swift; path = ConnectTazIdController.swift; sourceTree = "<group>"; };
		770544702637FE3D0051F12C /* ContentToolbar.swift */ = {isa = PBXFileReference; lastKnownFileType = sourcecode.swift; path = ContentToolbar.swift; sourceTree = "<group>"; };
		7708DF65262896D10031C702 /* OfflineAlert.swift */ = {isa = PBXFileReference; lastKnownFileType = sourcecode.swift; path = OfflineAlert.swift; sourceTree = "<group>"; };
		7715968C25CC605D00508DE8 /* FeedbackViewController.swift */ = {isa = PBXFileReference; fileEncoding = 4; lastKnownFileType = sourcecode.swift; path = FeedbackViewController.swift; sourceTree = "<group>"; };
		7715968D25CC605D00508DE8 /* FeedbackComposer.swift */ = {isa = PBXFileReference; fileEncoding = 4; lastKnownFileType = sourcecode.swift; path = FeedbackComposer.swift; sourceTree = "<group>"; };
		7715968E25CC605D00508DE8 /* DeviceData.swift */ = {isa = PBXFileReference; fileEncoding = 4; lastKnownFileType = sourcecode.swift; path = DeviceData.swift; sourceTree = "<group>"; };
		7715968F25CC605D00508DE8 /* FeedbackView.swift */ = {isa = PBXFileReference; fileEncoding = 4; lastKnownFileType = sourcecode.swift; path = FeedbackView.swift; sourceTree = "<group>"; };
		7715969025CC605D00508DE8 /* FeedbackHelper.swift */ = {isa = PBXFileReference; fileEncoding = 4; lastKnownFileType = sourcecode.swift; path = FeedbackHelper.swift; sourceTree = "<group>"; };
		773D564126145E8500B42FEF /* InfoToast.swift */ = {isa = PBXFileReference; lastKnownFileType = sourcecode.swift; path = InfoToast.swift; sourceTree = "<group>"; };
		773D56462614A4DF00B42FEF /* BundledResources */ = {isa = PBXFileReference; lastKnownFileType = folder; path = BundledResources; sourceTree = "<group>"; };
		7745050C25DA801F0052E502 /* resources.json */ = {isa = PBXFileReference; fileEncoding = 4; lastKnownFileType = text.json; name = resources.json; path = Resources/resources.json; sourceTree = "<group>"; };
		7745050F25DA80450052E502 /* files */ = {isa = PBXFileReference; lastKnownFileType = folder; name = files; path = Resources/files; sourceTree = "<group>"; };
		7754453225D1742E00ABE3F8 /* IssueVcWithBottomTiles.swift */ = {isa = PBXFileReference; fileEncoding = 4; lastKnownFileType = sourcecode.swift; path = IssueVcWithBottomTiles.swift; sourceTree = "<group>"; };
		778F741525CC60C80017E426 /* ViewWithTextField.swift */ = {isa = PBXFileReference; fileEncoding = 4; lastKnownFileType = sourcecode.swift; path = ViewWithTextField.swift; sourceTree = "<group>"; };
		778F741A25CC61340017E426 /* ViewWithTextView.swift */ = {isa = PBXFileReference; fileEncoding = 4; lastKnownFileType = sourcecode.swift; path = ViewWithTextView.swift; sourceTree = "<group>"; };
		77A214C325D2B68F00A7C41B /* AppOverlay.swift */ = {isa = PBXFileReference; lastKnownFileType = sourcecode.swift; path = AppOverlay.swift; sourceTree = "<group>"; };
		77C00CFB25DA9A4A00964861 /* TODO.md */ = {isa = PBXFileReference; lastKnownFileType = net.daringfireball.markdown; path = TODO.md; sourceTree = "<group>"; };
		77D0DAEB25E8FDF900C9CB59 /* IssueVCBottomTielesCVCCell.swift */ = {isa = PBXFileReference; lastKnownFileType = sourcecode.swift; path = IssueVCBottomTielesCVCCell.swift; sourceTree = "<group>"; };
		AE08C49E2412B66400D41E91 /* ConfigDefaults.swift */ = {isa = PBXFileReference; lastKnownFileType = sourcecode.swift; path = ConfigDefaults.swift; sourceTree = "<group>"; };
		AE0A4D0223F429D800C44625 /* HeaderView.swift */ = {isa = PBXFileReference; lastKnownFileType = sourcecode.swift; path = HeaderView.swift; sourceTree = "<group>"; };
		AE0C32DA2462D1AE00E4AEA8 /* TextSettingsVC.swift */ = {isa = PBXFileReference; lastKnownFileType = sourcecode.swift; path = TextSettingsVC.swift; sourceTree = "<group>"; };
		AE0C32DE246310E500E4AEA8 /* SliderTest.swift */ = {isa = PBXFileReference; lastKnownFileType = sourcecode.swift; path = SliderTest.swift; sourceTree = "<group>"; };
		AE10BEE02526295A009F230D /* Beta@3x.png */ = {isa = PBXFileReference; lastKnownFileType = image.png; path = "Beta@3x.png"; sourceTree = "<group>"; };
		AE10BEE12526295A009F230D /* Alpha@3x.png */ = {isa = PBXFileReference; lastKnownFileType = image.png; path = "Alpha@3x.png"; sourceTree = "<group>"; };
		AE10BEE22526295A009F230D /* Beta@2x.png */ = {isa = PBXFileReference; lastKnownFileType = image.png; path = "Beta@2x.png"; sourceTree = "<group>"; };
		AE10BEE32526295A009F230D /* Alpha@2x.png */ = {isa = PBXFileReference; lastKnownFileType = image.png; path = "Alpha@2x.png"; sourceTree = "<group>"; };
		AE10BEE825262CC1009F230D /* Release@3x.png */ = {isa = PBXFileReference; lastKnownFileType = image.png; path = "Release@3x.png"; sourceTree = "<group>"; };
		AE10BEE925262CC1009F230D /* Release@2x.png */ = {isa = PBXFileReference; lastKnownFileType = image.png; path = "Release@2x.png"; sourceTree = "<group>"; };
		AE11F79724B894710080CF51 /* de */ = {isa = PBXFileReference; lastKnownFileType = text.plist.strings; name = de; path = de.lproj/LaunchScreen.strings; sourceTree = "<group>"; };
		AE11F79824B894710080CF51 /* de */ = {isa = PBXFileReference; lastKnownFileType = text.plist.strings; name = de; path = de.lproj/LogoLaunchScreen.strings; sourceTree = "<group>"; };
		AE21C46B23E710A600F8B811 /* UITests.swift */ = {isa = PBXFileReference; lastKnownFileType = sourcecode.swift; path = UITests.swift; sourceTree = "<group>"; };
		AE44F8E324815AF4009DA152 /* ContentImageVC.swift */ = {isa = PBXFileReference; lastKnownFileType = sourcecode.swift; path = ContentImageVC.swift; sourceTree = "<group>"; };
		AE44F8E52481621C009DA152 /* IssueInfoProtocol.swift */ = {isa = PBXFileReference; lastKnownFileType = sourcecode.swift; path = IssueInfoProtocol.swift; sourceTree = "<group>"; };
		AE44F8EA248949B0009DA152 /* ColorTests.swift */ = {isa = PBXFileReference; lastKnownFileType = sourcecode.swift; path = ColorTests.swift; sourceTree = "<group>"; };
		AE4AA2B123F6AD9100EAFE78 /* SectionVC.swift */ = {isa = PBXFileReference; lastKnownFileType = sourcecode.swift; path = SectionVC.swift; sourceTree = "<group>"; };
		AE4AA2B323F6B01A00EAFE78 /* ArticleVC.swift */ = {isa = PBXFileReference; lastKnownFileType = sourcecode.swift; path = ArticleVC.swift; sourceTree = "<group>"; };
		AE4AA2B723F6BEC400EAFE78 /* LoadingView.swift */ = {isa = PBXFileReference; lastKnownFileType = sourcecode.swift; path = LoadingView.swift; sourceTree = "<group>"; };
		AE4C49432450412D001A40BE /* Base */ = {isa = PBXFileReference; lastKnownFileType = file.storyboard; name = Base; path = Base.lproj/LogoLaunchScreen.storyboard; sourceTree = "<group>"; };
		AE4F51DA2438C8E800BC9548 /* ArticleDB.swift */ = {isa = PBXFileReference; lastKnownFileType = sourcecode.swift; path = ArticleDB.swift; sourceTree = "<group>"; };
		AE5D9EBB23DF61C50002C3B8 /* Downloader.swift */ = {isa = PBXFileReference; lastKnownFileType = sourcecode.swift; path = Downloader.swift; sourceTree = "<group>"; };
		AE5D9EC123E1BB2D0002C3B8 /* ContentTableVC.swift */ = {isa = PBXFileReference; fileEncoding = 4; lastKnownFileType = sourcecode.swift; path = ContentTableVC.swift; sourceTree = "<group>"; };
		AE5D9EC223E1BB2D0002C3B8 /* ContentTableVC.xib */ = {isa = PBXFileReference; fileEncoding = 4; lastKnownFileType = file.xib; path = ContentTableVC.xib; sourceTree = "<group>"; };
		AE5D9EC623E2FD240002C3B8 /* GermanDate.swift */ = {isa = PBXFileReference; lastKnownFileType = sourcecode.swift; path = GermanDate.swift; sourceTree = "<group>"; };
		AE696F2D23918F9400265FC8 /* GqlFeeder.swift */ = {isa = PBXFileReference; lastKnownFileType = sourcecode.swift; path = GqlFeeder.swift; sourceTree = "<group>"; };
		AE76F9F6245421AC0043F497 /* WebViewTests.swift */ = {isa = PBXFileReference; lastKnownFileType = sourcecode.swift; path = WebViewTests.swift; sourceTree = "<group>"; };
		AE76F9FA245497F80043F497 /* IntroVC.swift */ = {isa = PBXFileReference; lastKnownFileType = sourcecode.swift; path = IntroVC.swift; sourceTree = "<group>"; };
		AE80A3942449C3250012DFFA /* IssueVC.swift */ = {isa = PBXFileReference; lastKnownFileType = sourcecode.swift; path = IssueVC.swift; sourceTree = "<group>"; };
		AE82262C232A70E000FFBE67 /* GraphQlSession.swift */ = {isa = PBXFileReference; lastKnownFileType = sourcecode.swift; path = GraphQlSession.swift; sourceTree = "<group>"; };
		AE822631232A717E00FFBE67 /* DataModel.swift */ = {isa = PBXFileReference; lastKnownFileType = sourcecode.swift; path = DataModel.swift; sourceTree = "<group>"; };
		AE86486F248E274F007096B4 /* PdfTest.swift */ = {isa = PBXFileReference; lastKnownFileType = sourcecode.swift; path = PdfTest.swift; sourceTree = "<group>"; };
		AE9851272320F83800EAC9D8 /* NorthLib.xcodeproj */ = {isa = PBXFileReference; lastKnownFileType = "wrapper.pb-project"; name = NorthLib.xcodeproj; path = ../NorthLib/NorthLib.xcodeproj; sourceTree = "<group>"; };
		AEAABADD24641BFA001BE414 /* Const.swift */ = {isa = PBXFileReference; lastKnownFileType = sourcecode.swift; path = Const.swift; sourceTree = "<group>"; };
		AEAAEB2B23FD867C00D1187F /* GqlAuth.swift */ = {isa = PBXFileReference; lastKnownFileType = sourcecode.swift; path = GqlAuth.swift; sourceTree = "<group>"; };
		AEAEE0002456D9EC00F627FE /* StartupVC.swift */ = {isa = PBXFileReference; lastKnownFileType = sourcecode.swift; path = StartupVC.swift; sourceTree = "<group>"; };
		AEBAF564219ACD1900566205 /* die tageszeitung.app */ = {isa = PBXFileReference; explicitFileType = wrapper.application; includeInIndex = 0; path = "die tageszeitung.app"; sourceTree = BUILT_PRODUCTS_DIR; };
		AEBAF56E219ACD1A00566205 /* Assets.xcassets */ = {isa = PBXFileReference; lastKnownFileType = folder.assetcatalog; path = Assets.xcassets; sourceTree = "<group>"; };
		AEBAF571219ACD1A00566205 /* Base */ = {isa = PBXFileReference; lastKnownFileType = file.storyboard; name = Base; path = Base.lproj/LaunchScreen.storyboard; sourceTree = "<group>"; };
		AEBAF573219ACD1A00566205 /* Info.plist */ = {isa = PBXFileReference; lastKnownFileType = text.plist.xml; path = Info.plist; sourceTree = "<group>"; };
		AEBAF58D219ACFAC00566205 /* TestController.swift */ = {isa = PBXFileReference; fileEncoding = 4; lastKnownFileType = sourcecode.swift; path = TestController.swift; sourceTree = "<group>"; };
		AEBAF58E219ACFAC00566205 /* AppDelegate.swift */ = {isa = PBXFileReference; fileEncoding = 4; lastKnownFileType = sourcecode.swift; path = AppDelegate.swift; sourceTree = "<group>"; };
		AEBAF5AB219ACFD900566205 /* ContentVC.swift */ = {isa = PBXFileReference; fileEncoding = 4; lastKnownFileType = sourcecode.swift; path = ContentVC.swift; sourceTree = "<group>"; };
		AEC7D46C249A598B008630FB /* FeederContext.swift */ = {isa = PBXFileReference; lastKnownFileType = sourcecode.swift; path = FeederContext.swift; sourceTree = "<group>"; };
		AECAC8FC2440AF1F00D32175 /* CarouselController.swift */ = {isa = PBXFileReference; lastKnownFileType = sourcecode.swift; path = CarouselController.swift; sourceTree = "<group>"; };
		AECCE11B23FBF3FE007C2276 /* MainNC.swift */ = {isa = PBXFileReference; lastKnownFileType = sourcecode.swift; path = MainNC.swift; sourceTree = "<group>"; };
		AECCE11D23FBF449007C2276 /* StartupView.swift */ = {isa = PBXFileReference; lastKnownFileType = sourcecode.swift; path = StartupView.swift; sourceTree = "<group>"; };
		AED70C8E2243E0EB00487918 /* ArticleDB.xcdatamodel */ = {isa = PBXFileReference; lastKnownFileType = wrapper.xcdatamodel; name = ArticleDB.xcdatamodel; path = ArticleDB.xcdatamodeld/ArticleDB.xcdatamodel; sourceTree = "<group>"; };
		AED748A9238413D800C09D2D /* libc++.tbd */ = {isa = PBXFileReference; lastKnownFileType = "sourcecode.text-based-dylib-definition"; name = "libc++.tbd"; path = "usr/lib/libc++.tbd"; sourceTree = SDKROOT; };
		AED748AA238413EB00C09D2D /* libz.tbd */ = {isa = PBXFileReference; lastKnownFileType = "sourcecode.text-based-dylib-definition"; name = libz.tbd; path = usr/lib/libz.tbd; sourceTree = SDKROOT; };
		AED852A823CDEC8A002F07E8 /* taz.neo.entitlements */ = {isa = PBXFileReference; lastKnownFileType = text.plist.entitlements; path = taz.neo.entitlements; sourceTree = "<group>"; };
		AEE3D4E6247D316D00BEDEA3 /* README.md */ = {isa = PBXFileReference; lastKnownFileType = net.daringfireball.markdown; path = README.md; sourceTree = "<group>"; };
		AEE3D4E9247D31FA00BEDEA3 /* LICENSE */ = {isa = PBXFileReference; lastKnownFileType = text; path = LICENSE; sourceTree = "<group>"; };
		AEF2DF2E244709CC00D1482D /* IssueCarousel.swift */ = {isa = PBXFileReference; lastKnownFileType = sourcecode.swift; path = IssueCarousel.swift; sourceTree = "<group>"; };
		AEF2DF34244766E400D1482D /* MomentView.swift */ = {isa = PBXFileReference; lastKnownFileType = sourcecode.swift; path = MomentView.swift; sourceTree = "<group>"; };
		C794F23424FED184007168AC /* Helper.swift */ = {isa = PBXFileReference; lastKnownFileType = sourcecode.swift; path = Helper.swift; sourceTree = "<group>"; };
/* End PBXFileReference section */

/* Begin PBXFrameworksBuildPhase section */
		AEBAF561219ACD1900566205 /* Frameworks */ = {
			isa = PBXFrameworksBuildPhase;
			buildActionMask = 2147483647;
			files = (
				AED748AB238415B200C09D2D /* NorthLib.framework in Frameworks */,
			);
			runOnlyForDeploymentPostprocessing = 0;
		};
/* End PBXFrameworksBuildPhase section */

/* Begin PBXGroup section */
		0032A4D624C89E1600284723 /* Forms */ = {
			isa = PBXGroup;
			children = (
				0032A4D824C89E4800284723 /* FormsController.swift */,
				004D4EFD24ACDBA7008C4EE7 /* LoginController.swift */,
				0032A4DA24C89F1100284723 /* PwForgotController.swift */,
				08D6045324C9D3A70045EBE7 /* ConnectTazIdController.swift */,
				006007E124D1D333001680B6 /* TrialSubscriptionController.swift */,
			);
			path = Forms;
			sourceTree = "<group>";
		};
		0032A4D724C89E3100284723 /* Forms */ = {
			isa = PBXGroup;
			children = (
				004D4EFF24ACDC1F008C4EE7 /* FormView.swift */,
				00E3D2A624E68F4600AE075A /* LoginView.swift */,
				00E3D2A824E68F5500AE075A /* PwForgottView.swift */,
				00E3D2A024E68F1B00AE075A /* ConnectTazIdView.swift */,
				00E3D2A424E68F3300AE075A /* TrialSubscriptionView.swift */,
				006E17E824D418090092DC0D /* FormComponents.swift */,
			);
			path = Forms;
			sourceTree = "<group>";
		};
		080271BE24ADDD36002CD2F7 /* Base.lproj */ = {
			isa = PBXGroup;
			children = (
				AEBAF570219ACD1A00566205 /* LaunchScreen.storyboard */,
				AE4C49422450412D001A40BE /* LogoLaunchScreen.storyboard */,
				080271C524ADDD68002CD2F7 /* Localizable.strings */,
			);
			path = Base.lproj;
			sourceTree = "<group>";
		};
		7715968B25CC605D00508DE8 /* Feedback */ = {
			isa = PBXGroup;
			children = (
				7715968C25CC605D00508DE8 /* FeedbackViewController.swift */,
				7715968D25CC605D00508DE8 /* FeedbackComposer.swift */,
				7715968E25CC605D00508DE8 /* DeviceData.swift */,
				7715968F25CC605D00508DE8 /* FeedbackView.swift */,
				7715969025CC605D00508DE8 /* FeedbackHelper.swift */,
			);
			path = Feedback;
			sourceTree = "<group>";
		};
		77D0DAE825E8FDD100C9CB59 /* Cells */ = {
			isa = PBXGroup;
			children = (
				77D0DAEB25E8FDF900C9CB59 /* IssueVCBottomTielesCVCCell.swift */,
			);
			path = Cells;
			sourceTree = "<group>";
		};
		AE0A4D0123F4297500C44625 /* Views */ = {
			isa = PBXGroup;
			children = (
				77D0DAE825E8FDD100C9CB59 /* Cells */,
				778F741A25CC61340017E426 /* ViewWithTextView.swift */,
				778F741525CC60C80017E426 /* ViewWithTextField.swift */,
				0032A4D724C89E3100284723 /* Forms */,
				AE0A4D0223F429D800C44625 /* HeaderView.swift */,
				AE4AA2B723F6BEC400EAFE78 /* LoadingView.swift */,
				AECCE11D23FBF449007C2276 /* StartupView.swift */,
				AEF2DF2E244709CC00D1482D /* IssueCarousel.swift */,
				AEF2DF34244766E400D1482D /* MomentView.swift */,
				77A214C325D2B68F00A7C41B /* AppOverlay.swift */,
				773D564126145E8500B42FEF /* InfoToast.swift */,
				7708DF65262896D10031C702 /* OfflineAlert.swift */,
				770544702637FE3D0051F12C /* ContentToolbar.swift */,
			);
			path = Views;
			sourceTree = "<group>";
		};
		AE10BEDF2526292F009F230D /* Alternate Icons */ = {
			isa = PBXGroup;
			children = (
				AE10BEE925262CC1009F230D /* Release@2x.png */,
				AE10BEE825262CC1009F230D /* Release@3x.png */,
				AE10BEE32526295A009F230D /* Alpha@2x.png */,
				AE10BEE12526295A009F230D /* Alpha@3x.png */,
				AE10BEE22526295A009F230D /* Beta@2x.png */,
				AE10BEE02526295A009F230D /* Beta@3x.png */,
			);
			path = "Alternate Icons";
			sourceTree = "<group>";
		};
		AE16422D222FFEF200DF07DE /* ArticleDB */ = {
			isa = PBXGroup;
			children = (
				AED70C8E2243E0EB00487918 /* ArticleDB.xcdatamodel */,
				AE4F51DA2438C8E800BC9548 /* ArticleDB.swift */,
			);
			path = ArticleDB;
			sourceTree = "<group>";
		};
		AE3D47D623030482002FF0A2 /* Frameworks */ = {
			isa = PBXGroup;
			children = (
				AED748AA238413EB00C09D2D /* libz.tbd */,
				AED748A9238413D800C09D2D /* libc++.tbd */,
			);
			name = Frameworks;
			sourceTree = "<group>";
		};
		AE4AA2AE23F6AD5700EAFE78 /* ViewController */ = {
			isa = PBXGroup;
			children = (
				7754453225D1742E00ABE3F8 /* IssueVcWithBottomTiles.swift */,
				0032A4D624C89E1600284723 /* Forms */,
				AEBAF5AB219ACFD900566205 /* ContentVC.swift */,
				AE5D9EC123E1BB2D0002C3B8 /* ContentTableVC.swift */,
				AE5D9EC223E1BB2D0002C3B8 /* ContentTableVC.xib */,
				AE4AA2B123F6AD9100EAFE78 /* SectionVC.swift */,
				AE4AA2B323F6B01A00EAFE78 /* ArticleVC.swift */,
				AE80A3942449C3250012DFFA /* IssueVC.swift */,
				AE76F9FA245497F80043F497 /* IntroVC.swift */,
				AEAEE0002456D9EC00F627FE /* StartupVC.swift */,
				AE0C32DA2462D1AE00E4AEA8 /* TextSettingsVC.swift */,
				AE44F8E324815AF4009DA152 /* ContentImageVC.swift */,
				AE44F8E52481621C009DA152 /* IssueInfoProtocol.swift */,
				00C4A0D025655F52002CDFDB /* TazPdfPagesViewController.swift */,
			);
			path = ViewController;
			sourceTree = "<group>";
		};
		AE5D9EC823E307460002C3B8 /* TestController */ = {
			isa = PBXGroup;
			children = (
				AECAC8FC2440AF1F00D32175 /* CarouselController.swift */,
				AEBAF58D219ACFAC00566205 /* TestController.swift */,
				AE21C46B23E710A600F8B811 /* UITests.swift */,
				AE76F9F6245421AC0043F497 /* WebViewTests.swift */,
				AE0C32DE246310E500E4AEA8 /* SliderTest.swift */,
				AE44F8EA248949B0009DA152 /* ColorTests.swift */,
				AE86486F248E274F007096B4 /* PdfTest.swift */,
			);
			path = TestController;
			sourceTree = "<group>";
		};
		AE9851282320F83800EAC9D8 /* Products */ = {
			isa = PBXGroup;
			children = (
				AE98512D2320F83900EAC9D8 /* NorthLib.framework */,
				AE98512F2320F83900EAC9D8 /* Test.xctest */,
			);
			name = Products;
			sourceTree = "<group>";
		};
		AEBAF55B219ACD1900566205 = {
			isa = PBXGroup;
			children = (
				77C00CFB25DA9A4A00964861 /* TODO.md */,
				AEE3D4E9247D31FA00BEDEA3 /* LICENSE */,
				AEE3D4E6247D316D00BEDEA3 /* README.md */,
				AE9851272320F83800EAC9D8 /* NorthLib.xcodeproj */,
				AEBAF566219ACD1900566205 /* taz.neo */,
				AEBAF565219ACD1900566205 /* Products */,
				AE3D47D623030482002FF0A2 /* Frameworks */,
			);
			sourceTree = "<group>";
		};
		AEBAF565219ACD1900566205 /* Products */ = {
			isa = PBXGroup;
			children = (
				AEBAF564219ACD1900566205 /* die tageszeitung.app */,
			);
			name = Products;
			sourceTree = "<group>";
		};
		AEBAF566219ACD1900566205 /* taz.neo */ = {
			isa = PBXGroup;
			children = (
				7715968B25CC605D00508DE8 /* Feedback */,
				0015B73524DD86B30037A8D6 /* Authenticator.swift */,
				0015B73924DD87DA0037A8D6 /* DefaultAuthenticator.swift */,
				0015B73624DD86B30037A8D6 /* SimpleAuthenticator.swift */,
				AE822631232A717E00FFBE67 /* DataModel.swift */,
				AEBAF58E219ACFAC00566205 /* AppDelegate.swift */,
				AECCE11B23FBF3FE007C2276 /* MainNC.swift */,
				AEC7D46C249A598B008630FB /* FeederContext.swift */,
				AE08C49E2412B66400D41E91 /* ConfigDefaults.swift */,
				AEAABADD24641BFA001BE414 /* Const.swift */,
				AE4AA2AE23F6AD5700EAFE78 /* ViewController */,
				AE82262C232A70E000FFBE67 /* GraphQlSession.swift */,
				AE696F2D23918F9400265FC8 /* GqlFeeder.swift */,
				AEAAEB2B23FD867C00D1187F /* GqlAuth.swift */,
				AE5D9EBB23DF61C50002C3B8 /* Downloader.swift */,
				AE5D9EC623E2FD240002C3B8 /* GermanDate.swift */,
				AE16422D222FFEF200DF07DE /* ArticleDB */,
				AE0A4D0123F4297500C44625 /* Views */,
				AE5D9EC823E307460002C3B8 /* TestController */,
				AEBAF587219ACEC700566205 /* Supporting Files */,
				C794F23424FED184007168AC /* Helper.swift */,
			);
			path = taz.neo;
			sourceTree = "<group>";
		};
		AEBAF587219ACEC700566205 /* Supporting Files */ = {
			isa = PBXGroup;
			children = (
				773D56462614A4DF00B42FEF /* BundledResources */,
				7745050F25DA80450052E502 /* files */,
				7745050C25DA801F0052E502 /* resources.json */,
				AE10BEDF2526292F009F230D /* Alternate Icons */,
				080271BE24ADDD36002CD2F7 /* Base.lproj */,
				AEC7D4C624A5E1D3008630FB /* Scripts */,
				AED52FCA2492764500CC082E /* Fonts */,
				AEBAF56E219ACD1A00566205 /* Assets.xcassets */,
				AEBAF573219ACD1A00566205 /* Info.plist */,
				AED852A823CDEC8A002F07E8 /* taz.neo.entitlements */,
				08BB4AC824CEC26800B7A6B6 /* FallbackAssets.xcassets */,
			);
			path = "Supporting Files";
			sourceTree = "<group>";
		};
		AEC7D4C624A5E1D3008630FB /* Scripts */ = {
			isa = PBXGroup;
			children = (
			);
			path = Scripts;
			sourceTree = "<group>";
		};
		AED52FCA2492764500CC082E /* Fonts */ = {
			isa = PBXGroup;
			children = (
			);
			path = Fonts;
			sourceTree = "<group>";
		};
/* End PBXGroup section */

/* Begin PBXNativeTarget section */
		AEBAF563219ACD1900566205 /* taz.neo */ = {
			isa = PBXNativeTarget;
			buildConfigurationList = AEBAF581219ACD1A00566205 /* Build configuration list for PBXNativeTarget "taz.neo" */;
			buildPhases = (
				771E2F7125D68A8C00CFA830 /* ShellScript */,
				AEBAF560219ACD1900566205 /* Sources */,
				AEBAF561219ACD1900566205 /* Frameworks */,
				AEBAF562219ACD1900566205 /* Resources */,
				AEC7D4C324A5DE07008630FB /* ShellScript */,
			);
			buildRules = (
			);
			dependencies = (
			);
			name = taz.neo;
			productName = taz.neo;
			productReference = AEBAF564219ACD1900566205 /* die tageszeitung.app */;
			productType = "com.apple.product-type.application";
		};
/* End PBXNativeTarget section */

/* Begin PBXProject section */
		AEBAF55C219ACD1900566205 /* Project object */ = {
			isa = PBXProject;
			attributes = {
				LastSwiftUpdateCheck = 1160;
				LastUpgradeCheck = 1230;
				ORGANIZATIONNAME = "Norbert Thies";
				TargetAttributes = {
					AEBAF563219ACD1900566205 = {
						CreatedOnToolsVersion = 10.1;
						LastSwiftMigration = 1020;
					};
				};
			};
			buildConfigurationList = AEBAF55F219ACD1900566205 /* Build configuration list for PBXProject "taz.neo" */;
			compatibilityVersion = "Xcode 9.3";
			developmentRegion = en;
			hasScannedForEncodings = 0;
			knownRegions = (
				en,
				Base,
				de,
			);
			mainGroup = AEBAF55B219ACD1900566205;
			productRefGroup = AEBAF565219ACD1900566205 /* Products */;
			projectDirPath = "";
			projectReferences = (
				{
					ProductGroup = AE9851282320F83800EAC9D8 /* Products */;
					ProjectRef = AE9851272320F83800EAC9D8 /* NorthLib.xcodeproj */;
				},
			);
			projectRoot = "";
			targets = (
				AEBAF563219ACD1900566205 /* taz.neo */,
			);
		};
/* End PBXProject section */

/* Begin PBXReferenceProxy section */
		AE98512D2320F83900EAC9D8 /* NorthLib.framework */ = {
			isa = PBXReferenceProxy;
			fileType = wrapper.framework;
			path = NorthLib.framework;
			remoteRef = AE98512C2320F83900EAC9D8 /* PBXContainerItemProxy */;
			sourceTree = BUILT_PRODUCTS_DIR;
		};
		AE98512F2320F83900EAC9D8 /* Test.xctest */ = {
			isa = PBXReferenceProxy;
			fileType = wrapper.cfbundle;
			path = Test.xctest;
			remoteRef = AE98512E2320F83900EAC9D8 /* PBXContainerItemProxy */;
			sourceTree = BUILT_PRODUCTS_DIR;
		};
/* End PBXReferenceProxy section */

/* Begin PBXResourcesBuildPhase section */
		AEBAF562219ACD1900566205 /* Resources */ = {
			isa = PBXResourcesBuildPhase;
			buildActionMask = 2147483647;
			files = (
				AE5D9EC423E1BB2D0002C3B8 /* ContentTableVC.xib in Resources */,
				AE10BEE52526295A009F230D /* Alpha@3x.png in Resources */,
				08BB4AC924CEC26800B7A6B6 /* FallbackAssets.xcassets in Resources */,
				773D56472614A4DF00B42FEF /* BundledResources in Resources */,
				AE10BEE72526295A009F230D /* Alpha@2x.png in Resources */,
				080271C724ADDD68002CD2F7 /* Localizable.strings in Resources */,
				AE10BEEA25262CC1009F230D /* Release@3x.png in Resources */,
				AE10BEE62526295A009F230D /* Beta@2x.png in Resources */,
				AE10BEE42526295A009F230D /* Beta@3x.png in Resources */,
				AEBAF572219ACD1A00566205 /* LaunchScreen.storyboard in Resources */,
				7745050D25DA801F0052E502 /* resources.json in Resources */,
				AEBAF56F219ACD1A00566205 /* Assets.xcassets in Resources */,
				7745051025DA80450052E502 /* files in Resources */,
				AE10BEEB25262CC1009F230D /* Release@2x.png in Resources */,
			);
			runOnlyForDeploymentPostprocessing = 0;
		};
/* End PBXResourcesBuildPhase section */

/* Begin PBXShellScriptBuildPhase section */
		771E2F7125D68A8C00CFA830 /* ShellScript */ = {
			isa = PBXShellScriptBuildPhase;
			buildActionMask = 2147483647;
			files = (
			);
			inputFileListPaths = (
			);
			inputPaths = (
			);
			outputFileListPaths = (
			);
			outputPaths = (
			);
			runOnlyForDeploymentPostprocessing = 0;
			shellPath = /bin/sh;
			shellScript = "source ${SRCROOT}/taz.neo/Supporting\\ Files/Scripts/downloadBundledResources.sh\n";
		};
		AEC7D4C324A5DE07008630FB /* ShellScript */ = {
			isa = PBXShellScriptBuildPhase;
			buildActionMask = 2147483647;
			files = (
			);
			inputFileListPaths = (
			);
			inputPaths = (
				"$(SRCROOT)/$(PROJECT_NAME)/Supporting Files/Fonts/Aktiv Grotesk Bold.ttf",
				"$(SRCROOT)/$(PROJECT_NAME)/Supporting Files/Fonts/Aktiv Grotesk.ttf",
			);
			outputFileListPaths = (
			);
			outputPaths = (
				"${BUILT_PRODUCTS_DIR}/${WRAPPER_NAME}/Aktiv Grotesk Bold.ttf",
				"${BUILT_PRODUCTS_DIR}/${WRAPPER_NAME}/Aktiv Grotesk.ttf",
			);
			runOnlyForDeploymentPostprocessing = 0;
			shellPath = /bin/sh;
			shellScript = ". $SRCROOT/$PROJECT_NAME/\"Supporting Files\"/Scripts/addLocalResources.sh\n";
		};
/* End PBXShellScriptBuildPhase section */

/* Begin PBXSourcesBuildPhase section */
		AEBAF560219ACD1900566205 /* Sources */ = {
			isa = PBXSourcesBuildPhase;
			buildActionMask = 2147483647;
			files = (
				AEAABADE24641BFA001BE414 /* Const.swift in Sources */,
				AE76F9F7245421AC0043F497 /* WebViewTests.swift in Sources */,
				7715969525CC605D00508DE8 /* DeviceData.swift in Sources */,
				AE4F51DB2438C8E800BC9548 /* ArticleDB.swift in Sources */,
				AE5D9EC323E1BB2D0002C3B8 /* ContentTableVC.swift in Sources */,
				AEAAEB2C23FD867C00D1187F /* GqlAuth.swift in Sources */,
				0015B73724DD86B30037A8D6 /* Authenticator.swift in Sources */,
				AE76F9FB245497F80043F497 /* IntroVC.swift in Sources */,
				AE08C49F2412B66400D41E91 /* ConfigDefaults.swift in Sources */,
				AEC7D467249920DF008630FB /* PdfTest.swift in Sources */,
				7708DF66262896D10031C702 /* OfflineAlert.swift in Sources */,
				AEF2DF2F244709CC00D1482D /* IssueCarousel.swift in Sources */,
				0015B73824DD86B30037A8D6 /* SimpleAuthenticator.swift in Sources */,
				AEBAF596219ACFAC00566205 /* AppDelegate.swift in Sources */,
				7754452025D150AA00ABE3F8 /* TazPdfPagesViewController.swift in Sources */,
				00E3D2A524E68F3300AE075A /* TrialSubscriptionView.swift in Sources */,
				7754453525D1742E00ABE3F8 /* IssueVcWithBottomTiles.swift in Sources */,
				AE44F8E424815AF4009DA152 /* ContentImageVC.swift in Sources */,
				AEF2DF3324475A6200D1482D /* CarouselController.swift in Sources */,
				006E17E924D418090092DC0D /* FormComponents.swift in Sources */,
				004D4EFE24ACDBA7008C4EE7 /* LoginController.swift in Sources */,
				AE4AA2B823F6BEC400EAFE78 /* LoadingView.swift in Sources */,
				AE5D9EC023E1B82B0002C3B8 /* Downloader.swift in Sources */,
				7715969325CC605D00508DE8 /* FeedbackViewController.swift in Sources */,
				0015B73A24DD87DA0037A8D6 /* DefaultAuthenticator.swift in Sources */,
				0032A4D924C89E4800284723 /* FormsController.swift in Sources */,
				77D0DAEC25E8FDF900C9CB59 /* IssueVCBottomTielesCVCCell.swift in Sources */,
				C794F23524FED184007168AC /* Helper.swift in Sources */,
				AECCE11E23FBF449007C2276 /* StartupView.swift in Sources */,
				770544712637FE3D0051F12C /* ContentToolbar.swift in Sources */,
				00E3D2A924E68F5500AE075A /* PwForgottView.swift in Sources */,
				006007E224D1D333001680B6 /* TrialSubscriptionController.swift in Sources */,
				7715969425CC605D00508DE8 /* FeedbackComposer.swift in Sources */,
				AE21C46C23E710A600F8B811 /* UITests.swift in Sources */,
				00E3D2A724E68F4600AE075A /* LoginView.swift in Sources */,
				AE0C32DF246310E500E4AEA8 /* SliderTest.swift in Sources */,
				AECCE11823FBD006007C2276 /* ArticleVC.swift in Sources */,
				004D4F0024ACDC1F008C4EE7 /* FormView.swift in Sources */,
				AEF2DF35244766E400D1482D /* MomentView.swift in Sources */,
				AE5D9EBD23E1B8160002C3B8 /* GraphQlSession.swift in Sources */,
				AE80A3952449C3250012DFFA /* IssueVC.swift in Sources */,
				77A214C425D2B68F00A7C41B /* AppOverlay.swift in Sources */,
				778F741B25CC61340017E426 /* ViewWithTextView.swift in Sources */,
				773D564226145E8500B42FEF /* InfoToast.swift in Sources */,
				AECCE11C23FBF3FE007C2276 /* MainNC.swift in Sources */,
				AEC7D46D249A598B008630FB /* FeederContext.swift in Sources */,
				AE5D9EBE23E1B81A0002C3B8 /* DataModel.swift in Sources */,
				AEBAF5C4219ACFD900566205 /* ContentVC.swift in Sources */,
				AE44F8EB248949B0009DA152 /* ColorTests.swift in Sources */,
				0032A4DB24C89F1100284723 /* PwForgotController.swift in Sources */,
				AECCE11A23FBF07B007C2276 /* SectionVC.swift in Sources */,
				AE5D9EC723E2FD240002C3B8 /* GermanDate.swift in Sources */,
				AE5D9EBF23E1B8270002C3B8 /* GqlFeeder.swift in Sources */,
				AE0C32DB2462D1AE00E4AEA8 /* TextSettingsVC.swift in Sources */,
				AE44F8E62481621C009DA152 /* IssueInfoProtocol.swift in Sources */,
				7715969625CC605D00508DE8 /* FeedbackView.swift in Sources */,
				7715969725CC605D00508DE8 /* FeedbackHelper.swift in Sources */,
				AEBAF594219ACFAC00566205 /* TestController.swift in Sources */,
				778F741825CC60C80017E426 /* ViewWithTextField.swift in Sources */,
				AED748A62383F1D600C09D2D /* ArticleDB.xcdatamodel in Sources */,
				AEAEE0012456D9EC00F627FE /* StartupVC.swift in Sources */,
				AE0A4D0323F429D800C44625 /* HeaderView.swift in Sources */,
				00E3D2A124E68F1B00AE075A /* ConnectTazIdView.swift in Sources */,
				08D6045424C9D3A70045EBE7 /* ConnectTazIdController.swift in Sources */,
			);
			runOnlyForDeploymentPostprocessing = 0;
		};
/* End PBXSourcesBuildPhase section */

/* Begin PBXVariantGroup section */
		080271C524ADDD68002CD2F7 /* Localizable.strings */ = {
			isa = PBXVariantGroup;
			children = (
				080271C624ADDD68002CD2F7 /* Base */,
			);
			name = Localizable.strings;
			sourceTree = "<group>";
		};
		AE4C49422450412D001A40BE /* LogoLaunchScreen.storyboard */ = {
			isa = PBXVariantGroup;
			children = (
				AE4C49432450412D001A40BE /* Base */,
				AE11F79824B894710080CF51 /* de */,
			);
			name = LogoLaunchScreen.storyboard;
			sourceTree = "<group>";
		};
		AEBAF570219ACD1A00566205 /* LaunchScreen.storyboard */ = {
			isa = PBXVariantGroup;
			children = (
				AEBAF571219ACD1A00566205 /* Base */,
				AE11F79724B894710080CF51 /* de */,
			);
			name = LaunchScreen.storyboard;
			sourceTree = "<group>";
		};
/* End PBXVariantGroup section */

/* Begin XCBuildConfiguration section */
		AEBAF57F219ACD1A00566205 /* Debug */ = {
			isa = XCBuildConfiguration;
			buildSettings = {
				ALWAYS_SEARCH_USER_PATHS = NO;
				CLANG_ANALYZER_LOCALIZABILITY_NONLOCALIZED = YES;
				CLANG_ANALYZER_NONNULL = YES;
				CLANG_ANALYZER_NUMBER_OBJECT_CONVERSION = YES_AGGRESSIVE;
				CLANG_CXX_LANGUAGE_STANDARD = "gnu++14";
				CLANG_CXX_LIBRARY = "libc++";
				CLANG_ENABLE_MODULES = YES;
				CLANG_ENABLE_OBJC_ARC = YES;
				CLANG_ENABLE_OBJC_WEAK = YES;
				CLANG_WARN_BLOCK_CAPTURE_AUTORELEASING = YES;
				CLANG_WARN_BOOL_CONVERSION = YES;
				CLANG_WARN_COMMA = YES;
				CLANG_WARN_CONSTANT_CONVERSION = YES;
				CLANG_WARN_DEPRECATED_OBJC_IMPLEMENTATIONS = YES;
				CLANG_WARN_DIRECT_OBJC_ISA_USAGE = YES_ERROR;
				CLANG_WARN_DOCUMENTATION_COMMENTS = YES;
				CLANG_WARN_EMPTY_BODY = YES;
				CLANG_WARN_ENUM_CONVERSION = YES;
				CLANG_WARN_INFINITE_RECURSION = YES;
				CLANG_WARN_INT_CONVERSION = YES;
				CLANG_WARN_NON_LITERAL_NULL_CONVERSION = YES;
				CLANG_WARN_OBJC_IMPLICIT_RETAIN_SELF = YES;
				CLANG_WARN_OBJC_LITERAL_CONVERSION = YES;
				CLANG_WARN_OBJC_ROOT_CLASS = YES_ERROR;
				CLANG_WARN_QUOTED_INCLUDE_IN_FRAMEWORK_HEADER = YES;
				CLANG_WARN_RANGE_LOOP_ANALYSIS = YES;
				CLANG_WARN_STRICT_PROTOTYPES = YES;
				CLANG_WARN_SUSPICIOUS_MOVE = YES;
				CLANG_WARN_UNGUARDED_AVAILABILITY = YES_AGGRESSIVE;
				CLANG_WARN_UNREACHABLE_CODE = YES;
				CLANG_WARN__DUPLICATE_METHOD_MATCH = YES;
				CODE_SIGN_IDENTITY = "iPhone Developer";
				COPY_PHASE_STRIP = NO;
				DEBUG_INFORMATION_FORMAT = dwarf;
				ENABLE_STRICT_OBJC_MSGSEND = YES;
				ENABLE_TESTABILITY = YES;
				GCC_C_LANGUAGE_STANDARD = gnu11;
				GCC_DYNAMIC_NO_PIC = NO;
				GCC_NO_COMMON_BLOCKS = YES;
				GCC_OPTIMIZATION_LEVEL = 0;
				GCC_PREPROCESSOR_DEFINITIONS = (
					"DEBUG=1",
					"$(inherited)",
				);
				GCC_WARN_64_TO_32_BIT_CONVERSION = YES;
				GCC_WARN_ABOUT_RETURN_TYPE = YES_ERROR;
				GCC_WARN_UNDECLARED_SELECTOR = YES;
				GCC_WARN_UNINITIALIZED_AUTOS = YES_AGGRESSIVE;
				GCC_WARN_UNUSED_FUNCTION = YES;
				GCC_WARN_UNUSED_VARIABLE = YES;
				IPHONEOS_DEPLOYMENT_TARGET = 12.0;
				MTL_ENABLE_DEBUG_INFO = INCLUDE_SOURCE;
				MTL_FAST_MATH = YES;
				ONLY_ACTIVE_ARCH = YES;
				SDKROOT = iphoneos;
				SWIFT_ACTIVE_COMPILATION_CONDITIONS = DEBUG;
				SWIFT_OPTIMIZATION_LEVEL = "-Onone";
			};
			name = Debug;
		};
		AEBAF580219ACD1A00566205 /* Release */ = {
			isa = XCBuildConfiguration;
			buildSettings = {
				ALWAYS_SEARCH_USER_PATHS = NO;
				CLANG_ANALYZER_LOCALIZABILITY_NONLOCALIZED = YES;
				CLANG_ANALYZER_NONNULL = YES;
				CLANG_ANALYZER_NUMBER_OBJECT_CONVERSION = YES_AGGRESSIVE;
				CLANG_CXX_LANGUAGE_STANDARD = "gnu++14";
				CLANG_CXX_LIBRARY = "libc++";
				CLANG_ENABLE_MODULES = YES;
				CLANG_ENABLE_OBJC_ARC = YES;
				CLANG_ENABLE_OBJC_WEAK = YES;
				CLANG_WARN_BLOCK_CAPTURE_AUTORELEASING = YES;
				CLANG_WARN_BOOL_CONVERSION = YES;
				CLANG_WARN_COMMA = YES;
				CLANG_WARN_CONSTANT_CONVERSION = YES;
				CLANG_WARN_DEPRECATED_OBJC_IMPLEMENTATIONS = YES;
				CLANG_WARN_DIRECT_OBJC_ISA_USAGE = YES_ERROR;
				CLANG_WARN_DOCUMENTATION_COMMENTS = YES;
				CLANG_WARN_EMPTY_BODY = YES;
				CLANG_WARN_ENUM_CONVERSION = YES;
				CLANG_WARN_INFINITE_RECURSION = YES;
				CLANG_WARN_INT_CONVERSION = YES;
				CLANG_WARN_NON_LITERAL_NULL_CONVERSION = YES;
				CLANG_WARN_OBJC_IMPLICIT_RETAIN_SELF = YES;
				CLANG_WARN_OBJC_LITERAL_CONVERSION = YES;
				CLANG_WARN_OBJC_ROOT_CLASS = YES_ERROR;
				CLANG_WARN_QUOTED_INCLUDE_IN_FRAMEWORK_HEADER = YES;
				CLANG_WARN_RANGE_LOOP_ANALYSIS = YES;
				CLANG_WARN_STRICT_PROTOTYPES = YES;
				CLANG_WARN_SUSPICIOUS_MOVE = YES;
				CLANG_WARN_UNGUARDED_AVAILABILITY = YES_AGGRESSIVE;
				CLANG_WARN_UNREACHABLE_CODE = YES;
				CLANG_WARN__DUPLICATE_METHOD_MATCH = YES;
				CODE_SIGN_IDENTITY = "iPhone Developer";
				COPY_PHASE_STRIP = NO;
				DEBUG_INFORMATION_FORMAT = "dwarf-with-dsym";
				ENABLE_NS_ASSERTIONS = NO;
				ENABLE_STRICT_OBJC_MSGSEND = YES;
				GCC_C_LANGUAGE_STANDARD = gnu11;
				GCC_NO_COMMON_BLOCKS = YES;
				GCC_WARN_64_TO_32_BIT_CONVERSION = YES;
				GCC_WARN_ABOUT_RETURN_TYPE = YES_ERROR;
				GCC_WARN_UNDECLARED_SELECTOR = YES;
				GCC_WARN_UNINITIALIZED_AUTOS = YES_AGGRESSIVE;
				GCC_WARN_UNUSED_FUNCTION = YES;
				GCC_WARN_UNUSED_VARIABLE = YES;
				IPHONEOS_DEPLOYMENT_TARGET = 12.0;
				MTL_ENABLE_DEBUG_INFO = NO;
				MTL_FAST_MATH = YES;
				SDKROOT = iphoneos;
				SWIFT_COMPILATION_MODE = wholemodule;
				SWIFT_OPTIMIZATION_LEVEL = "-O";
				VALIDATE_PRODUCT = YES;
			};
			name = Release;
		};
		AEBAF582219ACD1A00566205 /* Debug */ = {
			isa = XCBuildConfiguration;
			buildSettings = {
				ASSETCATALOG_COMPILER_APPICON_NAME = AppIcon;
				CLANG_ENABLE_MODULES = YES;
				CODE_SIGN_ENTITLEMENTS = "taz.neo/Supporting Files/taz.neo.entitlements";
				CODE_SIGN_IDENTITY = "iPhone Developer";
				CODE_SIGN_STYLE = Automatic;
				CURRENT_PROJECT_VERSION = 2021050531;
				DEVELOPMENT_TEAM = 3R3GBCY6FA;
				INFOPLIST_FILE = "$(SRCROOT)/taz.neo/Supporting Files/Info.plist";
				IPHONEOS_DEPLOYMENT_TARGET = 12.0;
				LD_RUNPATH_SEARCH_PATHS = (
					"$(inherited)",
					"@executable_path/Frameworks",
				);
				MARKETING_VERSION = 0.5.0;
				PRODUCT_BUNDLE_IDENTIFIER = de.taz.taz.beta;
				PRODUCT_NAME = "die tageszeitung";
				PROVISIONING_PROFILE_SPECIFIER = "";
				SWIFT_OPTIMIZATION_LEVEL = "-Onone";
				SWIFT_VERSION = 5.0;
				TARGETED_DEVICE_FAMILY = "1,2";
			};
			name = Debug;
		};
		AEBAF583219ACD1A00566205 /* Release */ = {
			isa = XCBuildConfiguration;
			buildSettings = {
				ASSETCATALOG_COMPILER_APPICON_NAME = AppIcon;
				CLANG_ENABLE_MODULES = YES;
				CODE_SIGN_ENTITLEMENTS = "taz.neo/Supporting Files/taz.neo.entitlements";
				CODE_SIGN_IDENTITY = "iPhone Developer";
				CODE_SIGN_STYLE = Automatic;
				CURRENT_PROJECT_VERSION = 2021050531;
				DEVELOPMENT_TEAM = 3R3GBCY6FA;
				INFOPLIST_FILE = "$(SRCROOT)/taz.neo/Supporting Files/Info.plist";
				IPHONEOS_DEPLOYMENT_TARGET = 12.0;
				LD_RUNPATH_SEARCH_PATHS = (
					"$(inherited)",
					"@executable_path/Frameworks",
				);
				MARKETING_VERSION = 0.5.0;
				PRODUCT_BUNDLE_IDENTIFIER = de.taz.taz.beta;
				PRODUCT_NAME = "die tageszeitung";
				PROVISIONING_PROFILE_SPECIFIER = "";
				SWIFT_VERSION = 5.0;
				TARGETED_DEVICE_FAMILY = "1,2";
			};
			name = Release;
		};
/* End XCBuildConfiguration section */

/* Begin XCConfigurationList section */
		AEBAF55F219ACD1900566205 /* Build configuration list for PBXProject "taz.neo" */ = {
			isa = XCConfigurationList;
			buildConfigurations = (
				AEBAF57F219ACD1A00566205 /* Debug */,
				AEBAF580219ACD1A00566205 /* Release */,
			);
			defaultConfigurationIsVisible = 0;
			defaultConfigurationName = Release;
		};
		AEBAF581219ACD1A00566205 /* Build configuration list for PBXNativeTarget "taz.neo" */ = {
			isa = XCConfigurationList;
			buildConfigurations = (
				AEBAF582219ACD1A00566205 /* Debug */,
				AEBAF583219ACD1A00566205 /* Release */,
			);
			defaultConfigurationIsVisible = 0;
			defaultConfigurationName = Release;
		};
/* End XCConfigurationList section */
	};
	rootObject = AEBAF55C219ACD1900566205 /* Project object */;
}
