// !$*UTF8*$!
{
	archiveVersion = 1;
	classes = {
	};
	objectVersion = 52;
	objects = {

/* Begin PBXBuildFile section */
		0015B73724DD86B30037A8D6 /* Authenticator.swift in Sources */ = {isa = PBXBuildFile; fileRef = 0015B73524DD86B30037A8D6 /* Authenticator.swift */; };
		0015B73824DD86B30037A8D6 /* SimpleAuthenticator.swift in Sources */ = {isa = PBXBuildFile; fileRef = 0015B73624DD86B30037A8D6 /* SimpleAuthenticator.swift */; };
		0015B73A24DD87DA0037A8D6 /* DefaultAuthenticator.swift in Sources */ = {isa = PBXBuildFile; fileRef = 0015B73924DD87DA0037A8D6 /* DefaultAuthenticator.swift */; };
		0032A4D924C89E4800284723 /* FormsController.swift in Sources */ = {isa = PBXBuildFile; fileRef = 0032A4D824C89E4800284723 /* FormsController.swift */; };
		0032A4DB24C89F1100284723 /* PwForgotController.swift in Sources */ = {isa = PBXBuildFile; fileRef = 0032A4DA24C89F1100284723 /* PwForgotController.swift */; };
		004D4EFE24ACDBA7008C4EE7 /* LoginController.swift in Sources */ = {isa = PBXBuildFile; fileRef = 004D4EFD24ACDBA7008C4EE7 /* LoginController.swift */; };
		004D4F0024ACDC1F008C4EE7 /* FormView.swift in Sources */ = {isa = PBXBuildFile; fileRef = 004D4EFF24ACDC1F008C4EE7 /* FormView.swift */; };
		006007E224D1D333001680B6 /* TrialSubscriptionController.swift in Sources */ = {isa = PBXBuildFile; fileRef = 006007E124D1D333001680B6 /* TrialSubscriptionController.swift */; };
		006E17E924D418090092DC0D /* FormComponents.swift in Sources */ = {isa = PBXBuildFile; fileRef = 006E17E824D418090092DC0D /* FormComponents.swift */; };
		00E3D2A124E68F1B00AE075A /* ConnectTazIdView.swift in Sources */ = {isa = PBXBuildFile; fileRef = 00E3D2A024E68F1B00AE075A /* ConnectTazIdView.swift */; };
		00E3D2A524E68F3300AE075A /* TrialSubscriptionView.swift in Sources */ = {isa = PBXBuildFile; fileRef = 00E3D2A424E68F3300AE075A /* TrialSubscriptionView.swift */; };
		00E3D2A724E68F4600AE075A /* LoginView.swift in Sources */ = {isa = PBXBuildFile; fileRef = 00E3D2A624E68F4600AE075A /* LoginView.swift */; };
		00E3D2A924E68F5500AE075A /* PwForgottView.swift in Sources */ = {isa = PBXBuildFile; fileRef = 00E3D2A824E68F5500AE075A /* PwForgottView.swift */; };
		080271C724ADDD68002CD2F7 /* Localizable.strings in Resources */ = {isa = PBXBuildFile; fileRef = 080271C524ADDD68002CD2F7 /* Localizable.strings */; };
		08D6045424C9D3A70045EBE7 /* ConnectTazIdController.swift in Sources */ = {isa = PBXBuildFile; fileRef = 08D6045324C9D3A70045EBE7 /* ConnectTazIdController.swift */; };
		4D308ED6283404C700529592 /* GqlFeederSearch.swift in Sources */ = {isa = PBXBuildFile; fileRef = 4D308ED4283404C700529592 /* GqlFeederSearch.swift */; };
		4D308EDB283404D400529592 /* TazAppEnvironment.swift in Sources */ = {isa = PBXBuildFile; fileRef = 4D308ED9283404D400529592 /* TazAppEnvironment.swift */; };
		4D308EE52834057200529592 /* SearchResultsTableView.swift in Sources */ = {isa = PBXBuildFile; fileRef = 4D308EDF2834057200529592 /* SearchResultsTableView.swift */; };
		4D308EE62834057200529592 /* SearchHeaderView.swift in Sources */ = {isa = PBXBuildFile; fileRef = 4D308EE02834057200529592 /* SearchHeaderView.swift */; };
		4D308EE72834057200529592 /* SearchSettingsView.swift in Sources */ = {isa = PBXBuildFile; fileRef = 4D308EE12834057200529592 /* SearchSettingsView.swift */; };
		4D308EE82834057200529592 /* SearchResultIssue.swift in Sources */ = {isa = PBXBuildFile; fileRef = 4D308EE22834057200529592 /* SearchResultIssue.swift */; };
		4D308EE92834057200529592 /* SearchResultArticleVc.swift in Sources */ = {isa = PBXBuildFile; fileRef = 4D308EE32834057200529592 /* SearchResultArticleVc.swift */; };
		4D308EEA2834057200529592 /* SearchController.swift in Sources */ = {isa = PBXBuildFile; fileRef = 4D308EE42834057200529592 /* SearchController.swift */; };
		4D308EEC283405A900529592 /* MainTabVC.swift in Sources */ = {isa = PBXBuildFile; fileRef = 4D308EEB283405A900529592 /* MainTabVC.swift */; };
		4D308EEE283405D900529592 /* PlaceholderView.swift in Sources */ = {isa = PBXBuildFile; fileRef = 4D308EED283405D900529592 /* PlaceholderView.swift */; };
		4D308EF02834061600529592 /* BookmarkNC.swift in Sources */ = {isa = PBXBuildFile; fileRef = 4D308EEF2834061600529592 /* BookmarkNC.swift */; };
		4D3131F2289159FE0087EE1B /* SubscriptionFormController.swift in Sources */ = {isa = PBXBuildFile; fileRef = 4D3131F1289159FE0087EE1B /* SubscriptionFormController.swift */; };
		770544712637FE3D0051F12C /* ContentToolbar.swift in Sources */ = {isa = PBXBuildFile; fileRef = 770544702637FE3D0051F12C /* ContentToolbar.swift */; };
		7708DF66262896D10031C702 /* OfflineAlert.swift in Sources */ = {isa = PBXBuildFile; fileRef = 7708DF65262896D10031C702 /* OfflineAlert.swift */; };
		7715969325CC605D00508DE8 /* FeedbackViewController.swift in Sources */ = {isa = PBXBuildFile; fileRef = 7715968C25CC605D00508DE8 /* FeedbackViewController.swift */; };
		7715969425CC605D00508DE8 /* FeedbackComposer.swift in Sources */ = {isa = PBXBuildFile; fileRef = 7715968D25CC605D00508DE8 /* FeedbackComposer.swift */; };
		7715969525CC605D00508DE8 /* DeviceData.swift in Sources */ = {isa = PBXBuildFile; fileRef = 7715968E25CC605D00508DE8 /* DeviceData.swift */; };
		7715969625CC605D00508DE8 /* FeedbackView.swift in Sources */ = {isa = PBXBuildFile; fileRef = 7715968F25CC605D00508DE8 /* FeedbackView.swift */; };
		7715969725CC605D00508DE8 /* FeedbackHelper.swift in Sources */ = {isa = PBXBuildFile; fileRef = 7715969025CC605D00508DE8 /* FeedbackHelper.swift */; };
		7732842A274F9F5B00B08535 /* TazCustomized.swift in Sources */ = {isa = PBXBuildFile; fileRef = 77328429274F9F5B00B08535 /* TazCustomized.swift */; };
		773D564226145E8500B42FEF /* InfoToast.swift in Sources */ = {isa = PBXBuildFile; fileRef = 773D564126145E8500B42FEF /* InfoToast.swift */; };
		773D56472614A4DF00B42FEF /* BundledResources in Resources */ = {isa = PBXBuildFile; fileRef = 773D56462614A4DF00B42FEF /* BundledResources */; };
		7745050D25DA801F0052E502 /* resources.json in Resources */ = {isa = PBXBuildFile; fileRef = 7745050C25DA801F0052E502 /* resources.json */; };
		7745051025DA80450052E502 /* files in Resources */ = {isa = PBXBuildFile; fileRef = 7745050F25DA80450052E502 /* files */; };
		774C6F8129CB5BAF001285FB /* KeyboardToolbarForText.swift in Sources */ = {isa = PBXBuildFile; fileRef = 774C6F8029CB5BAF001285FB /* KeyboardToolbarForText.swift */; };
		7754452025D150AA00ABE3F8 /* TazPdfPagesViewController.swift in Sources */ = {isa = PBXBuildFile; fileRef = 00C4A0D025655F52002CDFDB /* TazPdfPagesViewController.swift */; };
		7754453525D1742E00ABE3F8 /* IssueVcWithBottomTiles.swift in Sources */ = {isa = PBXBuildFile; fileRef = 7754453225D1742E00ABE3F8 /* IssueVcWithBottomTiles.swift */; };
		776E59C629ED25A3001D5C5B /* dot-day.svg in Resources */ = {isa = PBXBuildFile; fileRef = 776E59C429ED25A3001D5C5B /* dot-day.svg */; };
		776E59C729ED25A3001D5C5B /* dot-night.svg in Resources */ = {isa = PBXBuildFile; fileRef = 776E59C529ED25A3001D5C5B /* dot-night.svg */; };
		777048AB27B3B077007164A0 /* NotificationBusiness.swift in Sources */ = {isa = PBXBuildFile; fileRef = 777048AA27B3B077007164A0 /* NotificationBusiness.swift */; };
		77828D1627444FF500DCD3BE /* BuildConst.swift in Sources */ = {isa = PBXBuildFile; fileRef = 77828D1327444FF500DCD3BE /* BuildConst.swift */; };
		778F741825CC60C80017E426 /* ViewWithTextField.swift in Sources */ = {isa = PBXBuildFile; fileRef = 778F741525CC60C80017E426 /* ViewWithTextField.swift */; };
		778F741B25CC61340017E426 /* ViewWithTextView.swift in Sources */ = {isa = PBXBuildFile; fileRef = 778F741A25CC61340017E426 /* ViewWithTextView.swift */; };
		779DE96126FA3D790056187B /* SettingsVC.swift in Sources */ = {isa = PBXBuildFile; fileRef = 779DE96026FA3D790056187B /* SettingsVC.swift */; };
		779EF0D02A03A16200D6A626 /* InfoToaster.swift in Sources */ = {isa = PBXBuildFile; fileRef = 779EF0CF2A03A16200D6A626 /* InfoToaster.swift */; };
		77A214C425D2B68F00A7C41B /* AppOverlay.swift in Sources */ = {isa = PBXBuildFile; fileRef = 77A214C325D2B68F00A7C41B /* AppOverlay.swift */; };
		77AB6B052A02653000C42712 /* NotificationsView.swift in Sources */ = {isa = PBXBuildFile; fileRef = 77AB6B042A02653000C42712 /* NotificationsView.swift */; };
		77BA74652892836600D1039B /* SubscriptionFormView.swift in Sources */ = {isa = PBXBuildFile; fileRef = 77BA74642892836600D1039B /* SubscriptionFormView.swift */; };
		77CA154A2689A97600A2A18A /* ScrollDownAnimationView.swift in Sources */ = {isa = PBXBuildFile; fileRef = 77CA15492689A97600A2A18A /* ScrollDownAnimationView.swift */; };
		77D0DAEC25E8FDF900C9CB59 /* IssueVCBottomTielesCVCCell.swift in Sources */ = {isa = PBXBuildFile; fileRef = 77D0DAEB25E8FDF900C9CB59 /* IssueVCBottomTielesCVCCell.swift */; };
		77E5E1BC292D772200611148 /* Javascript.swift in Sources */ = {isa = PBXBuildFile; fileRef = 77E5E1BB292D772200611148 /* Javascript.swift */; };
		94487DAC274BCCE10066BCD0 /* AppHelper.swift in Sources */ = {isa = PBXBuildFile; fileRef = 94487DAB274BCCE10066BCD0 /* AppHelper.swift */; };
		AE08C49F2412B66400D41E91 /* ConfigDefaults.swift in Sources */ = {isa = PBXBuildFile; fileRef = AE08C49E2412B66400D41E91 /* ConfigDefaults.swift */; };
		AE0A4D0323F429D800C44625 /* HeaderView.swift in Sources */ = {isa = PBXBuildFile; fileRef = AE0A4D0223F429D800C44625 /* HeaderView.swift */; };
		AE0C32DB2462D1AE00E4AEA8 /* TextSettingsVC.swift in Sources */ = {isa = PBXBuildFile; fileRef = AE0C32DA2462D1AE00E4AEA8 /* TextSettingsVC.swift */; };
		AE0C32DF246310E500E4AEA8 /* SliderTest.swift in Sources */ = {isa = PBXBuildFile; fileRef = AE0C32DE246310E500E4AEA8 /* SliderTest.swift */; };
		AE0EC3FD26C1399300EDDF04 /* libc++.tbd in Frameworks */ = {isa = PBXBuildFile; fileRef = AED748A9238413D800C09D2D /* libc++.tbd */; };
		AE0EC40026C139A200EDDF04 /* libz.tbd in Frameworks */ = {isa = PBXBuildFile; fileRef = AED748AA238413EB00C09D2D /* libz.tbd */; };
		AE1632842848A4C9004CB55E /* Share.svg in Resources */ = {isa = PBXBuildFile; fileRef = AE1632832848A4C9004CB55E /* Share.svg */; };
		AE1632862848A666004CB55E /* bookmarks-ios.css in Resources */ = {isa = PBXBuildFile; fileRef = AE1632852848A666004CB55E /* bookmarks-ios.css */; };
		AE1632882848A728004CB55E /* bookmarks-ios.js in Resources */ = {isa = PBXBuildFile; fileRef = AE1632872848A728004CB55E /* bookmarks-ios.js */; };
		AE21C46C23E710A600F8B811 /* UITests.swift in Sources */ = {isa = PBXBuildFile; fileRef = AE21C46B23E710A600F8B811 /* UITests.swift */; };
		AE34778F283681490022316C /* ArticleDB.xcdatamodeld in Sources */ = {isa = PBXBuildFile; fileRef = AE34778C283681490022316C /* ArticleDB.xcdatamodeld */; };
		AE44F8E424815AF4009DA152 /* ContentImageVC.swift in Sources */ = {isa = PBXBuildFile; fileRef = AE44F8E324815AF4009DA152 /* ContentImageVC.swift */; };
		AE44F8E62481621C009DA152 /* IssueInfoProtocol.swift in Sources */ = {isa = PBXBuildFile; fileRef = AE44F8E52481621C009DA152 /* IssueInfoProtocol.swift */; };
		AE44F8EB248949B0009DA152 /* ColorTests.swift in Sources */ = {isa = PBXBuildFile; fileRef = AE44F8EA248949B0009DA152 /* ColorTests.swift */; };
		AE4AA2B823F6BEC400EAFE78 /* LoadingView.swift in Sources */ = {isa = PBXBuildFile; fileRef = AE4AA2B723F6BEC400EAFE78 /* LoadingView.swift */; };
		AE4C4FEF26A04EBD006079C8 /* ArticlePlayer.swift in Sources */ = {isa = PBXBuildFile; fileRef = AE4C4FEE26A04EBD006079C8 /* ArticlePlayer.swift */; };
		AE4C4FF926A1ABD9006079C8 /* BookmarkFeed.swift in Sources */ = {isa = PBXBuildFile; fileRef = AE4C4FF826A1ABD9006079C8 /* BookmarkFeed.swift */; };
		AE4F51DB2438C8E800BC9548 /* ArticleDB.swift in Sources */ = {isa = PBXBuildFile; fileRef = AE4F51DA2438C8E800BC9548 /* ArticleDB.swift */; };
		AE5D9EBD23E1B8160002C3B8 /* GraphQlSession.swift in Sources */ = {isa = PBXBuildFile; fileRef = AE82262C232A70E000FFBE67 /* GraphQlSession.swift */; };
		AE5D9EBE23E1B81A0002C3B8 /* DataModel.swift in Sources */ = {isa = PBXBuildFile; fileRef = AE822631232A717E00FFBE67 /* DataModel.swift */; };
		AE5D9EBF23E1B8270002C3B8 /* GqlFeeder.swift in Sources */ = {isa = PBXBuildFile; fileRef = AE696F2D23918F9400265FC8 /* GqlFeeder.swift */; };
		AE5D9EC023E1B82B0002C3B8 /* Downloader.swift in Sources */ = {isa = PBXBuildFile; fileRef = AE5D9EBB23DF61C50002C3B8 /* Downloader.swift */; };
		AE5D9EC323E1BB2D0002C3B8 /* ContentTableVC.swift in Sources */ = {isa = PBXBuildFile; fileRef = AE5D9EC123E1BB2D0002C3B8 /* ContentTableVC.swift */; };
		AE5D9EC423E1BB2D0002C3B8 /* ContentTableVC.xib in Resources */ = {isa = PBXBuildFile; fileRef = AE5D9EC223E1BB2D0002C3B8 /* ContentTableVC.xib */; };
		AE5D9EC723E2FD240002C3B8 /* GermanDate.swift in Sources */ = {isa = PBXBuildFile; fileRef = AE5D9EC623E2FD240002C3B8 /* GermanDate.swift */; };
		AE5DFACF267E10540035162C /* KeychainTest.swift in Sources */ = {isa = PBXBuildFile; fileRef = AE5DFACE267E10540035162C /* KeychainTest.swift */; };
		AE76F9F7245421AC0043F497 /* WebViewTests.swift in Sources */ = {isa = PBXBuildFile; fileRef = AE76F9F6245421AC0043F497 /* WebViewTests.swift */; };
		AE76F9FB245497F80043F497 /* IntroVC.swift in Sources */ = {isa = PBXBuildFile; fileRef = AE76F9FA245497F80043F497 /* IntroVC.swift */; };
		AE80A3952449C3250012DFFA /* IssueVC.swift in Sources */ = {isa = PBXBuildFile; fileRef = AE80A3942449C3250012DFFA /* IssueVC.swift */; };
		AEAABADE24641BFA001BE414 /* Const.swift in Sources */ = {isa = PBXBuildFile; fileRef = AEAABADD24641BFA001BE414 /* Const.swift */; };
		AEAAEB2C23FD867C00D1187F /* GqlAuth.swift in Sources */ = {isa = PBXBuildFile; fileRef = AEAAEB2B23FD867C00D1187F /* GqlAuth.swift */; };
		AEAE18B1285E213600B67A91 /* BookmarkSectionVC.swift in Sources */ = {isa = PBXBuildFile; fileRef = AEAE18B0285E213600B67A91 /* BookmarkSectionVC.swift */; };
		AEAEE0012456D9EC00F627FE /* StartupVC.swift in Sources */ = {isa = PBXBuildFile; fileRef = AEAEE0002456D9EC00F627FE /* StartupVC.swift */; };
		AEB935332917E81F000330DA /* Star.svg in Resources */ = {isa = PBXBuildFile; fileRef = AEB935312917E81F000330DA /* Star.svg */; };
		AEB935342917E81F000330DA /* StarFilled.svg in Resources */ = {isa = PBXBuildFile; fileRef = AEB935322917E81F000330DA /* StarFilled.svg */; };
		AEBAF56F219ACD1A00566205 /* Assets.xcassets in Resources */ = {isa = PBXBuildFile; fileRef = AEBAF56E219ACD1A00566205 /* Assets.xcassets */; };
		AEBAF572219ACD1A00566205 /* LaunchScreen.storyboard in Resources */ = {isa = PBXBuildFile; fileRef = AEBAF570219ACD1A00566205 /* LaunchScreen.storyboard */; };
		AEBAF594219ACFAC00566205 /* TestController.swift in Sources */ = {isa = PBXBuildFile; fileRef = AEBAF58D219ACFAC00566205 /* TestController.swift */; };
		AEBAF596219ACFAC00566205 /* AppDelegate.swift in Sources */ = {isa = PBXBuildFile; fileRef = AEBAF58E219ACFAC00566205 /* AppDelegate.swift */; };
		AEBAF5C4219ACFD900566205 /* ContentVC.swift in Sources */ = {isa = PBXBuildFile; fileRef = AEBAF5AB219ACFD900566205 /* ContentVC.swift */; };
		AEC7D467249920DF008630FB /* OverlayTest.swift in Sources */ = {isa = PBXBuildFile; fileRef = AE86486F248E274F007096B4 /* OverlayTest.swift */; };
		AEC7D46D249A598B008630FB /* FeederContext.swift in Sources */ = {isa = PBXBuildFile; fileRef = AEC7D46C249A598B008630FB /* FeederContext.swift */; };
		AECCE11823FBD006007C2276 /* ArticleVC.swift in Sources */ = {isa = PBXBuildFile; fileRef = AE4AA2B323F6B01A00EAFE78 /* ArticleVC.swift */; };
		AECCE11A23FBF07B007C2276 /* SectionVC.swift in Sources */ = {isa = PBXBuildFile; fileRef = AE4AA2B123F6AD9100EAFE78 /* SectionVC.swift */; };
		AECCE11E23FBF449007C2276 /* StartupView.swift in Sources */ = {isa = PBXBuildFile; fileRef = AECCE11D23FBF449007C2276 /* StartupView.swift */; };
		AECD1A8E282CFDF0007E00EE /* NorthLib in Frameworks */ = {isa = PBXBuildFile; productRef = AECD1A8D282CFDF0007E00EE /* NorthLib */; };
		AEEC919A282E964300F91A2D /* ArticleDBVersionChanges.swift in Sources */ = {isa = PBXBuildFile; fileRef = AEEC9199282E964300F91A2D /* ArticleDBVersionChanges.swift */; };
		AEF2DF2F244709CC00D1482D /* IssueCarousel.swift in Sources */ = {isa = PBXBuildFile; fileRef = AEF2DF2E244709CC00D1482D /* IssueCarousel.swift */; };
		AEF2DF3324475A6200D1482D /* CarouselController.swift in Sources */ = {isa = PBXBuildFile; fileRef = AECAC8FC2440AF1F00D32175 /* CarouselController.swift */; };
		AEF2DF35244766E400D1482D /* MomentView.swift in Sources */ = {isa = PBXBuildFile; fileRef = AEF2DF34244766E400D1482D /* MomentView.swift */; };
		AEF877ED282BC47400FD51CD /* Trash.svg in Resources */ = {isa = PBXBuildFile; fileRef = AEF877EC282BC47400FD51CD /* Trash.svg */; };
		C794F23524FED184007168AC /* Helper.swift in Sources */ = {isa = PBXBuildFile; fileRef = C794F23424FED184007168AC /* Helper.swift */; };
/* End PBXBuildFile section */

/* Begin PBXFileReference section */
		0015B73524DD86B30037A8D6 /* Authenticator.swift */ = {isa = PBXFileReference; fileEncoding = 4; lastKnownFileType = sourcecode.swift; path = Authenticator.swift; sourceTree = "<group>"; };
		0015B73624DD86B30037A8D6 /* SimpleAuthenticator.swift */ = {isa = PBXFileReference; fileEncoding = 4; lastKnownFileType = sourcecode.swift; path = SimpleAuthenticator.swift; sourceTree = "<group>"; };
		0015B73924DD87DA0037A8D6 /* DefaultAuthenticator.swift */ = {isa = PBXFileReference; lastKnownFileType = sourcecode.swift; path = DefaultAuthenticator.swift; sourceTree = "<group>"; };
		0032A4D824C89E4800284723 /* FormsController.swift */ = {isa = PBXFileReference; lastKnownFileType = sourcecode.swift; path = FormsController.swift; sourceTree = "<group>"; };
		0032A4DA24C89F1100284723 /* PwForgotController.swift */ = {isa = PBXFileReference; lastKnownFileType = sourcecode.swift; path = PwForgotController.swift; sourceTree = "<group>"; };
		004D4EFD24ACDBA7008C4EE7 /* LoginController.swift */ = {isa = PBXFileReference; lastKnownFileType = sourcecode.swift; path = LoginController.swift; sourceTree = "<group>"; };
		004D4EFF24ACDC1F008C4EE7 /* FormView.swift */ = {isa = PBXFileReference; lastKnownFileType = sourcecode.swift; path = FormView.swift; sourceTree = "<group>"; };
		006007E124D1D333001680B6 /* TrialSubscriptionController.swift */ = {isa = PBXFileReference; lastKnownFileType = sourcecode.swift; path = TrialSubscriptionController.swift; sourceTree = "<group>"; };
		006E17E824D418090092DC0D /* FormComponents.swift */ = {isa = PBXFileReference; lastKnownFileType = sourcecode.swift; path = FormComponents.swift; sourceTree = "<group>"; };
		00C4A0D025655F52002CDFDB /* TazPdfPagesViewController.swift */ = {isa = PBXFileReference; lastKnownFileType = sourcecode.swift; path = TazPdfPagesViewController.swift; sourceTree = "<group>"; };
		00E3D2A024E68F1B00AE075A /* ConnectTazIdView.swift */ = {isa = PBXFileReference; lastKnownFileType = sourcecode.swift; path = ConnectTazIdView.swift; sourceTree = "<group>"; };
		00E3D2A424E68F3300AE075A /* TrialSubscriptionView.swift */ = {isa = PBXFileReference; lastKnownFileType = sourcecode.swift; path = TrialSubscriptionView.swift; sourceTree = "<group>"; };
		00E3D2A624E68F4600AE075A /* LoginView.swift */ = {isa = PBXFileReference; lastKnownFileType = sourcecode.swift; path = LoginView.swift; sourceTree = "<group>"; };
		00E3D2A824E68F5500AE075A /* PwForgottView.swift */ = {isa = PBXFileReference; lastKnownFileType = sourcecode.swift; path = PwForgottView.swift; sourceTree = "<group>"; };
		080271C624ADDD68002CD2F7 /* Base */ = {isa = PBXFileReference; lastKnownFileType = text.plist.strings; name = Base; path = Localizable.strings; sourceTree = "<group>"; };
		08D6045324C9D3A70045EBE7 /* ConnectTazIdController.swift */ = {isa = PBXFileReference; lastKnownFileType = sourcecode.swift; path = ConnectTazIdController.swift; sourceTree = "<group>"; };
		4D308ED4283404C700529592 /* GqlFeederSearch.swift */ = {isa = PBXFileReference; fileEncoding = 4; lastKnownFileType = sourcecode.swift; path = GqlFeederSearch.swift; sourceTree = "<group>"; };
		4D308ED9283404D400529592 /* TazAppEnvironment.swift */ = {isa = PBXFileReference; fileEncoding = 4; lastKnownFileType = sourcecode.swift; path = TazAppEnvironment.swift; sourceTree = "<group>"; };
		4D308EDF2834057200529592 /* SearchResultsTableView.swift */ = {isa = PBXFileReference; fileEncoding = 4; lastKnownFileType = sourcecode.swift; path = SearchResultsTableView.swift; sourceTree = "<group>"; };
		4D308EE02834057200529592 /* SearchHeaderView.swift */ = {isa = PBXFileReference; fileEncoding = 4; lastKnownFileType = sourcecode.swift; path = SearchHeaderView.swift; sourceTree = "<group>"; };
		4D308EE12834057200529592 /* SearchSettingsView.swift */ = {isa = PBXFileReference; fileEncoding = 4; lastKnownFileType = sourcecode.swift; path = SearchSettingsView.swift; sourceTree = "<group>"; };
		4D308EE22834057200529592 /* SearchResultIssue.swift */ = {isa = PBXFileReference; fileEncoding = 4; lastKnownFileType = sourcecode.swift; path = SearchResultIssue.swift; sourceTree = "<group>"; };
		4D308EE32834057200529592 /* SearchResultArticleVc.swift */ = {isa = PBXFileReference; fileEncoding = 4; lastKnownFileType = sourcecode.swift; path = SearchResultArticleVc.swift; sourceTree = "<group>"; };
		4D308EE42834057200529592 /* SearchController.swift */ = {isa = PBXFileReference; fileEncoding = 4; lastKnownFileType = sourcecode.swift; path = SearchController.swift; sourceTree = "<group>"; };
		4D308EEB283405A900529592 /* MainTabVC.swift */ = {isa = PBXFileReference; fileEncoding = 4; lastKnownFileType = sourcecode.swift; path = MainTabVC.swift; sourceTree = "<group>"; };
		4D308EED283405D900529592 /* PlaceholderView.swift */ = {isa = PBXFileReference; fileEncoding = 4; lastKnownFileType = sourcecode.swift; path = PlaceholderView.swift; sourceTree = "<group>"; };
		4D308EEF2834061600529592 /* BookmarkNC.swift */ = {isa = PBXFileReference; fileEncoding = 4; lastKnownFileType = sourcecode.swift; path = BookmarkNC.swift; sourceTree = "<group>"; };
		4D3131F1289159FE0087EE1B /* SubscriptionFormController.swift */ = {isa = PBXFileReference; lastKnownFileType = sourcecode.swift; path = SubscriptionFormController.swift; sourceTree = "<group>"; };
		770544702637FE3D0051F12C /* ContentToolbar.swift */ = {isa = PBXFileReference; lastKnownFileType = sourcecode.swift; path = ContentToolbar.swift; sourceTree = "<group>"; };
		7708DF65262896D10031C702 /* OfflineAlert.swift */ = {isa = PBXFileReference; lastKnownFileType = sourcecode.swift; path = OfflineAlert.swift; sourceTree = "<group>"; };
		7715968C25CC605D00508DE8 /* FeedbackViewController.swift */ = {isa = PBXFileReference; fileEncoding = 4; lastKnownFileType = sourcecode.swift; path = FeedbackViewController.swift; sourceTree = "<group>"; };
		7715968D25CC605D00508DE8 /* FeedbackComposer.swift */ = {isa = PBXFileReference; fileEncoding = 4; lastKnownFileType = sourcecode.swift; path = FeedbackComposer.swift; sourceTree = "<group>"; };
		7715968E25CC605D00508DE8 /* DeviceData.swift */ = {isa = PBXFileReference; fileEncoding = 4; lastKnownFileType = sourcecode.swift; path = DeviceData.swift; sourceTree = "<group>"; };
		7715968F25CC605D00508DE8 /* FeedbackView.swift */ = {isa = PBXFileReference; fileEncoding = 4; lastKnownFileType = sourcecode.swift; path = FeedbackView.swift; sourceTree = "<group>"; };
		7715969025CC605D00508DE8 /* FeedbackHelper.swift */ = {isa = PBXFileReference; fileEncoding = 4; lastKnownFileType = sourcecode.swift; path = FeedbackHelper.swift; sourceTree = "<group>"; };
		77328429274F9F5B00B08535 /* TazCustomized.swift */ = {isa = PBXFileReference; lastKnownFileType = sourcecode.swift; path = TazCustomized.swift; sourceTree = "<group>"; };
		7738E50C2744596200453CD8 /* genBuildConst.rb */ = {isa = PBXFileReference; lastKnownFileType = text.script.ruby; path = genBuildConst.rb; sourceTree = "<group>"; };
		773D564126145E8500B42FEF /* InfoToast.swift */ = {isa = PBXFileReference; lastKnownFileType = sourcecode.swift; path = InfoToast.swift; sourceTree = "<group>"; };
		773D56462614A4DF00B42FEF /* BundledResources */ = {isa = PBXFileReference; lastKnownFileType = folder; path = BundledResources; sourceTree = "<group>"; };
		7745050C25DA801F0052E502 /* resources.json */ = {isa = PBXFileReference; fileEncoding = 4; lastKnownFileType = text.json; name = resources.json; path = Resources/resources.json; sourceTree = "<group>"; };
		7745050F25DA80450052E502 /* files */ = {isa = PBXFileReference; lastKnownFileType = folder; name = files; path = Resources/files; sourceTree = "<group>"; };
		774C6F8029CB5BAF001285FB /* KeyboardToolbarForText.swift */ = {isa = PBXFileReference; lastKnownFileType = sourcecode.swift; path = KeyboardToolbarForText.swift; sourceTree = "<group>"; };
		7754453225D1742E00ABE3F8 /* IssueVcWithBottomTiles.swift */ = {isa = PBXFileReference; fileEncoding = 4; lastKnownFileType = sourcecode.swift; path = IssueVcWithBottomTiles.swift; sourceTree = "<group>"; };
		776158192743E8440044516C /* AppIcons */ = {isa = PBXFileReference; lastKnownFileType = folder; path = AppIcons; sourceTree = "<group>"; };
		776E59C429ED25A3001D5C5B /* dot-day.svg */ = {isa = PBXFileReference; fileEncoding = 4; lastKnownFileType = text; path = "dot-day.svg"; sourceTree = "<group>"; };
		776E59C529ED25A3001D5C5B /* dot-night.svg */ = {isa = PBXFileReference; fileEncoding = 4; lastKnownFileType = text; path = "dot-night.svg"; sourceTree = "<group>"; };
		777048AA27B3B077007164A0 /* NotificationBusiness.swift */ = {isa = PBXFileReference; lastKnownFileType = sourcecode.swift; path = NotificationBusiness.swift; sourceTree = "<group>"; };
		77828D1327444FF500DCD3BE /* BuildConst.swift */ = {isa = PBXFileReference; fileEncoding = 4; lastKnownFileType = sourcecode.swift; path = BuildConst.swift; sourceTree = "<group>"; };
		778F741525CC60C80017E426 /* ViewWithTextField.swift */ = {isa = PBXFileReference; fileEncoding = 4; lastKnownFileType = sourcecode.swift; path = ViewWithTextField.swift; sourceTree = "<group>"; };
		778F741A25CC61340017E426 /* ViewWithTextView.swift */ = {isa = PBXFileReference; fileEncoding = 4; lastKnownFileType = sourcecode.swift; path = ViewWithTextView.swift; sourceTree = "<group>"; };
		779DE96026FA3D790056187B /* SettingsVC.swift */ = {isa = PBXFileReference; lastKnownFileType = sourcecode.swift; path = SettingsVC.swift; sourceTree = "<group>"; };
		779EF0CF2A03A16200D6A626 /* InfoToaster.swift */ = {isa = PBXFileReference; lastKnownFileType = sourcecode.swift; path = InfoToaster.swift; sourceTree = "<group>"; };
		77A214C325D2B68F00A7C41B /* AppOverlay.swift */ = {isa = PBXFileReference; lastKnownFileType = sourcecode.swift; path = AppOverlay.swift; sourceTree = "<group>"; };
		77AB6B042A02653000C42712 /* NotificationsView.swift */ = {isa = PBXFileReference; lastKnownFileType = sourcecode.swift; path = NotificationsView.swift; sourceTree = "<group>"; };
		77BA74642892836600D1039B /* SubscriptionFormView.swift */ = {isa = PBXFileReference; lastKnownFileType = sourcecode.swift; path = SubscriptionFormView.swift; sourceTree = "<group>"; };
		77C00CFB25DA9A4A00964861 /* TODO.md */ = {isa = PBXFileReference; lastKnownFileType = net.daringfireball.markdown; path = TODO.md; sourceTree = "<group>"; };
		77CA15492689A97600A2A18A /* ScrollDownAnimationView.swift */ = {isa = PBXFileReference; lastKnownFileType = sourcecode.swift; path = ScrollDownAnimationView.swift; sourceTree = "<group>"; };
		77D0DAEB25E8FDF900C9CB59 /* IssueVCBottomTielesCVCCell.swift */ = {isa = PBXFileReference; lastKnownFileType = sourcecode.swift; path = IssueVCBottomTielesCVCCell.swift; sourceTree = "<group>"; };
		77E5E1BB292D772200611148 /* Javascript.swift */ = {isa = PBXFileReference; lastKnownFileType = sourcecode.swift; path = Javascript.swift; sourceTree = "<group>"; };
		77F0D1342742B4E900D3A432 /* addLocalResources.sh */ = {isa = PBXFileReference; lastKnownFileType = text.script.sh; path = addLocalResources.sh; sourceTree = "<group>"; };
		77F0D1372742B4E900D3A432 /* downloadBundledResources.sh */ = {isa = PBXFileReference; lastKnownFileType = text.script.sh; path = downloadBundledResources.sh; sourceTree = "<group>"; };
		77F0D1392742B58400D3A432 /* LastBuildNumber.rb */ = {isa = PBXFileReference; fileEncoding = 4; lastKnownFileType = text.script.ruby; path = LastBuildNumber.rb; sourceTree = "<group>"; };
		94487DAB274BCCE10066BCD0 /* AppHelper.swift */ = {isa = PBXFileReference; lastKnownFileType = sourcecode.swift; path = AppHelper.swift; sourceTree = "<group>"; };
		948E40CD2745447500D32CFE /* post-checkout-prototype.sh */ = {isa = PBXFileReference; lastKnownFileType = text.script.sh; path = "post-checkout-prototype.sh"; sourceTree = "<group>"; };
		948E40CE274544BE00D32CFE /* refreshEnvironment.sh */ = {isa = PBXFileReference; lastKnownFileType = text.script.sh; path = refreshEnvironment.sh; sourceTree = "<group>"; };
		948E40CF274546D500D32CFE /* ConfigSettings.xcconfig */ = {isa = PBXFileReference; lastKnownFileType = text.xcconfig; path = ConfigSettings.xcconfig; sourceTree = "<group>"; };
		AE08C49E2412B66400D41E91 /* ConfigDefaults.swift */ = {isa = PBXFileReference; lastKnownFileType = sourcecode.swift; path = ConfigDefaults.swift; sourceTree = "<group>"; };
		AE0A4D0223F429D800C44625 /* HeaderView.swift */ = {isa = PBXFileReference; lastKnownFileType = sourcecode.swift; path = HeaderView.swift; sourceTree = "<group>"; };
		AE0C32DA2462D1AE00E4AEA8 /* TextSettingsVC.swift */ = {isa = PBXFileReference; lastKnownFileType = sourcecode.swift; path = TextSettingsVC.swift; sourceTree = "<group>"; };
		AE0C32DE246310E500E4AEA8 /* SliderTest.swift */ = {isa = PBXFileReference; lastKnownFileType = sourcecode.swift; path = SliderTest.swift; sourceTree = "<group>"; };
		AE11F79724B894710080CF51 /* de */ = {isa = PBXFileReference; lastKnownFileType = text.plist.strings; name = de; path = de.lproj/LaunchScreen.strings; sourceTree = "<group>"; };
		AE11F79824B894710080CF51 /* de */ = {isa = PBXFileReference; lastKnownFileType = text.plist.strings; name = de; path = de.lproj/LogoLaunchScreen.strings; sourceTree = "<group>"; };
		AE1632832848A4C9004CB55E /* Share.svg */ = {isa = PBXFileReference; fileEncoding = 4; lastKnownFileType = text.xml; path = Share.svg; sourceTree = "<group>"; };
		AE1632852848A666004CB55E /* bookmarks-ios.css */ = {isa = PBXFileReference; lastKnownFileType = text.css; path = "bookmarks-ios.css"; sourceTree = "<group>"; };
		AE1632872848A728004CB55E /* bookmarks-ios.js */ = {isa = PBXFileReference; lastKnownFileType = sourcecode.javascript; path = "bookmarks-ios.js"; sourceTree = "<group>"; };
		AE21C46B23E710A600F8B811 /* UITests.swift */ = {isa = PBXFileReference; lastKnownFileType = sourcecode.swift; path = UITests.swift; sourceTree = "<group>"; };
		AE34778D283681490022316C /* ArticleDB 2.xcdatamodel */ = {isa = PBXFileReference; lastKnownFileType = wrapper.xcdatamodel; path = "ArticleDB 2.xcdatamodel"; sourceTree = "<group>"; };
		AE34778E283681490022316C /* ArticleDB.xcdatamodel */ = {isa = PBXFileReference; lastKnownFileType = wrapper.xcdatamodel; path = ArticleDB.xcdatamodel; sourceTree = "<group>"; };
		AE44F8E324815AF4009DA152 /* ContentImageVC.swift */ = {isa = PBXFileReference; lastKnownFileType = sourcecode.swift; path = ContentImageVC.swift; sourceTree = "<group>"; };
		AE44F8E52481621C009DA152 /* IssueInfoProtocol.swift */ = {isa = PBXFileReference; lastKnownFileType = sourcecode.swift; path = IssueInfoProtocol.swift; sourceTree = "<group>"; };
		AE44F8EA248949B0009DA152 /* ColorTests.swift */ = {isa = PBXFileReference; lastKnownFileType = sourcecode.swift; path = ColorTests.swift; sourceTree = "<group>"; };
		AE4AA2B123F6AD9100EAFE78 /* SectionVC.swift */ = {isa = PBXFileReference; lastKnownFileType = sourcecode.swift; path = SectionVC.swift; sourceTree = "<group>"; };
		AE4AA2B323F6B01A00EAFE78 /* ArticleVC.swift */ = {isa = PBXFileReference; lastKnownFileType = sourcecode.swift; path = ArticleVC.swift; sourceTree = "<group>"; };
		AE4AA2B723F6BEC400EAFE78 /* LoadingView.swift */ = {isa = PBXFileReference; lastKnownFileType = sourcecode.swift; path = LoadingView.swift; sourceTree = "<group>"; };
		AE4C49432450412D001A40BE /* Base */ = {isa = PBXFileReference; lastKnownFileType = file.storyboard; name = Base; path = Base.lproj/LogoLaunchScreen.storyboard; sourceTree = "<group>"; };
		AE4C4FEE26A04EBD006079C8 /* ArticlePlayer.swift */ = {isa = PBXFileReference; lastKnownFileType = sourcecode.swift; path = ArticlePlayer.swift; sourceTree = "<group>"; };
		AE4C4FF826A1ABD9006079C8 /* BookmarkFeed.swift */ = {isa = PBXFileReference; lastKnownFileType = sourcecode.swift; path = BookmarkFeed.swift; sourceTree = "<group>"; };
		AE4F51DA2438C8E800BC9548 /* ArticleDB.swift */ = {isa = PBXFileReference; lastKnownFileType = sourcecode.swift; path = ArticleDB.swift; sourceTree = "<group>"; };
		AE5D9EBB23DF61C50002C3B8 /* Downloader.swift */ = {isa = PBXFileReference; lastKnownFileType = sourcecode.swift; path = Downloader.swift; sourceTree = "<group>"; };
		AE5D9EC123E1BB2D0002C3B8 /* ContentTableVC.swift */ = {isa = PBXFileReference; fileEncoding = 4; lastKnownFileType = sourcecode.swift; path = ContentTableVC.swift; sourceTree = "<group>"; };
		AE5D9EC223E1BB2D0002C3B8 /* ContentTableVC.xib */ = {isa = PBXFileReference; fileEncoding = 4; lastKnownFileType = file.xib; path = ContentTableVC.xib; sourceTree = "<group>"; };
		AE5D9EC623E2FD240002C3B8 /* GermanDate.swift */ = {isa = PBXFileReference; lastKnownFileType = sourcecode.swift; path = GermanDate.swift; sourceTree = "<group>"; };
		AE5DFACE267E10540035162C /* KeychainTest.swift */ = {isa = PBXFileReference; lastKnownFileType = sourcecode.swift; path = KeychainTest.swift; sourceTree = "<group>"; };
		AE696F2D23918F9400265FC8 /* GqlFeeder.swift */ = {isa = PBXFileReference; lastKnownFileType = sourcecode.swift; path = GqlFeeder.swift; sourceTree = "<group>"; };
		AE76F9F6245421AC0043F497 /* WebViewTests.swift */ = {isa = PBXFileReference; lastKnownFileType = sourcecode.swift; path = WebViewTests.swift; sourceTree = "<group>"; };
		AE76F9FA245497F80043F497 /* IntroVC.swift */ = {isa = PBXFileReference; lastKnownFileType = sourcecode.swift; path = IntroVC.swift; sourceTree = "<group>"; };
		AE80A3942449C3250012DFFA /* IssueVC.swift */ = {isa = PBXFileReference; lastKnownFileType = sourcecode.swift; path = IssueVC.swift; sourceTree = "<group>"; };
		AE82262C232A70E000FFBE67 /* GraphQlSession.swift */ = {isa = PBXFileReference; lastKnownFileType = sourcecode.swift; path = GraphQlSession.swift; sourceTree = "<group>"; };
		AE822631232A717E00FFBE67 /* DataModel.swift */ = {isa = PBXFileReference; lastKnownFileType = sourcecode.swift; path = DataModel.swift; sourceTree = "<group>"; };
		AE86486F248E274F007096B4 /* OverlayTest.swift */ = {isa = PBXFileReference; lastKnownFileType = sourcecode.swift; path = OverlayTest.swift; sourceTree = "<group>"; };
		AEAABADD24641BFA001BE414 /* Const.swift */ = {isa = PBXFileReference; lastKnownFileType = sourcecode.swift; path = Const.swift; sourceTree = "<group>"; };
		AEAAEB2B23FD867C00D1187F /* GqlAuth.swift */ = {isa = PBXFileReference; lastKnownFileType = sourcecode.swift; path = GqlAuth.swift; sourceTree = "<group>"; };
		AEAE18B0285E213600B67A91 /* BookmarkSectionVC.swift */ = {isa = PBXFileReference; lastKnownFileType = sourcecode.swift; path = BookmarkSectionVC.swift; sourceTree = "<group>"; };
		AEAEE0002456D9EC00F627FE /* StartupVC.swift */ = {isa = PBXFileReference; lastKnownFileType = sourcecode.swift; path = StartupVC.swift; sourceTree = "<group>"; };
		AEB935312917E81F000330DA /* Star.svg */ = {isa = PBXFileReference; fileEncoding = 4; lastKnownFileType = text; path = Star.svg; sourceTree = "<group>"; };
		AEB935322917E81F000330DA /* StarFilled.svg */ = {isa = PBXFileReference; fileEncoding = 4; lastKnownFileType = text; path = StarFilled.svg; sourceTree = "<group>"; };
		AEBAF564219ACD1900566205 /* die tageszeitung.app */ = {isa = PBXFileReference; explicitFileType = wrapper.application; includeInIndex = 0; path = "die tageszeitung.app"; sourceTree = BUILT_PRODUCTS_DIR; };
		AEBAF56E219ACD1A00566205 /* Assets.xcassets */ = {isa = PBXFileReference; lastKnownFileType = folder.assetcatalog; path = Assets.xcassets; sourceTree = "<group>"; };
		AEBAF571219ACD1A00566205 /* Base */ = {isa = PBXFileReference; lastKnownFileType = file.storyboard; name = Base; path = Base.lproj/LaunchScreen.storyboard; sourceTree = "<group>"; };
		AEBAF573219ACD1A00566205 /* Info.plist */ = {isa = PBXFileReference; lastKnownFileType = text.plist.xml; path = Info.plist; sourceTree = "<group>"; };
		AEBAF58D219ACFAC00566205 /* TestController.swift */ = {isa = PBXFileReference; fileEncoding = 4; lastKnownFileType = sourcecode.swift; path = TestController.swift; sourceTree = "<group>"; };
		AEBAF58E219ACFAC00566205 /* AppDelegate.swift */ = {isa = PBXFileReference; fileEncoding = 4; lastKnownFileType = sourcecode.swift; path = AppDelegate.swift; sourceTree = "<group>"; };
		AEBAF5AB219ACFD900566205 /* ContentVC.swift */ = {isa = PBXFileReference; fileEncoding = 4; lastKnownFileType = sourcecode.swift; path = ContentVC.swift; sourceTree = "<group>"; };
		AEC7D46C249A598B008630FB /* FeederContext.swift */ = {isa = PBXFileReference; lastKnownFileType = sourcecode.swift; path = FeederContext.swift; sourceTree = "<group>"; };
		AECAC8FC2440AF1F00D32175 /* CarouselController.swift */ = {isa = PBXFileReference; lastKnownFileType = sourcecode.swift; path = CarouselController.swift; sourceTree = "<group>"; };
		AECCE11D23FBF449007C2276 /* StartupView.swift */ = {isa = PBXFileReference; lastKnownFileType = sourcecode.swift; path = StartupView.swift; sourceTree = "<group>"; };
		AECD1A90282CFE38007E00EE /* NorthLib */ = {isa = PBXFileReference; lastKnownFileType = wrapper; name = NorthLib; path = ../NorthLib; sourceTree = "<group>"; };
		AED748A9238413D800C09D2D /* libc++.tbd */ = {isa = PBXFileReference; lastKnownFileType = "sourcecode.text-based-dylib-definition"; name = "libc++.tbd"; path = "usr/lib/libc++.tbd"; sourceTree = SDKROOT; };
		AED748AA238413EB00C09D2D /* libz.tbd */ = {isa = PBXFileReference; lastKnownFileType = "sourcecode.text-based-dylib-definition"; name = libz.tbd; path = usr/lib/libz.tbd; sourceTree = SDKROOT; };
		AED852A823CDEC8A002F07E8 /* taz.neo.entitlements */ = {isa = PBXFileReference; lastKnownFileType = text.plist.entitlements; path = taz.neo.entitlements; sourceTree = "<group>"; };
		AEE3D4E6247D316D00BEDEA3 /* README.md */ = {isa = PBXFileReference; lastKnownFileType = net.daringfireball.markdown; path = README.md; sourceTree = "<group>"; };
		AEE3D4E9247D31FA00BEDEA3 /* LICENSE */ = {isa = PBXFileReference; lastKnownFileType = text; path = LICENSE; sourceTree = "<group>"; };
		AEEC9199282E964300F91A2D /* ArticleDBVersionChanges.swift */ = {isa = PBXFileReference; lastKnownFileType = sourcecode.swift; path = ArticleDBVersionChanges.swift; sourceTree = "<group>"; };
		AEF2DF2E244709CC00D1482D /* IssueCarousel.swift */ = {isa = PBXFileReference; lastKnownFileType = sourcecode.swift; path = IssueCarousel.swift; sourceTree = "<group>"; };
		AEF2DF34244766E400D1482D /* MomentView.swift */ = {isa = PBXFileReference; lastKnownFileType = sourcecode.swift; path = MomentView.swift; sourceTree = "<group>"; };
		AEF877EC282BC47400FD51CD /* Trash.svg */ = {isa = PBXFileReference; fileEncoding = 4; lastKnownFileType = text.xml; path = Trash.svg; sourceTree = "<group>"; };
		C794F23424FED184007168AC /* Helper.swift */ = {isa = PBXFileReference; lastKnownFileType = sourcecode.swift; path = Helper.swift; sourceTree = "<group>"; };
/* End PBXFileReference section */

/* Begin PBXFrameworksBuildPhase section */
		AEBAF561219ACD1900566205 /* Frameworks */ = {
			isa = PBXFrameworksBuildPhase;
			buildActionMask = 2147483647;
			files = (
				AE0EC3FD26C1399300EDDF04 /* libc++.tbd in Frameworks */,
				AECD1A8E282CFDF0007E00EE /* NorthLib in Frameworks */,
				AE0EC40026C139A200EDDF04 /* libz.tbd in Frameworks */,
			);
			runOnlyForDeploymentPostprocessing = 0;
		};
/* End PBXFrameworksBuildPhase section */

/* Begin PBXGroup section */
		0032A4D624C89E1600284723 /* Forms */ = {
			isa = PBXGroup;
			children = (
				0032A4D824C89E4800284723 /* FormsController.swift */,
				004D4EFD24ACDBA7008C4EE7 /* LoginController.swift */,
				0032A4DA24C89F1100284723 /* PwForgotController.swift */,
				08D6045324C9D3A70045EBE7 /* ConnectTazIdController.swift */,
				006007E124D1D333001680B6 /* TrialSubscriptionController.swift */,
				4D3131F1289159FE0087EE1B /* SubscriptionFormController.swift */,
			);
			path = Forms;
			sourceTree = "<group>";
		};
		0032A4D724C89E3100284723 /* Forms */ = {
			isa = PBXGroup;
			children = (
				004D4EFF24ACDC1F008C4EE7 /* FormView.swift */,
				00E3D2A624E68F4600AE075A /* LoginView.swift */,
				00E3D2A824E68F5500AE075A /* PwForgottView.swift */,
				00E3D2A024E68F1B00AE075A /* ConnectTazIdView.swift */,
				00E3D2A424E68F3300AE075A /* TrialSubscriptionView.swift */,
				006E17E824D418090092DC0D /* FormComponents.swift */,
				77BA74642892836600D1039B /* SubscriptionFormView.swift */,
				774C6F8029CB5BAF001285FB /* KeyboardToolbarForText.swift */,
			);
			path = Forms;
			sourceTree = "<group>";
		};
		080271BE24ADDD36002CD2F7 /* Base.lproj */ = {
			isa = PBXGroup;
			children = (
				AEBAF570219ACD1A00566205 /* LaunchScreen.storyboard */,
				AE4C49422450412D001A40BE /* LogoLaunchScreen.storyboard */,
				080271C524ADDD68002CD2F7 /* Localizable.strings */,
			);
			path = Base.lproj;
			sourceTree = "<group>";
		};
		4D308EDE2834054600529592 /* Search */ = {
			isa = PBXGroup;
			children = (
				4D308EE42834057200529592 /* SearchController.swift */,
				4D308EE02834057200529592 /* SearchHeaderView.swift */,
				4D308EE32834057200529592 /* SearchResultArticleVc.swift */,
				4D308EE22834057200529592 /* SearchResultIssue.swift */,
				4D308EDF2834057200529592 /* SearchResultsTableView.swift */,
				4D308EE12834057200529592 /* SearchSettingsView.swift */,
			);
			path = Search;
			sourceTree = "<group>";
		};
		7715968B25CC605D00508DE8 /* Feedback */ = {
			isa = PBXGroup;
			children = (
				7715968C25CC605D00508DE8 /* FeedbackViewController.swift */,
				7715968D25CC605D00508DE8 /* FeedbackComposer.swift */,
				7715968E25CC605D00508DE8 /* DeviceData.swift */,
				7715968F25CC605D00508DE8 /* FeedbackView.swift */,
				7715969025CC605D00508DE8 /* FeedbackHelper.swift */,
			);
			path = Feedback;
			sourceTree = "<group>";
		};
		777048A727B3B057007164A0 /* Business */ = {
			isa = PBXGroup;
			children = (
				4D308ED9283404D400529592 /* TazAppEnvironment.swift */,
				777048AA27B3B077007164A0 /* NotificationBusiness.swift */,
				77E5E1BB292D772200611148 /* Javascript.swift */,
			);
			path = Business;
			sourceTree = "<group>";
		};
		77D0DAE825E8FDD100C9CB59 /* Cells */ = {
			isa = PBXGroup;
			children = (
				77D0DAEB25E8FDF900C9CB59 /* IssueVCBottomTielesCVCCell.swift */,
			);
			path = Cells;
			sourceTree = "<group>";
		};
		AE0A4D0123F4297500C44625 /* Views */ = {
			isa = PBXGroup;
			children = (
				4D308EED283405D900529592 /* PlaceholderView.swift */,
				77D0DAE825E8FDD100C9CB59 /* Cells */,
				778F741A25CC61340017E426 /* ViewWithTextView.swift */,
				778F741525CC60C80017E426 /* ViewWithTextField.swift */,
				0032A4D724C89E3100284723 /* Forms */,
				AE0A4D0223F429D800C44625 /* HeaderView.swift */,
				AE4AA2B723F6BEC400EAFE78 /* LoadingView.swift */,
				AECCE11D23FBF449007C2276 /* StartupView.swift */,
				AEF2DF2E244709CC00D1482D /* IssueCarousel.swift */,
				AEF2DF34244766E400D1482D /* MomentView.swift */,
				77A214C325D2B68F00A7C41B /* AppOverlay.swift */,
				773D564126145E8500B42FEF /* InfoToast.swift */,
				7708DF65262896D10031C702 /* OfflineAlert.swift */,
				770544702637FE3D0051F12C /* ContentToolbar.swift */,
				77CA15492689A97600A2A18A /* ScrollDownAnimationView.swift */,
				77328429274F9F5B00B08535 /* TazCustomized.swift */,
				779EF0CF2A03A16200D6A626 /* InfoToaster.swift */,
			);
			path = Views;
			sourceTree = "<group>";
		};
		AE16422D222FFEF200DF07DE /* ArticleDB */ = {
			isa = PBXGroup;
			children = (
				AE34778C283681490022316C /* ArticleDB.xcdatamodeld */,
				AE4F51DA2438C8E800BC9548 /* ArticleDB.swift */,
				AEEC9199282E964300F91A2D /* ArticleDBVersionChanges.swift */,
			);
			path = ArticleDB;
			sourceTree = "<group>";
		};
		AE3D47D623030482002FF0A2 /* Frameworks */ = {
			isa = PBXGroup;
			children = (
				AED748AA238413EB00C09D2D /* libz.tbd */,
				AED748A9238413D800C09D2D /* libc++.tbd */,
			);
			name = Frameworks;
			sourceTree = "<group>";
		};
		AE4AA2AE23F6AD5700EAFE78 /* ViewController */ = {
			isa = PBXGroup;
			children = (
				7754453225D1742E00ABE3F8 /* IssueVcWithBottomTiles.swift */,
				0032A4D624C89E1600284723 /* Forms */,
				AEBAF5AB219ACFD900566205 /* ContentVC.swift */,
				AE5D9EC123E1BB2D0002C3B8 /* ContentTableVC.swift */,
				AE5D9EC223E1BB2D0002C3B8 /* ContentTableVC.xib */,
				AE4AA2B123F6AD9100EAFE78 /* SectionVC.swift */,
				AE4AA2B323F6B01A00EAFE78 /* ArticleVC.swift */,
				AE80A3942449C3250012DFFA /* IssueVC.swift */,
				AE76F9FA245497F80043F497 /* IntroVC.swift */,
				AEAEE0002456D9EC00F627FE /* StartupVC.swift */,
				AE0C32DA2462D1AE00E4AEA8 /* TextSettingsVC.swift */,
				AE44F8E324815AF4009DA152 /* ContentImageVC.swift */,
				AE44F8E52481621C009DA152 /* IssueInfoProtocol.swift */,
				00C4A0D025655F52002CDFDB /* TazPdfPagesViewController.swift */,
				779DE96026FA3D790056187B /* SettingsVC.swift */,
				77AB6B042A02653000C42712 /* NotificationsView.swift */,
			);
			path = ViewController;
			sourceTree = "<group>";
		};
		AE5D9EC823E307460002C3B8 /* TestController */ = {
			isa = PBXGroup;
			children = (
				AECAC8FC2440AF1F00D32175 /* CarouselController.swift */,
				AEBAF58D219ACFAC00566205 /* TestController.swift */,
				AE21C46B23E710A600F8B811 /* UITests.swift */,
				AE76F9F6245421AC0043F497 /* WebViewTests.swift */,
				AE0C32DE246310E500E4AEA8 /* SliderTest.swift */,
				AE44F8EA248949B0009DA152 /* ColorTests.swift */,
				AE86486F248E274F007096B4 /* OverlayTest.swift */,
				AE5DFACE267E10540035162C /* KeychainTest.swift */,
			);
			path = TestController;
			sourceTree = "<group>";
		};
		AEBAF55B219ACD1900566205 = {
			isa = PBXGroup;
			children = (
				AECD1A90282CFE38007E00EE /* NorthLib */,
				77C00CFB25DA9A4A00964861 /* TODO.md */,
				AEE3D4E9247D31FA00BEDEA3 /* LICENSE */,
				AEE3D4E6247D316D00BEDEA3 /* README.md */,
				AEBAF566219ACD1900566205 /* taz.neo */,
				AEBAF565219ACD1900566205 /* Products */,
				AE3D47D623030482002FF0A2 /* Frameworks */,
			);
			sourceTree = "<group>";
		};
		AEBAF565219ACD1900566205 /* Products */ = {
			isa = PBXGroup;
			children = (
				AEBAF564219ACD1900566205 /* die tageszeitung.app */,
			);
			name = Products;
			sourceTree = "<group>";
		};
		AEBAF566219ACD1900566205 /* taz.neo */ = {
			isa = PBXGroup;
			children = (
				4D308EEB283405A900529592 /* MainTabVC.swift */,
				4D308ED4283404C700529592 /* GqlFeederSearch.swift */,
				777048A727B3B057007164A0 /* Business */,
				7715968B25CC605D00508DE8 /* Feedback */,
				AE822631232A717E00FFBE67 /* DataModel.swift */,
				0015B73524DD86B30037A8D6 /* Authenticator.swift */,
				4D308EDE2834054600529592 /* Search */,
				0015B73924DD87DA0037A8D6 /* DefaultAuthenticator.swift */,
				0015B73624DD86B30037A8D6 /* SimpleAuthenticator.swift */,
				AEBAF58E219ACFAC00566205 /* AppDelegate.swift */,
				AE4C4FEE26A04EBD006079C8 /* ArticlePlayer.swift */,
				AEC7D46C249A598B008630FB /* FeederContext.swift */,
				AE08C49E2412B66400D41E91 /* ConfigDefaults.swift */,
				AEAABADD24641BFA001BE414 /* Const.swift */,
				AE4AA2AE23F6AD5700EAFE78 /* ViewController */,
				AE82262C232A70E000FFBE67 /* GraphQlSession.swift */,
				AE696F2D23918F9400265FC8 /* GqlFeeder.swift */,
				AEAAEB2B23FD867C00D1187F /* GqlAuth.swift */,
				AE5D9EBB23DF61C50002C3B8 /* Downloader.swift */,
				AE5D9EC623E2FD240002C3B8 /* GermanDate.swift */,
				AED3760B285E1E5D00EFE608 /* Bookmarks */,
				AE16422D222FFEF200DF07DE /* ArticleDB */,
				AE0A4D0123F4297500C44625 /* Views */,
				AE5D9EC823E307460002C3B8 /* TestController */,
				AEBAF587219ACEC700566205 /* Supporting Files */,
				C794F23424FED184007168AC /* Helper.swift */,
				94487DAB274BCCE10066BCD0 /* AppHelper.swift */,
			);
			path = taz.neo;
			sourceTree = "<group>";
		};
		AEBAF587219ACEC700566205 /* Supporting Files */ = {
			isa = PBXGroup;
			children = (
				776158192743E8440044516C /* AppIcons */,
				773D56462614A4DF00B42FEF /* BundledResources */,
				7745050F25DA80450052E502 /* files */,
				7745050C25DA801F0052E502 /* resources.json */,
				080271BE24ADDD36002CD2F7 /* Base.lproj */,
				AEC7D4C624A5E1D3008630FB /* Scripts */,
				AED52FCA2492764500CC082E /* Fonts */,
				AEBAF56E219ACD1A00566205 /* Assets.xcassets */,
				AEBAF573219ACD1A00566205 /* Info.plist */,
				AED852A823CDEC8A002F07E8 /* taz.neo.entitlements */,
				948E40CF274546D500D32CFE /* ConfigSettings.xcconfig */,
			);
			path = "Supporting Files";
			sourceTree = "<group>";
		};
		AEC7D4C624A5E1D3008630FB /* Scripts */ = {
			isa = PBXGroup;
			children = (
				948E40CE274544BE00D32CFE /* refreshEnvironment.sh */,
				948E40CD2745447500D32CFE /* post-checkout-prototype.sh */,
				7738E50C2744596200453CD8 /* genBuildConst.rb */,
				77828D1327444FF500DCD3BE /* BuildConst.swift */,
				77F0D1392742B58400D3A432 /* LastBuildNumber.rb */,
				77F0D1342742B4E900D3A432 /* addLocalResources.sh */,
				77F0D1372742B4E900D3A432 /* downloadBundledResources.sh */,
			);
			path = Scripts;
			sourceTree = "<group>";
		};
		AED3760B285E1E5D00EFE608 /* Bookmarks */ = {
			isa = PBXGroup;
			children = (
				776E59C429ED25A3001D5C5B /* dot-day.svg */,
				776E59C529ED25A3001D5C5B /* dot-night.svg */,
				4D308EEF2834061600529592 /* BookmarkNC.swift */,
				AEAE18B0285E213600B67A91 /* BookmarkSectionVC.swift */,
				AE4C4FF826A1ABD9006079C8 /* BookmarkFeed.swift */,
				AE1632832848A4C9004CB55E /* Share.svg */,
				AEF877EC282BC47400FD51CD /* Trash.svg */,
				AEB935312917E81F000330DA /* Star.svg */,
				AEB935322917E81F000330DA /* StarFilled.svg */,
				AE1632852848A666004CB55E /* bookmarks-ios.css */,
				AE1632872848A728004CB55E /* bookmarks-ios.js */,
			);
			path = Bookmarks;
			sourceTree = "<group>";
		};
		AED52FCA2492764500CC082E /* Fonts */ = {
			isa = PBXGroup;
			children = (
			);
			path = Fonts;
			sourceTree = "<group>";
		};
/* End PBXGroup section */

/* Begin PBXNativeTarget section */
		AEBAF563219ACD1900566205 /* taz.neo */ = {
			isa = PBXNativeTarget;
			buildConfigurationList = AEBAF581219ACD1A00566205 /* Build configuration list for PBXNativeTarget "taz.neo" */;
			buildPhases = (
				771E2F7125D68A8C00CFA830 /* ShellScript */,
				AEBAF560219ACD1900566205 /* Sources */,
				AEBAF561219ACD1900566205 /* Frameworks */,
				AEBAF562219ACD1900566205 /* Resources */,
				AEC7D4C324A5DE07008630FB /* ShellScript */,
			);
			buildRules = (
			);
			dependencies = (
			);
			name = taz.neo;
			packageProductDependencies = (
				AECD1A8D282CFDF0007E00EE /* NorthLib */,
			);
			productName = taz.neo;
			productReference = AEBAF564219ACD1900566205 /* die tageszeitung.app */;
			productType = "com.apple.product-type.application";
		};
/* End PBXNativeTarget section */

/* Begin PBXProject section */
		AEBAF55C219ACD1900566205 /* Project object */ = {
			isa = PBXProject;
			attributes = {
				LastSwiftUpdateCheck = 1160;
				LastUpgradeCheck = 1230;
				ORGANIZATIONNAME = "Norbert Thies";
				TargetAttributes = {
					AEBAF563219ACD1900566205 = {
						CreatedOnToolsVersion = 10.1;
						LastSwiftMigration = 1020;
					};
				};
			};
			buildConfigurationList = AEBAF55F219ACD1900566205 /* Build configuration list for PBXProject "taz.neo" */;
			compatibilityVersion = "Xcode 9.3";
			developmentRegion = en;
			hasScannedForEncodings = 0;
			knownRegions = (
				en,
				Base,
				de,
			);
			mainGroup = AEBAF55B219ACD1900566205;
			packageReferences = (
				AECD1A8C282CFDF0007E00EE /* XCRemoteSwiftPackageReference "NorthLib" */,
			);
			productRefGroup = AEBAF565219ACD1900566205 /* Products */;
			projectDirPath = "";
			projectRoot = "";
			targets = (
				AEBAF563219ACD1900566205 /* taz.neo */,
			);
		};
/* End PBXProject section */

/* Begin PBXResourcesBuildPhase section */
		AEBAF562219ACD1900566205 /* Resources */ = {
			isa = PBXResourcesBuildPhase;
			buildActionMask = 2147483647;
			files = (
				AE5D9EC423E1BB2D0002C3B8 /* ContentTableVC.xib in Resources */,
				773D56472614A4DF00B42FEF /* BundledResources in Resources */,
				776E59C729ED25A3001D5C5B /* dot-night.svg in Resources */,
				080271C724ADDD68002CD2F7 /* Localizable.strings in Resources */,
				AEB935342917E81F000330DA /* StarFilled.svg in Resources */,
				AEBAF572219ACD1A00566205 /* LaunchScreen.storyboard in Resources */,
				7745050D25DA801F0052E502 /* resources.json in Resources */,
				AE1632862848A666004CB55E /* bookmarks-ios.css in Resources */,
				AEF877ED282BC47400FD51CD /* Trash.svg in Resources */,
				AEBAF56F219ACD1A00566205 /* Assets.xcassets in Resources */,
				AEB935332917E81F000330DA /* Star.svg in Resources */,
				AE1632882848A728004CB55E /* bookmarks-ios.js in Resources */,
				776E59C629ED25A3001D5C5B /* dot-day.svg in Resources */,
				7745051025DA80450052E502 /* files in Resources */,
				AE1632842848A4C9004CB55E /* Share.svg in Resources */,
			);
			runOnlyForDeploymentPostprocessing = 0;
		};
/* End PBXResourcesBuildPhase section */

/* Begin PBXShellScriptBuildPhase section */
		771E2F7125D68A8C00CFA830 /* ShellScript */ = {
			isa = PBXShellScriptBuildPhase;
			buildActionMask = 2147483647;
			files = (
			);
			inputFileListPaths = (
			);
			inputPaths = (
			);
			outputFileListPaths = (
			);
			outputPaths = (
			);
			runOnlyForDeploymentPostprocessing = 0;
			shellPath = /bin/sh;
			shellScript = "source ${SRCROOT}/taz.neo/Supporting\\ Files/Scripts/downloadBundledResources.sh\n";
			showEnvVarsInLog = 0;
		};
		AEC7D4C324A5DE07008630FB /* ShellScript */ = {
			isa = PBXShellScriptBuildPhase;
			buildActionMask = 2147483647;
			files = (
			);
			inputFileListPaths = (
			);
			inputPaths = (
				"$(SRCROOT)/$(PROJECT_NAME)/Supporting Files/Fonts/Aktiv Grotesk Bold.ttf",
				"$(SRCROOT)/$(PROJECT_NAME)/Supporting Files/Fonts/Aktiv Grotesk.ttf",
			);
			outputFileListPaths = (
			);
			outputPaths = (
				"${BUILT_PRODUCTS_DIR}/${WRAPPER_NAME}/Aktiv Grotesk Bold.ttf",
				"${BUILT_PRODUCTS_DIR}/${WRAPPER_NAME}/Aktiv Grotesk.ttf",
			);
			runOnlyForDeploymentPostprocessing = 0;
			shellPath = /bin/sh;
			shellScript = ". $SRCROOT/$PROJECT_NAME/\"Supporting Files\"/Scripts/addLocalResources.sh\n";
		};
/* End PBXShellScriptBuildPhase section */

/* Begin PBXSourcesBuildPhase section */
		AEBAF560219ACD1900566205 /* Sources */ = {
			isa = PBXSourcesBuildPhase;
			buildActionMask = 2147483647;
			files = (
				4D308EE52834057200529592 /* SearchResultsTableView.swift in Sources */,
				AEAABADE24641BFA001BE414 /* Const.swift in Sources */,
				77E5E1BC292D772200611148 /* Javascript.swift in Sources */,
				AE76F9F7245421AC0043F497 /* WebViewTests.swift in Sources */,
				7715969525CC605D00508DE8 /* DeviceData.swift in Sources */,
				AE4F51DB2438C8E800BC9548 /* ArticleDB.swift in Sources */,
				AE5D9EC323E1BB2D0002C3B8 /* ContentTableVC.swift in Sources */,
				AEAAEB2C23FD867C00D1187F /* GqlAuth.swift in Sources */,
				0015B73724DD86B30037A8D6 /* Authenticator.swift in Sources */,
				AE76F9FB245497F80043F497 /* IntroVC.swift in Sources */,
				AE08C49F2412B66400D41E91 /* ConfigDefaults.swift in Sources */,
				4D3131F2289159FE0087EE1B /* SubscriptionFormController.swift in Sources */,
				AEC7D467249920DF008630FB /* OverlayTest.swift in Sources */,
				7708DF66262896D10031C702 /* OfflineAlert.swift in Sources */,
				AEF2DF2F244709CC00D1482D /* IssueCarousel.swift in Sources */,
				AE34778F283681490022316C /* ArticleDB.xcdatamodeld in Sources */,
				0015B73824DD86B30037A8D6 /* SimpleAuthenticator.swift in Sources */,
				AEBAF596219ACFAC00566205 /* AppDelegate.swift in Sources */,
				94487DAC274BCCE10066BCD0 /* AppHelper.swift in Sources */,
				7754452025D150AA00ABE3F8 /* TazPdfPagesViewController.swift in Sources */,
				AE5DFACF267E10540035162C /* KeychainTest.swift in Sources */,
				4D308ED6283404C700529592 /* GqlFeederSearch.swift in Sources */,
				00E3D2A524E68F3300AE075A /* TrialSubscriptionView.swift in Sources */,
				4D308EE72834057200529592 /* SearchSettingsView.swift in Sources */,
				7754453525D1742E00ABE3F8 /* IssueVcWithBottomTiles.swift in Sources */,
				4D308EEC283405A900529592 /* MainTabVC.swift in Sources */,
				4D308EEA2834057200529592 /* SearchController.swift in Sources */,
				AE44F8E424815AF4009DA152 /* ContentImageVC.swift in Sources */,
				4D308EEE283405D900529592 /* PlaceholderView.swift in Sources */,
				77AB6B052A02653000C42712 /* NotificationsView.swift in Sources */,
				AEF2DF3324475A6200D1482D /* CarouselController.swift in Sources */,
				779EF0D02A03A16200D6A626 /* InfoToaster.swift in Sources */,
				779DE96126FA3D790056187B /* SettingsVC.swift in Sources */,
				006E17E924D418090092DC0D /* FormComponents.swift in Sources */,
				004D4EFE24ACDBA7008C4EE7 /* LoginController.swift in Sources */,
				AE4AA2B823F6BEC400EAFE78 /* LoadingView.swift in Sources */,
				77828D1627444FF500DCD3BE /* BuildConst.swift in Sources */,
				AE5D9EC023E1B82B0002C3B8 /* Downloader.swift in Sources */,
				7715969325CC605D00508DE8 /* FeedbackViewController.swift in Sources */,
				77BA74652892836600D1039B /* SubscriptionFormView.swift in Sources */,
				4D308EE82834057200529592 /* SearchResultIssue.swift in Sources */,
				AE4C4FEF26A04EBD006079C8 /* ArticlePlayer.swift in Sources */,
				0015B73A24DD87DA0037A8D6 /* DefaultAuthenticator.swift in Sources */,
				0032A4D924C89E4800284723 /* FormsController.swift in Sources */,
				AEAE18B1285E213600B67A91 /* BookmarkSectionVC.swift in Sources */,
				77D0DAEC25E8FDF900C9CB59 /* IssueVCBottomTielesCVCCell.swift in Sources */,
				C794F23524FED184007168AC /* Helper.swift in Sources */,
				AECCE11E23FBF449007C2276 /* StartupView.swift in Sources */,
				770544712637FE3D0051F12C /* ContentToolbar.swift in Sources */,
				7732842A274F9F5B00B08535 /* TazCustomized.swift in Sources */,
				00E3D2A924E68F5500AE075A /* PwForgottView.swift in Sources */,
				006007E224D1D333001680B6 /* TrialSubscriptionController.swift in Sources */,
				AE4C4FF926A1ABD9006079C8 /* BookmarkFeed.swift in Sources */,
				7715969425CC605D00508DE8 /* FeedbackComposer.swift in Sources */,
				AE21C46C23E710A600F8B811 /* UITests.swift in Sources */,
				00E3D2A724E68F4600AE075A /* LoginView.swift in Sources */,
				4D308EF02834061600529592 /* BookmarkNC.swift in Sources */,
				AE0C32DF246310E500E4AEA8 /* SliderTest.swift in Sources */,
				4D308EDB283404D400529592 /* TazAppEnvironment.swift in Sources */,
				4D308EE62834057200529592 /* SearchHeaderView.swift in Sources */,
				AECCE11823FBD006007C2276 /* ArticleVC.swift in Sources */,
				004D4F0024ACDC1F008C4EE7 /* FormView.swift in Sources */,
				AEF2DF35244766E400D1482D /* MomentView.swift in Sources */,
				77CA154A2689A97600A2A18A /* ScrollDownAnimationView.swift in Sources */,
				AE5D9EBD23E1B8160002C3B8 /* GraphQlSession.swift in Sources */,
				AE80A3952449C3250012DFFA /* IssueVC.swift in Sources */,
				77A214C425D2B68F00A7C41B /* AppOverlay.swift in Sources */,
				778F741B25CC61340017E426 /* ViewWithTextView.swift in Sources */,
				773D564226145E8500B42FEF /* InfoToast.swift in Sources */,
				AEC7D46D249A598B008630FB /* FeederContext.swift in Sources */,
				AE5D9EBE23E1B81A0002C3B8 /* DataModel.swift in Sources */,
				AEBAF5C4219ACFD900566205 /* ContentVC.swift in Sources */,
				AE44F8EB248949B0009DA152 /* ColorTests.swift in Sources */,
				0032A4DB24C89F1100284723 /* PwForgotController.swift in Sources */,
				774C6F8129CB5BAF001285FB /* KeyboardToolbarForText.swift in Sources */,
				AECCE11A23FBF07B007C2276 /* SectionVC.swift in Sources */,
				777048AB27B3B077007164A0 /* NotificationBusiness.swift in Sources */,
				AE5D9EC723E2FD240002C3B8 /* GermanDate.swift in Sources */,
				AE5D9EBF23E1B8270002C3B8 /* GqlFeeder.swift in Sources */,
				4D308EE92834057200529592 /* SearchResultArticleVc.swift in Sources */,
				AE0C32DB2462D1AE00E4AEA8 /* TextSettingsVC.swift in Sources */,
				AE44F8E62481621C009DA152 /* IssueInfoProtocol.swift in Sources */,
				7715969625CC605D00508DE8 /* FeedbackView.swift in Sources */,
				7715969725CC605D00508DE8 /* FeedbackHelper.swift in Sources */,
				AEBAF594219ACFAC00566205 /* TestController.swift in Sources */,
				778F741825CC60C80017E426 /* ViewWithTextField.swift in Sources */,
				AEAEE0012456D9EC00F627FE /* StartupVC.swift in Sources */,
				AE0A4D0323F429D800C44625 /* HeaderView.swift in Sources */,
				AEEC919A282E964300F91A2D /* ArticleDBVersionChanges.swift in Sources */,
				00E3D2A124E68F1B00AE075A /* ConnectTazIdView.swift in Sources */,
				08D6045424C9D3A70045EBE7 /* ConnectTazIdController.swift in Sources */,
			);
			runOnlyForDeploymentPostprocessing = 0;
		};
/* End PBXSourcesBuildPhase section */

/* Begin PBXVariantGroup section */
		080271C524ADDD68002CD2F7 /* Localizable.strings */ = {
			isa = PBXVariantGroup;
			children = (
				080271C624ADDD68002CD2F7 /* Base */,
			);
			name = Localizable.strings;
			sourceTree = "<group>";
		};
		AE4C49422450412D001A40BE /* LogoLaunchScreen.storyboard */ = {
			isa = PBXVariantGroup;
			children = (
				AE4C49432450412D001A40BE /* Base */,
				AE11F79824B894710080CF51 /* de */,
			);
			name = LogoLaunchScreen.storyboard;
			sourceTree = "<group>";
		};
		AEBAF570219ACD1A00566205 /* LaunchScreen.storyboard */ = {
			isa = PBXVariantGroup;
			children = (
				AEBAF571219ACD1A00566205 /* Base */,
				AE11F79724B894710080CF51 /* de */,
			);
			name = LaunchScreen.storyboard;
			sourceTree = "<group>";
		};
/* End PBXVariantGroup section */

/* Begin XCBuildConfiguration section */
		94D7CD19273D6E49001E41D2 /* Beta */ = {
			isa = XCBuildConfiguration;
			baseConfigurationReference = 948E40CF274546D500D32CFE /* ConfigSettings.xcconfig */;
			buildSettings = {
				ALWAYS_SEARCH_USER_PATHS = NO;
				CLANG_ANALYZER_LOCALIZABILITY_NONLOCALIZED = YES;
				CLANG_ANALYZER_NONNULL = YES;
				CLANG_ANALYZER_NUMBER_OBJECT_CONVERSION = YES_AGGRESSIVE;
				CLANG_CXX_LANGUAGE_STANDARD = "gnu++14";
				CLANG_CXX_LIBRARY = "libc++";
				CLANG_ENABLE_MODULES = YES;
				CLANG_ENABLE_OBJC_ARC = YES;
				CLANG_ENABLE_OBJC_WEAK = YES;
				CLANG_WARN_BLOCK_CAPTURE_AUTORELEASING = YES;
				CLANG_WARN_BOOL_CONVERSION = YES;
				CLANG_WARN_COMMA = YES;
				CLANG_WARN_CONSTANT_CONVERSION = YES;
				CLANG_WARN_DEPRECATED_OBJC_IMPLEMENTATIONS = YES;
				CLANG_WARN_DIRECT_OBJC_ISA_USAGE = YES_ERROR;
				CLANG_WARN_DOCUMENTATION_COMMENTS = YES;
				CLANG_WARN_EMPTY_BODY = YES;
				CLANG_WARN_ENUM_CONVERSION = YES;
				CLANG_WARN_INFINITE_RECURSION = YES;
				CLANG_WARN_INT_CONVERSION = YES;
				CLANG_WARN_NON_LITERAL_NULL_CONVERSION = YES;
				CLANG_WARN_OBJC_IMPLICIT_RETAIN_SELF = YES;
				CLANG_WARN_OBJC_LITERAL_CONVERSION = YES;
				CLANG_WARN_OBJC_ROOT_CLASS = YES_ERROR;
				CLANG_WARN_QUOTED_INCLUDE_IN_FRAMEWORK_HEADER = YES;
				CLANG_WARN_RANGE_LOOP_ANALYSIS = YES;
				CLANG_WARN_STRICT_PROTOTYPES = YES;
				CLANG_WARN_SUSPICIOUS_MOVE = YES;
				CLANG_WARN_UNGUARDED_AVAILABILITY = YES_AGGRESSIVE;
				CLANG_WARN_UNREACHABLE_CODE = YES;
				CLANG_WARN__DUPLICATE_METHOD_MATCH = YES;
				CODE_SIGN_IDENTITY = "iPhone Developer";
				COPY_PHASE_STRIP = NO;
				DEBUG_INFORMATION_FORMAT = "dwarf-with-dsym";
				ENABLE_NS_ASSERTIONS = NO;
				ENABLE_STRICT_OBJC_MSGSEND = YES;
				GCC_C_LANGUAGE_STANDARD = gnu11;
				GCC_NO_COMMON_BLOCKS = YES;
				GCC_WARN_64_TO_32_BIT_CONVERSION = YES;
				GCC_WARN_ABOUT_RETURN_TYPE = YES_ERROR;
				GCC_WARN_UNDECLARED_SELECTOR = YES;
				GCC_WARN_UNINITIALIZED_AUTOS = YES_AGGRESSIVE;
				GCC_WARN_UNUSED_FUNCTION = YES;
				GCC_WARN_UNUSED_VARIABLE = YES;
				IPHONEOS_DEPLOYMENT_TARGET = 12.0;
				MTL_ENABLE_DEBUG_INFO = NO;
				MTL_FAST_MATH = YES;
				SDKROOT = iphoneos;
				SWIFT_COMPILATION_MODE = wholemodule;
				SWIFT_OPTIMIZATION_LEVEL = "-O";
				VALIDATE_PRODUCT = YES;
			};
			name = Beta;
		};
		94D7CD1A273D6E49001E41D2 /* Beta */ = {
			isa = XCBuildConfiguration;
			baseConfigurationReference = 948E40CF274546D500D32CFE /* ConfigSettings.xcconfig */;
			buildSettings = {
				ASSETCATALOG_COMPILER_APPICON_NAME = AppIcon;
				CLANG_ENABLE_MODULES = YES;
				CODE_SIGN_ENTITLEMENTS = "taz.neo/Supporting Files/taz.neo.entitlements";
				CODE_SIGN_IDENTITY = "iPhone Developer";
				CODE_SIGN_STYLE = Automatic;
				CURRENT_PROJECT_VERSION = 2023042701;
				DEVELOPMENT_TEAM = 3R3GBCY6FA;
				"FRAMEWORK_SEARCH_PATHS[arch=*]" = "$(BUILD_ROOT)/Release";
				INFOPLIST_FILE = "$(SRCROOT)/taz.neo/Supporting Files/Info.plist";
				IPHONEOS_DEPLOYMENT_TARGET = 13.0;
				LD_RUNPATH_SEARCH_PATHS = (
					"$(inherited)",
					"@executable_path/Frameworks",
				);
				MARKETING_VERSION = 0.9.12;
				"OTHER_SWIFT_FLAGS[arch=*]" = "";
				PROVISIONING_PROFILE_SPECIFIER = "";
				SWIFT_VERSION = 5.0;
				TARGETED_DEVICE_FAMILY = "1,2";
			};
			name = Beta;
		};
		AEBAF57F219ACD1A00566205 /* Debug */ = {
			isa = XCBuildConfiguration;
			baseConfigurationReference = 948E40CF274546D500D32CFE /* ConfigSettings.xcconfig */;
			buildSettings = {
				ALWAYS_SEARCH_USER_PATHS = NO;
				CLANG_ANALYZER_LOCALIZABILITY_NONLOCALIZED = YES;
				CLANG_ANALYZER_NONNULL = YES;
				CLANG_ANALYZER_NUMBER_OBJECT_CONVERSION = YES_AGGRESSIVE;
				CLANG_CXX_LANGUAGE_STANDARD = "gnu++14";
				CLANG_CXX_LIBRARY = "libc++";
				CLANG_ENABLE_MODULES = YES;
				CLANG_ENABLE_OBJC_ARC = YES;
				CLANG_ENABLE_OBJC_WEAK = YES;
				CLANG_WARN_BLOCK_CAPTURE_AUTORELEASING = YES;
				CLANG_WARN_BOOL_CONVERSION = YES;
				CLANG_WARN_COMMA = YES;
				CLANG_WARN_CONSTANT_CONVERSION = YES;
				CLANG_WARN_DEPRECATED_OBJC_IMPLEMENTATIONS = YES;
				CLANG_WARN_DIRECT_OBJC_ISA_USAGE = YES_ERROR;
				CLANG_WARN_DOCUMENTATION_COMMENTS = YES;
				CLANG_WARN_EMPTY_BODY = YES;
				CLANG_WARN_ENUM_CONVERSION = YES;
				CLANG_WARN_INFINITE_RECURSION = YES;
				CLANG_WARN_INT_CONVERSION = YES;
				CLANG_WARN_NON_LITERAL_NULL_CONVERSION = YES;
				CLANG_WARN_OBJC_IMPLICIT_RETAIN_SELF = YES;
				CLANG_WARN_OBJC_LITERAL_CONVERSION = YES;
				CLANG_WARN_OBJC_ROOT_CLASS = YES_ERROR;
				CLANG_WARN_QUOTED_INCLUDE_IN_FRAMEWORK_HEADER = YES;
				CLANG_WARN_RANGE_LOOP_ANALYSIS = YES;
				CLANG_WARN_STRICT_PROTOTYPES = YES;
				CLANG_WARN_SUSPICIOUS_MOVE = YES;
				CLANG_WARN_UNGUARDED_AVAILABILITY = YES_AGGRESSIVE;
				CLANG_WARN_UNREACHABLE_CODE = YES;
				CLANG_WARN__DUPLICATE_METHOD_MATCH = YES;
				CODE_SIGN_IDENTITY = "iPhone Developer";
				COPY_PHASE_STRIP = NO;
				DEBUG_INFORMATION_FORMAT = dwarf;
				ENABLE_STRICT_OBJC_MSGSEND = YES;
				ENABLE_TESTABILITY = YES;
				GCC_C_LANGUAGE_STANDARD = gnu11;
				GCC_DYNAMIC_NO_PIC = NO;
				GCC_NO_COMMON_BLOCKS = YES;
				GCC_OPTIMIZATION_LEVEL = 0;
				GCC_PREPROCESSOR_DEFINITIONS = (
					"DEBUG=1",
					"$(inherited)",
				);
				GCC_WARN_64_TO_32_BIT_CONVERSION = YES;
				GCC_WARN_ABOUT_RETURN_TYPE = YES_ERROR;
				GCC_WARN_UNDECLARED_SELECTOR = YES;
				GCC_WARN_UNINITIALIZED_AUTOS = YES_AGGRESSIVE;
				GCC_WARN_UNUSED_FUNCTION = YES;
				GCC_WARN_UNUSED_VARIABLE = YES;
				IPHONEOS_DEPLOYMENT_TARGET = 12.0;
				MTL_ENABLE_DEBUG_INFO = INCLUDE_SOURCE;
				MTL_FAST_MATH = YES;
				ONLY_ACTIVE_ARCH = YES;
				SDKROOT = iphoneos;
				SWIFT_ACTIVE_COMPILATION_CONDITIONS = DEBUG;
				SWIFT_OPTIMIZATION_LEVEL = "-Onone";
			};
			name = Debug;
		};
		AEBAF580219ACD1A00566205 /* Release */ = {
			isa = XCBuildConfiguration;
			baseConfigurationReference = 948E40CF274546D500D32CFE /* ConfigSettings.xcconfig */;
			buildSettings = {
				ALWAYS_SEARCH_USER_PATHS = NO;
				CLANG_ANALYZER_LOCALIZABILITY_NONLOCALIZED = YES;
				CLANG_ANALYZER_NONNULL = YES;
				CLANG_ANALYZER_NUMBER_OBJECT_CONVERSION = YES_AGGRESSIVE;
				CLANG_CXX_LANGUAGE_STANDARD = "gnu++14";
				CLANG_CXX_LIBRARY = "libc++";
				CLANG_ENABLE_MODULES = YES;
				CLANG_ENABLE_OBJC_ARC = YES;
				CLANG_ENABLE_OBJC_WEAK = YES;
				CLANG_WARN_BLOCK_CAPTURE_AUTORELEASING = YES;
				CLANG_WARN_BOOL_CONVERSION = YES;
				CLANG_WARN_COMMA = YES;
				CLANG_WARN_CONSTANT_CONVERSION = YES;
				CLANG_WARN_DEPRECATED_OBJC_IMPLEMENTATIONS = YES;
				CLANG_WARN_DIRECT_OBJC_ISA_USAGE = YES_ERROR;
				CLANG_WARN_DOCUMENTATION_COMMENTS = YES;
				CLANG_WARN_EMPTY_BODY = YES;
				CLANG_WARN_ENUM_CONVERSION = YES;
				CLANG_WARN_INFINITE_RECURSION = YES;
				CLANG_WARN_INT_CONVERSION = YES;
				CLANG_WARN_NON_LITERAL_NULL_CONVERSION = YES;
				CLANG_WARN_OBJC_IMPLICIT_RETAIN_SELF = YES;
				CLANG_WARN_OBJC_LITERAL_CONVERSION = YES;
				CLANG_WARN_OBJC_ROOT_CLASS = YES_ERROR;
				CLANG_WARN_QUOTED_INCLUDE_IN_FRAMEWORK_HEADER = YES;
				CLANG_WARN_RANGE_LOOP_ANALYSIS = YES;
				CLANG_WARN_STRICT_PROTOTYPES = YES;
				CLANG_WARN_SUSPICIOUS_MOVE = YES;
				CLANG_WARN_UNGUARDED_AVAILABILITY = YES_AGGRESSIVE;
				CLANG_WARN_UNREACHABLE_CODE = YES;
				CLANG_WARN__DUPLICATE_METHOD_MATCH = YES;
				CODE_SIGN_IDENTITY = "iPhone Developer";
				COPY_PHASE_STRIP = NO;
				DEBUG_INFORMATION_FORMAT = "dwarf-with-dsym";
				ENABLE_NS_ASSERTIONS = NO;
				ENABLE_STRICT_OBJC_MSGSEND = YES;
				GCC_C_LANGUAGE_STANDARD = gnu11;
				GCC_NO_COMMON_BLOCKS = YES;
				GCC_WARN_64_TO_32_BIT_CONVERSION = YES;
				GCC_WARN_ABOUT_RETURN_TYPE = YES_ERROR;
				GCC_WARN_UNDECLARED_SELECTOR = YES;
				GCC_WARN_UNINITIALIZED_AUTOS = YES_AGGRESSIVE;
				GCC_WARN_UNUSED_FUNCTION = YES;
				GCC_WARN_UNUSED_VARIABLE = YES;
				IPHONEOS_DEPLOYMENT_TARGET = 12.0;
				MTL_ENABLE_DEBUG_INFO = NO;
				MTL_FAST_MATH = YES;
				SDKROOT = iphoneos;
				SWIFT_COMPILATION_MODE = wholemodule;
				SWIFT_OPTIMIZATION_LEVEL = "-O";
				VALIDATE_PRODUCT = YES;
			};
			name = Release;
		};
		AEBAF582219ACD1A00566205 /* Debug */ = {
			isa = XCBuildConfiguration;
			baseConfigurationReference = 948E40CF274546D500D32CFE /* ConfigSettings.xcconfig */;
			buildSettings = {
				ASSETCATALOG_COMPILER_APPICON_NAME = AppIcon;
				CLANG_ENABLE_MODULES = YES;
				CODE_SIGN_ENTITLEMENTS = "taz.neo/Supporting Files/taz.neo.entitlements";
				CODE_SIGN_IDENTITY = "iPhone Developer";
				CODE_SIGN_STYLE = Automatic;
				CURRENT_PROJECT_VERSION = 2023042701;
				DEVELOPMENT_TEAM = 3R3GBCY6FA;
				INFOPLIST_FILE = "$(SRCROOT)/taz.neo/Supporting Files/Info.plist";
				IPHONEOS_DEPLOYMENT_TARGET = 13.0;
				LD_RUNPATH_SEARCH_PATHS = (
					"$(inherited)",
					"@executable_path/Frameworks",
				);
				MARKETING_VERSION = 0.9.12;
				"OTHER_SWIFT_FLAGS[arch=*]" = "";
				PROVISIONING_PROFILE_SPECIFIER = "";
				SWIFT_OPTIMIZATION_LEVEL = "-Onone";
				SWIFT_VERSION = 5.0;
				TARGETED_DEVICE_FAMILY = "1,2";
			};
			name = Debug;
		};
		AEBAF583219ACD1A00566205 /* Release */ = {
			isa = XCBuildConfiguration;
			baseConfigurationReference = 948E40CF274546D500D32CFE /* ConfigSettings.xcconfig */;
			buildSettings = {
				ASSETCATALOG_COMPILER_APPICON_NAME = AppIcon;
				CLANG_ENABLE_MODULES = YES;
				CODE_SIGN_ENTITLEMENTS = "taz.neo/Supporting Files/taz.neo.entitlements";
				CODE_SIGN_IDENTITY = "iPhone Developer";
				CODE_SIGN_STYLE = Automatic;
				CURRENT_PROJECT_VERSION = 2023042701;
				DEVELOPMENT_TEAM = 3R3GBCY6FA;
				INFOPLIST_FILE = "$(SRCROOT)/taz.neo/Supporting Files/Info.plist";
				IPHONEOS_DEPLOYMENT_TARGET = 13.0;
				LD_RUNPATH_SEARCH_PATHS = (
					"$(inherited)",
					"@executable_path/Frameworks",
				);
				MARKETING_VERSION = 0.9.12;
				"OTHER_SWIFT_FLAGS[arch=*]" = "";
				PROVISIONING_PROFILE_SPECIFIER = "";
				SWIFT_VERSION = 5.0;
				TARGETED_DEVICE_FAMILY = "1,2";
			};
			name = Release;
		};
/* End XCBuildConfiguration section */

/* Begin XCConfigurationList section */
		AEBAF55F219ACD1900566205 /* Build configuration list for PBXProject "taz.neo" */ = {
			isa = XCConfigurationList;
			buildConfigurations = (
				AEBAF57F219ACD1A00566205 /* Debug */,
				94D7CD19273D6E49001E41D2 /* Beta */,
				AEBAF580219ACD1A00566205 /* Release */,
			);
			defaultConfigurationIsVisible = 0;
			defaultConfigurationName = Release;
		};
		AEBAF581219ACD1A00566205 /* Build configuration list for PBXNativeTarget "taz.neo" */ = {
			isa = XCConfigurationList;
			buildConfigurations = (
				AEBAF582219ACD1A00566205 /* Debug */,
				94D7CD1A273D6E49001E41D2 /* Beta */,
				AEBAF583219ACD1A00566205 /* Release */,
			);
			defaultConfigurationIsVisible = 0;
			defaultConfigurationName = Release;
		};
/* End XCConfigurationList section */

/* Begin XCRemoteSwiftPackageReference section */
		AECD1A8C282CFDF0007E00EE /* XCRemoteSwiftPackageReference "NorthLib" */ = {
			isa = XCRemoteSwiftPackageReference;
			repositoryURL = "https://github.com/die-tageszeitung/NorthLib.git";
			requirement = {
				branch = release;
				kind = branch;
			};
		};
/* End XCRemoteSwiftPackageReference section */

/* Begin XCSwiftPackageProductDependency section */
		AECD1A8D282CFDF0007E00EE /* NorthLib */ = {
			isa = XCSwiftPackageProductDependency;
			package = AECD1A8C282CFDF0007E00EE /* XCRemoteSwiftPackageReference "NorthLib" */;
			productName = NorthLib;
		};
/* End XCSwiftPackageProductDependency section */

/* Begin XCVersionGroup section */
		AE34778C283681490022316C /* ArticleDB.xcdatamodeld */ = {
			isa = XCVersionGroup;
			children = (
				AE34778D283681490022316C /* ArticleDB 2.xcdatamodel */,
				AE34778E283681490022316C /* ArticleDB.xcdatamodel */,
			);
			currentVersion = AE34778D283681490022316C /* ArticleDB 2.xcdatamodel */;
			path = ArticleDB.xcdatamodeld;
			sourceTree = "<group>";
			versionGroupType = wrapper.xcdatamodel;
		};
/* End XCVersionGroup section */
	};
	rootObject = AEBAF55C219ACD1900566205 /* Project object */;
}
